Microsoft Visual Studio Solution File, Format Version 12.00
# Visual Studio Version 17
VisualStudioVersion = 17.0.32014.148
MinimumVisualStudioVersion = 10.0.40219.1
Project("{9A19103F-16F7-4668-BE54-9A1E7A4F7556}") = "RegressionTest1", "test\RegressionTest1\RegressionTest1.csproj", "{AF96BF83-A43F-4465-ACBB-F380C24789A7}"
EndProject
Project("{9A19103F-16F7-4668-BE54-9A1E7A4F7556}") = "Models", "src\Models\Models.csproj", "{60A34A19-2B12-46B0-9D1E-3D1FD0F05953}"
EndProject
Project("{9A19103F-16F7-4668-BE54-9A1E7A4F7556}") = "TransModels", "src\TransModels\TransModels.csproj", "{69357177-E120-45A0-BB35-A6AE1C9A0A9A}"
EndProject
Project("{9A19103F-16F7-4668-BE54-9A1E7A4F7556}") = "Api", "src\API\Api.csproj", "{AF0C6934-3F18-4474-ABD0-2CFF5E8A0BF8}"
EndProject
Project("{9A19103F-16F7-4668-BE54-9A1E7A4F7556}") = "Clear3Service", "src\Clear3Service\Clear3Service.csproj", "{7D0C8609-55FA-4EC6-8AB6-5560B19BDF73}"
EndProject
Project("{9A19103F-16F7-4668-BE54-9A1E7A4F7556}") = "RegressionTest3", "test\RegressionTest3\RegressionTest3.csproj", "{7A809F86-42BC-491D-9233-96C7D9783F1E}"
EndProject
Project("{9A19103F-16F7-4668-BE54-9A1E7A4F7556}") = "Impl.AutoAlign", "src\Impl.AutoAlign\Impl.AutoAlign.csproj", "{EE36AF6E-0DDB-44E8-8164-F0AAB803F533}"
EndProject
Project("{9A19103F-16F7-4668-BE54-9A1E7A4F7556}") = "Impl.TreeService", "src\Impl.TreeService\Impl.TreeService.csproj", "{AF4124E7-7607-4C51-9132-23FB4CB4508A}"
EndProject
Project("{9A19103F-16F7-4668-BE54-9A1E7A4F7556}") = "Impl.ResourceService", "src\Impl.ResourceService\Impl.ResourceService.csproj", "{4CBA2DE2-648E-4F63-9D6C-5EBEDD705D90}"
EndProject
Project("{9A19103F-16F7-4668-BE54-9A1E7A4F7556}") = "SubTasks", "src\SubTasks\SubTasks.csproj", "{F1C60762-E7F4-4E9B-BBCB-4C604376E79D}"
EndProject
Project("{9A19103F-16F7-4668-BE54-9A1E7A4F7556}") = "Impl.ImportExportService", "src\Impl.ImportExportService\Impl.ImportExportService.csproj", "{563A6D76-4C46-4485-ABF4-C8B381FDA705}"
EndProject
Project("{9A19103F-16F7-4668-BE54-9A1E7A4F7556}") = "Impl.Segmenter", "src\Impl.Segmenter\Impl.Segmenter.csproj", "{E62A3953-76E1-485F-8125-23D129B90954}"
EndProject
Project("{9A19103F-16F7-4668-BE54-9A1E7A4F7556}") = "Impl.SMTService", "src\Impl.SMTService\Impl.SMTService.csproj", "{006C064B-8540-4F05-8C23-6FC1CAC7B127}"
EndProject
Project("{9A19103F-16F7-4668-BE54-9A1E7A4F7556}") = "Impl.Miscellaneous", "src\Impl.Miscellaneous\Impl.Miscellaneous.csproj", "{D22230BF-6568-44FD-8C99-D32943971E06}"
EndProject
Project("{9A19103F-16F7-4668-BE54-9A1E7A4F7556}") = "Impl.Utility", "src\Impl.Utility\Impl.Utility.csproj", "{F5D752E3-7516-4EE0-81B9-8119CEA20691}"
EndProject
Project("{9A19103F-16F7-4668-BE54-9A1E7A4F7556}") = "Impl.Persistence", "src\Impl.Persistence\Impl.Persistence.csproj", "{6B26989E-7144-493D-BC36-2C693FAB2813}"
EndProject
Project("{9A19103F-16F7-4668-BE54-9A1E7A4F7556}") = "UnitTest.Impl.AutoAlign", "test\UnitTest.Impl.AutoAlign\UnitTest.Impl.AutoAlign.csproj", "{FCA10C1B-E747-4843-9665-82E3D84807A4}"
EndProject
Project("{2150E333-8FDC-42A3-9474-1A3956D46DE8}") = "Solution Items", "Solution Items", "{5D9A140A-627B-4C02-A52A-AE37DA08CA1D}"
	ProjectSection(SolutionItems) = preProject
		.editorconfig = .editorconfig
	EndProjectSection
EndProject
Project("{9A19103F-16F7-4668-BE54-9A1E7A4F7556}") = "Clear3", "Clear3\Clear3.csproj", "{0836AC3E-E506-4270-AB28-2E70096352BE}"
EndProject
Project("{9A19103F-16F7-4668-BE54-9A1E7A4F7556}") = "ClearBible.Engine", "src\ClearBible.Engine\ClearBible.Engine.csproj", "{3193BE44-D3A0-4295-B5CD-8FC0E6C3AB89}"
EndProject
Project("{2150E333-8FDC-42A3-9474-1A3956D46DE8}") = "src", "src", "{7482DD51-0079-4E07-A895-87ACFD1307CA}"
EndProject
Project("{2150E333-8FDC-42A3-9474-1A3956D46DE8}") = "tests", "tests", "{141EA517-A534-48B4-80BB-50341B965F92}"
EndProject
Project("{2150E333-8FDC-42A3-9474-1A3956D46DE8}") = "samples", "samples", "{9FAE7928-DF65-4445-AC0D-A8453260250F}"
EndProject
Project("{2150E333-8FDC-42A3-9474-1A3956D46DE8}") = "zOld", "zOld", "{96E0D343-BD45-4C1B-95DB-1292DD2DFF9E}"
EndProject
Project("{2150E333-8FDC-42A3-9474-1A3956D46DE8}") = "machine", "machine", "{B5946578-8BB0-45C5-9D64-028ED687B3D4}"
EndProject
Project("{2150E333-8FDC-42A3-9474-1A3956D46DE8}") = "samples", "samples", "{1B672C9E-C885-4416-9556-2A5A24DE5BDE}"
EndProject
Project("{2150E333-8FDC-42A3-9474-1A3956D46DE8}") = "src", "src", "{DF937D83-E9DA-4D51-8A82-68B1270517DB}"
EndProject
Project("{2150E333-8FDC-42A3-9474-1A3956D46DE8}") = "tests", "tests", "{75A5A99C-FD8B-4F92-AA1C-AAD27F06D197}"
EndProject
Project("{9A19103F-16F7-4668-BE54-9A1E7A4F7556}") = "SIL.Machine.Translation.TestApp", "..\machine\samples\SIL.Machine.Translation.TestApp\SIL.Machine.Translation.TestApp.csproj", "{B77A9AF9-3C1F-4250-8B18-6136309C16DF}"
EndProject
Project("{9A19103F-16F7-4668-BE54-9A1E7A4F7556}") = "SIL.Machine.Translation.TestApp.Gtk", "..\machine\samples\SIL.Machine.Translation.TestApp.Gtk\SIL.Machine.Translation.TestApp.Gtk.csproj", "{DA797D3F-D489-41A4-B221-0FD4EF5B72A0}"
EndProject
Project("{9A19103F-16F7-4668-BE54-9A1E7A4F7556}") = "SIL.Machine.Translation.TestApp.Mac", "..\machine\samples\SIL.Machine.Translation.TestApp.Mac\SIL.Machine.Translation.TestApp.Mac.csproj", "{BCF60E61-E53F-4543-9E7E-93888936191F}"
EndProject
Project("{9A19103F-16F7-4668-BE54-9A1E7A4F7556}") = "SIL.Machine.Translation.TestApp.Wpf", "..\machine\samples\SIL.Machine.Translation.TestApp.Wpf\SIL.Machine.Translation.TestApp.Wpf.csproj", "{7540A582-B5B9-4805-A7A6-09F853FBB0D4}"
EndProject
Project("{9A19103F-16F7-4668-BE54-9A1E7A4F7556}") = "SIL.Machine", "..\machine\src\SIL.Machine\SIL.Machine.csproj", "{EFFCB26F-2A6B-40A2-8389-425FC27D489E}"
EndProject
Project("{9A19103F-16F7-4668-BE54-9A1E7A4F7556}") = "SIL.Machine.Morphology.HermitCrab", "..\machine\src\SIL.Machine.Morphology.HermitCrab\SIL.Machine.Morphology.HermitCrab.csproj", "{F083455D-F921-48A8-BA2C-F010D4E5F2AE}"
EndProject
Project("{9A19103F-16F7-4668-BE54-9A1E7A4F7556}") = "SIL.Machine.Morphology.HermitCrab.Tool", "..\machine\src\SIL.Machine.Morphology.HermitCrab.Tool\SIL.Machine.Morphology.HermitCrab.Tool.csproj", "{A44B6882-B7A3-43D0-961A-DBD608A799FA}"
EndProject
Project("{9A19103F-16F7-4668-BE54-9A1E7A4F7556}") = "SIL.Machine.Plugin", "..\machine\src\SIL.Machine.Plugin\SIL.Machine.Plugin.csproj", "{87B29A6A-5D70-4BE6-BD3C-DC0C7E868F48}"
EndProject
Project("{9A19103F-16F7-4668-BE54-9A1E7A4F7556}") = "SIL.Machine.Tool", "..\machine\src\SIL.Machine.Tool\SIL.Machine.Tool.csproj", "{8A476A7E-E5A8-4A23-ADCC-A76F8980DCB2}"
EndProject
Project("{9A19103F-16F7-4668-BE54-9A1E7A4F7556}") = "SIL.Machine.Translation.TensorFlow", "..\machine\src\SIL.Machine.Translation.TensorFlow\SIL.Machine.Translation.TensorFlow.csproj", "{74014C56-3B09-425A-BA12-5D6B833D86F4}"
EndProject
Project("{9A19103F-16F7-4668-BE54-9A1E7A4F7556}") = "SIL.Machine.Translation.Thot", "..\machine\src\SIL.Machine.Translation.Thot\SIL.Machine.Translation.Thot.csproj", "{0E83BDF3-A34B-4AE7-AFC2-1DB5A86E5532}"
EndProject
Project("{9A19103F-16F7-4668-BE54-9A1E7A4F7556}") = "SIL.Machine.WebApi", "..\machine\src\SIL.Machine.WebApi\SIL.Machine.WebApi.csproj", "{729B8811-7130-40D5-B65A-F52ED2130F30}"
EndProject
Project("{9A19103F-16F7-4668-BE54-9A1E7A4F7556}") = "SIL.Machine.Morphology.HermitCrab.Tests", "..\machine\tests\SIL.Machine.Morphology.HermitCrab.Tests\SIL.Machine.Morphology.HermitCrab.Tests.csproj", "{77557622-8557-4C70-BB70-D12B69D8F005}"
EndProject
Project("{9A19103F-16F7-4668-BE54-9A1E7A4F7556}") = "SIL.Machine.Tests", "..\machine\tests\SIL.Machine.Tests\SIL.Machine.Tests.csproj", "{2FE61A0A-B9B2-4382-82C8-EAE52935FBBE}"
EndProject
Project("{9A19103F-16F7-4668-BE54-9A1E7A4F7556}") = "SIL.Machine.Translation.Thot.Tests", "..\machine\tests\SIL.Machine.Translation.Thot.Tests\SIL.Machine.Translation.Thot.Tests.csproj", "{F59A353C-CB38-46E1-A7B7-2FD4B996FC3A}"
EndProject
Project("{9A19103F-16F7-4668-BE54-9A1E7A4F7556}") = "SIL.Machine.WebApi.Tests", "..\machine\tests\SIL.Machine.WebApi.Tests\SIL.Machine.WebApi.Tests.csproj", "{7300AA6F-AC0F-4EF6-AA44-54757BFC425D}"
EndProject
Project("{9A19103F-16F7-4668-BE54-9A1E7A4F7556}") = "ClearBible.Engine.Test", "samples\ClearBible.Engine.Test\ClearBible.Engine.Test.csproj", "{56CF1753-227E-4A74-BBF7-3FA3FCC2B570}"
EndProject
Project("{9A19103F-16F7-4668-BE54-9A1E7A4F7556}") = "ClearBible.Engine.TreeAligner", "src\ClearBible.Engine.TreeAligner\ClearBible.Engine.TreeAligner.csproj", "{84C8675D-02DF-4B3D-AD36-CDC244E04C08}"
EndProject
Project("{9A19103F-16F7-4668-BE54-9A1E7A4F7556}") = "ClearBible.Engine.Dashboard", "src\ClearBible.Engine.Dashboard\ClearBible.Engine.Dashboard.csproj", "{EAAC3E30-7122-4BD0-B44A-298250995F8B}"
EndProject
Project("{9A19103F-16F7-4668-BE54-9A1E7A4F7556}") = "Clear.Engine.Dashboard.Tests", "test\Clear.Engine.Dashboard.Tests\Clear.Engine.Dashboard.Tests.csproj", "{4BEC57DE-2A73-49FB-8E8B-414ACCBC554E}"
EndProject
Global
	GlobalSection(SolutionConfigurationPlatforms) = preSolution
		Debug|Any CPU = Debug|Any CPU
		Debug|x64 = Debug|x64
		Debug|x86 = Debug|x86
		Release|Any CPU = Release|Any CPU
		Release|x64 = Release|x64
		Release|x86 = Release|x86
	EndGlobalSection
	GlobalSection(ProjectConfigurationPlatforms) = postSolution
		{AF96BF83-A43F-4465-ACBB-F380C24789A7}.Debug|Any CPU.ActiveCfg = Debug|Any CPU
		{AF96BF83-A43F-4465-ACBB-F380C24789A7}.Debug|Any CPU.Build.0 = Debug|Any CPU
		{AF96BF83-A43F-4465-ACBB-F380C24789A7}.Debug|x64.ActiveCfg = Debug|Any CPU
		{AF96BF83-A43F-4465-ACBB-F380C24789A7}.Debug|x64.Build.0 = Debug|Any CPU
		{AF96BF83-A43F-4465-ACBB-F380C24789A7}.Debug|x86.ActiveCfg = Debug|Any CPU
		{AF96BF83-A43F-4465-ACBB-F380C24789A7}.Debug|x86.Build.0 = Debug|Any CPU
		{AF96BF83-A43F-4465-ACBB-F380C24789A7}.Release|Any CPU.ActiveCfg = Release|Any CPU
		{AF96BF83-A43F-4465-ACBB-F380C24789A7}.Release|Any CPU.Build.0 = Release|Any CPU
		{AF96BF83-A43F-4465-ACBB-F380C24789A7}.Release|x64.ActiveCfg = Release|Any CPU
		{AF96BF83-A43F-4465-ACBB-F380C24789A7}.Release|x64.Build.0 = Release|Any CPU
		{AF96BF83-A43F-4465-ACBB-F380C24789A7}.Release|x86.ActiveCfg = Release|Any CPU
		{AF96BF83-A43F-4465-ACBB-F380C24789A7}.Release|x86.Build.0 = Release|Any CPU
		{60A34A19-2B12-46B0-9D1E-3D1FD0F05953}.Debug|Any CPU.ActiveCfg = Debug|Any CPU
		{60A34A19-2B12-46B0-9D1E-3D1FD0F05953}.Debug|Any CPU.Build.0 = Debug|Any CPU
		{60A34A19-2B12-46B0-9D1E-3D1FD0F05953}.Debug|x64.ActiveCfg = Debug|Any CPU
		{60A34A19-2B12-46B0-9D1E-3D1FD0F05953}.Debug|x64.Build.0 = Debug|Any CPU
		{60A34A19-2B12-46B0-9D1E-3D1FD0F05953}.Debug|x86.ActiveCfg = Debug|Any CPU
		{60A34A19-2B12-46B0-9D1E-3D1FD0F05953}.Debug|x86.Build.0 = Debug|Any CPU
		{60A34A19-2B12-46B0-9D1E-3D1FD0F05953}.Release|Any CPU.ActiveCfg = Release|Any CPU
		{60A34A19-2B12-46B0-9D1E-3D1FD0F05953}.Release|Any CPU.Build.0 = Release|Any CPU
		{60A34A19-2B12-46B0-9D1E-3D1FD0F05953}.Release|x64.ActiveCfg = Release|Any CPU
		{60A34A19-2B12-46B0-9D1E-3D1FD0F05953}.Release|x64.Build.0 = Release|Any CPU
		{60A34A19-2B12-46B0-9D1E-3D1FD0F05953}.Release|x86.ActiveCfg = Release|Any CPU
		{60A34A19-2B12-46B0-9D1E-3D1FD0F05953}.Release|x86.Build.0 = Release|Any CPU
		{69357177-E120-45A0-BB35-A6AE1C9A0A9A}.Debug|Any CPU.ActiveCfg = Debug|Any CPU
		{69357177-E120-45A0-BB35-A6AE1C9A0A9A}.Debug|Any CPU.Build.0 = Debug|Any CPU
		{69357177-E120-45A0-BB35-A6AE1C9A0A9A}.Debug|x64.ActiveCfg = Debug|Any CPU
		{69357177-E120-45A0-BB35-A6AE1C9A0A9A}.Debug|x64.Build.0 = Debug|Any CPU
		{69357177-E120-45A0-BB35-A6AE1C9A0A9A}.Debug|x86.ActiveCfg = Debug|Any CPU
		{69357177-E120-45A0-BB35-A6AE1C9A0A9A}.Debug|x86.Build.0 = Debug|Any CPU
		{69357177-E120-45A0-BB35-A6AE1C9A0A9A}.Release|Any CPU.ActiveCfg = Release|Any CPU
		{69357177-E120-45A0-BB35-A6AE1C9A0A9A}.Release|Any CPU.Build.0 = Release|Any CPU
		{69357177-E120-45A0-BB35-A6AE1C9A0A9A}.Release|x64.ActiveCfg = Release|Any CPU
		{69357177-E120-45A0-BB35-A6AE1C9A0A9A}.Release|x64.Build.0 = Release|Any CPU
		{69357177-E120-45A0-BB35-A6AE1C9A0A9A}.Release|x86.ActiveCfg = Release|Any CPU
		{69357177-E120-45A0-BB35-A6AE1C9A0A9A}.Release|x86.Build.0 = Release|Any CPU
		{AF0C6934-3F18-4474-ABD0-2CFF5E8A0BF8}.Debug|Any CPU.ActiveCfg = Debug|Any CPU
		{AF0C6934-3F18-4474-ABD0-2CFF5E8A0BF8}.Debug|Any CPU.Build.0 = Debug|Any CPU
		{AF0C6934-3F18-4474-ABD0-2CFF5E8A0BF8}.Debug|x64.ActiveCfg = Debug|Any CPU
		{AF0C6934-3F18-4474-ABD0-2CFF5E8A0BF8}.Debug|x64.Build.0 = Debug|Any CPU
		{AF0C6934-3F18-4474-ABD0-2CFF5E8A0BF8}.Debug|x86.ActiveCfg = Debug|Any CPU
		{AF0C6934-3F18-4474-ABD0-2CFF5E8A0BF8}.Debug|x86.Build.0 = Debug|Any CPU
		{AF0C6934-3F18-4474-ABD0-2CFF5E8A0BF8}.Release|Any CPU.ActiveCfg = Release|Any CPU
		{AF0C6934-3F18-4474-ABD0-2CFF5E8A0BF8}.Release|Any CPU.Build.0 = Release|Any CPU
		{AF0C6934-3F18-4474-ABD0-2CFF5E8A0BF8}.Release|x64.ActiveCfg = Release|Any CPU
		{AF0C6934-3F18-4474-ABD0-2CFF5E8A0BF8}.Release|x64.Build.0 = Release|Any CPU
		{AF0C6934-3F18-4474-ABD0-2CFF5E8A0BF8}.Release|x86.ActiveCfg = Release|Any CPU
		{AF0C6934-3F18-4474-ABD0-2CFF5E8A0BF8}.Release|x86.Build.0 = Release|Any CPU
		{7D0C8609-55FA-4EC6-8AB6-5560B19BDF73}.Debug|Any CPU.ActiveCfg = Debug|Any CPU
		{7D0C8609-55FA-4EC6-8AB6-5560B19BDF73}.Debug|Any CPU.Build.0 = Debug|Any CPU
		{7D0C8609-55FA-4EC6-8AB6-5560B19BDF73}.Debug|x64.ActiveCfg = Debug|Any CPU
		{7D0C8609-55FA-4EC6-8AB6-5560B19BDF73}.Debug|x64.Build.0 = Debug|Any CPU
		{7D0C8609-55FA-4EC6-8AB6-5560B19BDF73}.Debug|x86.ActiveCfg = Debug|Any CPU
		{7D0C8609-55FA-4EC6-8AB6-5560B19BDF73}.Debug|x86.Build.0 = Debug|Any CPU
		{7D0C8609-55FA-4EC6-8AB6-5560B19BDF73}.Release|Any CPU.ActiveCfg = Release|Any CPU
		{7D0C8609-55FA-4EC6-8AB6-5560B19BDF73}.Release|Any CPU.Build.0 = Release|Any CPU
		{7D0C8609-55FA-4EC6-8AB6-5560B19BDF73}.Release|x64.ActiveCfg = Release|Any CPU
		{7D0C8609-55FA-4EC6-8AB6-5560B19BDF73}.Release|x64.Build.0 = Release|Any CPU
		{7D0C8609-55FA-4EC6-8AB6-5560B19BDF73}.Release|x86.ActiveCfg = Release|Any CPU
		{7D0C8609-55FA-4EC6-8AB6-5560B19BDF73}.Release|x86.Build.0 = Release|Any CPU
		{7A809F86-42BC-491D-9233-96C7D9783F1E}.Debug|Any CPU.ActiveCfg = Debug|Any CPU
		{7A809F86-42BC-491D-9233-96C7D9783F1E}.Debug|Any CPU.Build.0 = Debug|Any CPU
		{7A809F86-42BC-491D-9233-96C7D9783F1E}.Debug|x64.ActiveCfg = Debug|Any CPU
		{7A809F86-42BC-491D-9233-96C7D9783F1E}.Debug|x64.Build.0 = Debug|Any CPU
		{7A809F86-42BC-491D-9233-96C7D9783F1E}.Debug|x86.ActiveCfg = Debug|Any CPU
		{7A809F86-42BC-491D-9233-96C7D9783F1E}.Debug|x86.Build.0 = Debug|Any CPU
		{7A809F86-42BC-491D-9233-96C7D9783F1E}.Release|Any CPU.ActiveCfg = Release|Any CPU
		{7A809F86-42BC-491D-9233-96C7D9783F1E}.Release|Any CPU.Build.0 = Release|Any CPU
		{7A809F86-42BC-491D-9233-96C7D9783F1E}.Release|x64.ActiveCfg = Release|Any CPU
		{7A809F86-42BC-491D-9233-96C7D9783F1E}.Release|x64.Build.0 = Release|Any CPU
		{7A809F86-42BC-491D-9233-96C7D9783F1E}.Release|x86.ActiveCfg = Release|Any CPU
		{7A809F86-42BC-491D-9233-96C7D9783F1E}.Release|x86.Build.0 = Release|Any CPU
		{EE36AF6E-0DDB-44E8-8164-F0AAB803F533}.Debug|Any CPU.ActiveCfg = Debug|Any CPU
		{EE36AF6E-0DDB-44E8-8164-F0AAB803F533}.Debug|Any CPU.Build.0 = Debug|Any CPU
		{EE36AF6E-0DDB-44E8-8164-F0AAB803F533}.Debug|x64.ActiveCfg = Debug|Any CPU
		{EE36AF6E-0DDB-44E8-8164-F0AAB803F533}.Debug|x64.Build.0 = Debug|Any CPU
		{EE36AF6E-0DDB-44E8-8164-F0AAB803F533}.Debug|x86.ActiveCfg = Debug|Any CPU
		{EE36AF6E-0DDB-44E8-8164-F0AAB803F533}.Debug|x86.Build.0 = Debug|Any CPU
		{EE36AF6E-0DDB-44E8-8164-F0AAB803F533}.Release|Any CPU.ActiveCfg = Release|Any CPU
		{EE36AF6E-0DDB-44E8-8164-F0AAB803F533}.Release|Any CPU.Build.0 = Release|Any CPU
		{EE36AF6E-0DDB-44E8-8164-F0AAB803F533}.Release|x64.ActiveCfg = Release|Any CPU
		{EE36AF6E-0DDB-44E8-8164-F0AAB803F533}.Release|x64.Build.0 = Release|Any CPU
		{EE36AF6E-0DDB-44E8-8164-F0AAB803F533}.Release|x86.ActiveCfg = Release|Any CPU
		{EE36AF6E-0DDB-44E8-8164-F0AAB803F533}.Release|x86.Build.0 = Release|Any CPU
		{AF4124E7-7607-4C51-9132-23FB4CB4508A}.Debug|Any CPU.ActiveCfg = Debug|Any CPU
		{AF4124E7-7607-4C51-9132-23FB4CB4508A}.Debug|Any CPU.Build.0 = Debug|Any CPU
		{AF4124E7-7607-4C51-9132-23FB4CB4508A}.Debug|x64.ActiveCfg = Debug|Any CPU
		{AF4124E7-7607-4C51-9132-23FB4CB4508A}.Debug|x64.Build.0 = Debug|Any CPU
		{AF4124E7-7607-4C51-9132-23FB4CB4508A}.Debug|x86.ActiveCfg = Debug|Any CPU
		{AF4124E7-7607-4C51-9132-23FB4CB4508A}.Debug|x86.Build.0 = Debug|Any CPU
		{AF4124E7-7607-4C51-9132-23FB4CB4508A}.Release|Any CPU.ActiveCfg = Release|Any CPU
		{AF4124E7-7607-4C51-9132-23FB4CB4508A}.Release|Any CPU.Build.0 = Release|Any CPU
		{AF4124E7-7607-4C51-9132-23FB4CB4508A}.Release|x64.ActiveCfg = Release|Any CPU
		{AF4124E7-7607-4C51-9132-23FB4CB4508A}.Release|x64.Build.0 = Release|Any CPU
		{AF4124E7-7607-4C51-9132-23FB4CB4508A}.Release|x86.ActiveCfg = Release|Any CPU
		{AF4124E7-7607-4C51-9132-23FB4CB4508A}.Release|x86.Build.0 = Release|Any CPU
		{4CBA2DE2-648E-4F63-9D6C-5EBEDD705D90}.Debug|Any CPU.ActiveCfg = Debug|Any CPU
		{4CBA2DE2-648E-4F63-9D6C-5EBEDD705D90}.Debug|Any CPU.Build.0 = Debug|Any CPU
		{4CBA2DE2-648E-4F63-9D6C-5EBEDD705D90}.Debug|x64.ActiveCfg = Debug|Any CPU
		{4CBA2DE2-648E-4F63-9D6C-5EBEDD705D90}.Debug|x64.Build.0 = Debug|Any CPU
		{4CBA2DE2-648E-4F63-9D6C-5EBEDD705D90}.Debug|x86.ActiveCfg = Debug|Any CPU
		{4CBA2DE2-648E-4F63-9D6C-5EBEDD705D90}.Debug|x86.Build.0 = Debug|Any CPU
		{4CBA2DE2-648E-4F63-9D6C-5EBEDD705D90}.Release|Any CPU.ActiveCfg = Release|Any CPU
		{4CBA2DE2-648E-4F63-9D6C-5EBEDD705D90}.Release|Any CPU.Build.0 = Release|Any CPU
		{4CBA2DE2-648E-4F63-9D6C-5EBEDD705D90}.Release|x64.ActiveCfg = Release|Any CPU
		{4CBA2DE2-648E-4F63-9D6C-5EBEDD705D90}.Release|x64.Build.0 = Release|Any CPU
		{4CBA2DE2-648E-4F63-9D6C-5EBEDD705D90}.Release|x86.ActiveCfg = Release|Any CPU
		{4CBA2DE2-648E-4F63-9D6C-5EBEDD705D90}.Release|x86.Build.0 = Release|Any CPU
		{F1C60762-E7F4-4E9B-BBCB-4C604376E79D}.Debug|Any CPU.ActiveCfg = Debug|Any CPU
		{F1C60762-E7F4-4E9B-BBCB-4C604376E79D}.Debug|Any CPU.Build.0 = Debug|Any CPU
		{F1C60762-E7F4-4E9B-BBCB-4C604376E79D}.Debug|x64.ActiveCfg = Debug|Any CPU
		{F1C60762-E7F4-4E9B-BBCB-4C604376E79D}.Debug|x64.Build.0 = Debug|Any CPU
		{F1C60762-E7F4-4E9B-BBCB-4C604376E79D}.Debug|x86.ActiveCfg = Debug|Any CPU
		{F1C60762-E7F4-4E9B-BBCB-4C604376E79D}.Debug|x86.Build.0 = Debug|Any CPU
		{F1C60762-E7F4-4E9B-BBCB-4C604376E79D}.Release|Any CPU.ActiveCfg = Release|Any CPU
		{F1C60762-E7F4-4E9B-BBCB-4C604376E79D}.Release|Any CPU.Build.0 = Release|Any CPU
		{F1C60762-E7F4-4E9B-BBCB-4C604376E79D}.Release|x64.ActiveCfg = Release|Any CPU
		{F1C60762-E7F4-4E9B-BBCB-4C604376E79D}.Release|x64.Build.0 = Release|Any CPU
		{F1C60762-E7F4-4E9B-BBCB-4C604376E79D}.Release|x86.ActiveCfg = Release|Any CPU
		{F1C60762-E7F4-4E9B-BBCB-4C604376E79D}.Release|x86.Build.0 = Release|Any CPU
		{563A6D76-4C46-4485-ABF4-C8B381FDA705}.Debug|Any CPU.ActiveCfg = Debug|Any CPU
		{563A6D76-4C46-4485-ABF4-C8B381FDA705}.Debug|Any CPU.Build.0 = Debug|Any CPU
		{563A6D76-4C46-4485-ABF4-C8B381FDA705}.Debug|x64.ActiveCfg = Debug|Any CPU
		{563A6D76-4C46-4485-ABF4-C8B381FDA705}.Debug|x64.Build.0 = Debug|Any CPU
		{563A6D76-4C46-4485-ABF4-C8B381FDA705}.Debug|x86.ActiveCfg = Debug|Any CPU
		{563A6D76-4C46-4485-ABF4-C8B381FDA705}.Debug|x86.Build.0 = Debug|Any CPU
		{563A6D76-4C46-4485-ABF4-C8B381FDA705}.Release|Any CPU.ActiveCfg = Release|Any CPU
		{563A6D76-4C46-4485-ABF4-C8B381FDA705}.Release|Any CPU.Build.0 = Release|Any CPU
		{563A6D76-4C46-4485-ABF4-C8B381FDA705}.Release|x64.ActiveCfg = Release|Any CPU
		{563A6D76-4C46-4485-ABF4-C8B381FDA705}.Release|x64.Build.0 = Release|Any CPU
		{563A6D76-4C46-4485-ABF4-C8B381FDA705}.Release|x86.ActiveCfg = Release|Any CPU
		{563A6D76-4C46-4485-ABF4-C8B381FDA705}.Release|x86.Build.0 = Release|Any CPU
		{E62A3953-76E1-485F-8125-23D129B90954}.Debug|Any CPU.ActiveCfg = Debug|Any CPU
		{E62A3953-76E1-485F-8125-23D129B90954}.Debug|Any CPU.Build.0 = Debug|Any CPU
		{E62A3953-76E1-485F-8125-23D129B90954}.Debug|x64.ActiveCfg = Debug|Any CPU
		{E62A3953-76E1-485F-8125-23D129B90954}.Debug|x64.Build.0 = Debug|Any CPU
		{E62A3953-76E1-485F-8125-23D129B90954}.Debug|x86.ActiveCfg = Debug|Any CPU
		{E62A3953-76E1-485F-8125-23D129B90954}.Debug|x86.Build.0 = Debug|Any CPU
		{E62A3953-76E1-485F-8125-23D129B90954}.Release|Any CPU.ActiveCfg = Release|Any CPU
		{E62A3953-76E1-485F-8125-23D129B90954}.Release|Any CPU.Build.0 = Release|Any CPU
		{E62A3953-76E1-485F-8125-23D129B90954}.Release|x64.ActiveCfg = Release|Any CPU
		{E62A3953-76E1-485F-8125-23D129B90954}.Release|x64.Build.0 = Release|Any CPU
		{E62A3953-76E1-485F-8125-23D129B90954}.Release|x86.ActiveCfg = Release|Any CPU
		{E62A3953-76E1-485F-8125-23D129B90954}.Release|x86.Build.0 = Release|Any CPU
		{006C064B-8540-4F05-8C23-6FC1CAC7B127}.Debug|Any CPU.ActiveCfg = Debug|Any CPU
		{006C064B-8540-4F05-8C23-6FC1CAC7B127}.Debug|Any CPU.Build.0 = Debug|Any CPU
		{006C064B-8540-4F05-8C23-6FC1CAC7B127}.Debug|x64.ActiveCfg = Debug|Any CPU
		{006C064B-8540-4F05-8C23-6FC1CAC7B127}.Debug|x64.Build.0 = Debug|Any CPU
		{006C064B-8540-4F05-8C23-6FC1CAC7B127}.Debug|x86.ActiveCfg = Debug|Any CPU
		{006C064B-8540-4F05-8C23-6FC1CAC7B127}.Debug|x86.Build.0 = Debug|Any CPU
		{006C064B-8540-4F05-8C23-6FC1CAC7B127}.Release|Any CPU.ActiveCfg = Release|Any CPU
		{006C064B-8540-4F05-8C23-6FC1CAC7B127}.Release|Any CPU.Build.0 = Release|Any CPU
		{006C064B-8540-4F05-8C23-6FC1CAC7B127}.Release|x64.ActiveCfg = Release|Any CPU
		{006C064B-8540-4F05-8C23-6FC1CAC7B127}.Release|x64.Build.0 = Release|Any CPU
		{006C064B-8540-4F05-8C23-6FC1CAC7B127}.Release|x86.ActiveCfg = Release|Any CPU
		{006C064B-8540-4F05-8C23-6FC1CAC7B127}.Release|x86.Build.0 = Release|Any CPU
		{D22230BF-6568-44FD-8C99-D32943971E06}.Debug|Any CPU.ActiveCfg = Debug|Any CPU
		{D22230BF-6568-44FD-8C99-D32943971E06}.Debug|Any CPU.Build.0 = Debug|Any CPU
		{D22230BF-6568-44FD-8C99-D32943971E06}.Debug|x64.ActiveCfg = Debug|Any CPU
		{D22230BF-6568-44FD-8C99-D32943971E06}.Debug|x64.Build.0 = Debug|Any CPU
		{D22230BF-6568-44FD-8C99-D32943971E06}.Debug|x86.ActiveCfg = Debug|Any CPU
		{D22230BF-6568-44FD-8C99-D32943971E06}.Debug|x86.Build.0 = Debug|Any CPU
		{D22230BF-6568-44FD-8C99-D32943971E06}.Release|Any CPU.ActiveCfg = Release|Any CPU
		{D22230BF-6568-44FD-8C99-D32943971E06}.Release|Any CPU.Build.0 = Release|Any CPU
		{D22230BF-6568-44FD-8C99-D32943971E06}.Release|x64.ActiveCfg = Release|Any CPU
		{D22230BF-6568-44FD-8C99-D32943971E06}.Release|x64.Build.0 = Release|Any CPU
		{D22230BF-6568-44FD-8C99-D32943971E06}.Release|x86.ActiveCfg = Release|Any CPU
		{D22230BF-6568-44FD-8C99-D32943971E06}.Release|x86.Build.0 = Release|Any CPU
		{F5D752E3-7516-4EE0-81B9-8119CEA20691}.Debug|Any CPU.ActiveCfg = Debug|Any CPU
		{F5D752E3-7516-4EE0-81B9-8119CEA20691}.Debug|Any CPU.Build.0 = Debug|Any CPU
		{F5D752E3-7516-4EE0-81B9-8119CEA20691}.Debug|x64.ActiveCfg = Debug|Any CPU
		{F5D752E3-7516-4EE0-81B9-8119CEA20691}.Debug|x64.Build.0 = Debug|Any CPU
		{F5D752E3-7516-4EE0-81B9-8119CEA20691}.Debug|x86.ActiveCfg = Debug|Any CPU
		{F5D752E3-7516-4EE0-81B9-8119CEA20691}.Debug|x86.Build.0 = Debug|Any CPU
		{F5D752E3-7516-4EE0-81B9-8119CEA20691}.Release|Any CPU.ActiveCfg = Release|Any CPU
		{F5D752E3-7516-4EE0-81B9-8119CEA20691}.Release|Any CPU.Build.0 = Release|Any CPU
		{F5D752E3-7516-4EE0-81B9-8119CEA20691}.Release|x64.ActiveCfg = Release|Any CPU
		{F5D752E3-7516-4EE0-81B9-8119CEA20691}.Release|x64.Build.0 = Release|Any CPU
		{F5D752E3-7516-4EE0-81B9-8119CEA20691}.Release|x86.ActiveCfg = Release|Any CPU
		{F5D752E3-7516-4EE0-81B9-8119CEA20691}.Release|x86.Build.0 = Release|Any CPU
		{6B26989E-7144-493D-BC36-2C693FAB2813}.Debug|Any CPU.ActiveCfg = Debug|Any CPU
		{6B26989E-7144-493D-BC36-2C693FAB2813}.Debug|Any CPU.Build.0 = Debug|Any CPU
		{6B26989E-7144-493D-BC36-2C693FAB2813}.Debug|x64.ActiveCfg = Debug|Any CPU
		{6B26989E-7144-493D-BC36-2C693FAB2813}.Debug|x64.Build.0 = Debug|Any CPU
		{6B26989E-7144-493D-BC36-2C693FAB2813}.Debug|x86.ActiveCfg = Debug|Any CPU
		{6B26989E-7144-493D-BC36-2C693FAB2813}.Debug|x86.Build.0 = Debug|Any CPU
		{6B26989E-7144-493D-BC36-2C693FAB2813}.Release|Any CPU.ActiveCfg = Release|Any CPU
		{6B26989E-7144-493D-BC36-2C693FAB2813}.Release|Any CPU.Build.0 = Release|Any CPU
		{6B26989E-7144-493D-BC36-2C693FAB2813}.Release|x64.ActiveCfg = Release|Any CPU
		{6B26989E-7144-493D-BC36-2C693FAB2813}.Release|x64.Build.0 = Release|Any CPU
		{6B26989E-7144-493D-BC36-2C693FAB2813}.Release|x86.ActiveCfg = Release|Any CPU
		{6B26989E-7144-493D-BC36-2C693FAB2813}.Release|x86.Build.0 = Release|Any CPU
		{FCA10C1B-E747-4843-9665-82E3D84807A4}.Debug|Any CPU.ActiveCfg = Debug|Any CPU
		{FCA10C1B-E747-4843-9665-82E3D84807A4}.Debug|Any CPU.Build.0 = Debug|Any CPU
		{FCA10C1B-E747-4843-9665-82E3D84807A4}.Debug|x64.ActiveCfg = Debug|Any CPU
		{FCA10C1B-E747-4843-9665-82E3D84807A4}.Debug|x64.Build.0 = Debug|Any CPU
		{FCA10C1B-E747-4843-9665-82E3D84807A4}.Debug|x86.ActiveCfg = Debug|Any CPU
		{FCA10C1B-E747-4843-9665-82E3D84807A4}.Debug|x86.Build.0 = Debug|Any CPU
		{FCA10C1B-E747-4843-9665-82E3D84807A4}.Release|Any CPU.ActiveCfg = Release|Any CPU
		{FCA10C1B-E747-4843-9665-82E3D84807A4}.Release|Any CPU.Build.0 = Release|Any CPU
		{FCA10C1B-E747-4843-9665-82E3D84807A4}.Release|x64.ActiveCfg = Release|Any CPU
		{FCA10C1B-E747-4843-9665-82E3D84807A4}.Release|x64.Build.0 = Release|Any CPU
		{FCA10C1B-E747-4843-9665-82E3D84807A4}.Release|x86.ActiveCfg = Release|Any CPU
		{FCA10C1B-E747-4843-9665-82E3D84807A4}.Release|x86.Build.0 = Release|Any CPU
		{0836AC3E-E506-4270-AB28-2E70096352BE}.Debug|Any CPU.ActiveCfg = Debug|Any CPU
		{0836AC3E-E506-4270-AB28-2E70096352BE}.Debug|Any CPU.Build.0 = Debug|Any CPU
		{0836AC3E-E506-4270-AB28-2E70096352BE}.Debug|x64.ActiveCfg = Debug|Any CPU
		{0836AC3E-E506-4270-AB28-2E70096352BE}.Debug|x64.Build.0 = Debug|Any CPU
		{0836AC3E-E506-4270-AB28-2E70096352BE}.Debug|x86.ActiveCfg = Debug|Any CPU
		{0836AC3E-E506-4270-AB28-2E70096352BE}.Debug|x86.Build.0 = Debug|Any CPU
		{0836AC3E-E506-4270-AB28-2E70096352BE}.Release|Any CPU.ActiveCfg = Release|Any CPU
		{0836AC3E-E506-4270-AB28-2E70096352BE}.Release|Any CPU.Build.0 = Release|Any CPU
		{0836AC3E-E506-4270-AB28-2E70096352BE}.Release|x64.ActiveCfg = Release|Any CPU
		{0836AC3E-E506-4270-AB28-2E70096352BE}.Release|x64.Build.0 = Release|Any CPU
		{0836AC3E-E506-4270-AB28-2E70096352BE}.Release|x86.ActiveCfg = Release|Any CPU
		{0836AC3E-E506-4270-AB28-2E70096352BE}.Release|x86.Build.0 = Release|Any CPU
		{3193BE44-D3A0-4295-B5CD-8FC0E6C3AB89}.Debug|Any CPU.ActiveCfg = Debug|Any CPU
		{3193BE44-D3A0-4295-B5CD-8FC0E6C3AB89}.Debug|Any CPU.Build.0 = Debug|Any CPU
		{3193BE44-D3A0-4295-B5CD-8FC0E6C3AB89}.Debug|x64.ActiveCfg = Debug|Any CPU
		{3193BE44-D3A0-4295-B5CD-8FC0E6C3AB89}.Debug|x64.Build.0 = Debug|Any CPU
		{3193BE44-D3A0-4295-B5CD-8FC0E6C3AB89}.Debug|x86.ActiveCfg = Debug|Any CPU
		{3193BE44-D3A0-4295-B5CD-8FC0E6C3AB89}.Debug|x86.Build.0 = Debug|Any CPU
		{3193BE44-D3A0-4295-B5CD-8FC0E6C3AB89}.Release|Any CPU.ActiveCfg = Release|Any CPU
		{3193BE44-D3A0-4295-B5CD-8FC0E6C3AB89}.Release|Any CPU.Build.0 = Release|Any CPU
		{3193BE44-D3A0-4295-B5CD-8FC0E6C3AB89}.Release|x64.ActiveCfg = Release|Any CPU
		{3193BE44-D3A0-4295-B5CD-8FC0E6C3AB89}.Release|x64.Build.0 = Release|Any CPU
		{3193BE44-D3A0-4295-B5CD-8FC0E6C3AB89}.Release|x86.ActiveCfg = Release|Any CPU
		{3193BE44-D3A0-4295-B5CD-8FC0E6C3AB89}.Release|x86.Build.0 = Release|Any CPU
		{B77A9AF9-3C1F-4250-8B18-6136309C16DF}.Debug|Any CPU.ActiveCfg = Debug|Any CPU
		{B77A9AF9-3C1F-4250-8B18-6136309C16DF}.Debug|Any CPU.Build.0 = Debug|Any CPU
		{B77A9AF9-3C1F-4250-8B18-6136309C16DF}.Debug|x64.ActiveCfg = Debug|Any CPU
		{B77A9AF9-3C1F-4250-8B18-6136309C16DF}.Debug|x64.Build.0 = Debug|Any CPU
		{B77A9AF9-3C1F-4250-8B18-6136309C16DF}.Debug|x86.ActiveCfg = Debug|Any CPU
		{B77A9AF9-3C1F-4250-8B18-6136309C16DF}.Debug|x86.Build.0 = Debug|Any CPU
		{B77A9AF9-3C1F-4250-8B18-6136309C16DF}.Release|Any CPU.ActiveCfg = Release|Any CPU
		{B77A9AF9-3C1F-4250-8B18-6136309C16DF}.Release|Any CPU.Build.0 = Release|Any CPU
		{B77A9AF9-3C1F-4250-8B18-6136309C16DF}.Release|x64.ActiveCfg = Release|Any CPU
		{B77A9AF9-3C1F-4250-8B18-6136309C16DF}.Release|x64.Build.0 = Release|Any CPU
		{B77A9AF9-3C1F-4250-8B18-6136309C16DF}.Release|x86.ActiveCfg = Release|Any CPU
		{B77A9AF9-3C1F-4250-8B18-6136309C16DF}.Release|x86.Build.0 = Release|Any CPU
		{DA797D3F-D489-41A4-B221-0FD4EF5B72A0}.Debug|Any CPU.ActiveCfg = Debug|Any CPU
		{DA797D3F-D489-41A4-B221-0FD4EF5B72A0}.Debug|Any CPU.Build.0 = Debug|Any CPU
		{DA797D3F-D489-41A4-B221-0FD4EF5B72A0}.Debug|x64.ActiveCfg = Debug|Any CPU
		{DA797D3F-D489-41A4-B221-0FD4EF5B72A0}.Debug|x64.Build.0 = Debug|Any CPU
		{DA797D3F-D489-41A4-B221-0FD4EF5B72A0}.Debug|x86.ActiveCfg = Debug|Any CPU
		{DA797D3F-D489-41A4-B221-0FD4EF5B72A0}.Debug|x86.Build.0 = Debug|Any CPU
		{DA797D3F-D489-41A4-B221-0FD4EF5B72A0}.Release|Any CPU.ActiveCfg = Release|Any CPU
		{DA797D3F-D489-41A4-B221-0FD4EF5B72A0}.Release|Any CPU.Build.0 = Release|Any CPU
		{DA797D3F-D489-41A4-B221-0FD4EF5B72A0}.Release|x64.ActiveCfg = Release|Any CPU
		{DA797D3F-D489-41A4-B221-0FD4EF5B72A0}.Release|x64.Build.0 = Release|Any CPU
		{DA797D3F-D489-41A4-B221-0FD4EF5B72A0}.Release|x86.ActiveCfg = Release|Any CPU
		{DA797D3F-D489-41A4-B221-0FD4EF5B72A0}.Release|x86.Build.0 = Release|Any CPU
		{BCF60E61-E53F-4543-9E7E-93888936191F}.Debug|Any CPU.ActiveCfg = Debug|Any CPU
		{BCF60E61-E53F-4543-9E7E-93888936191F}.Debug|Any CPU.Build.0 = Debug|Any CPU
		{BCF60E61-E53F-4543-9E7E-93888936191F}.Debug|x64.ActiveCfg = Debug|Any CPU
		{BCF60E61-E53F-4543-9E7E-93888936191F}.Debug|x64.Build.0 = Debug|Any CPU
		{BCF60E61-E53F-4543-9E7E-93888936191F}.Debug|x86.ActiveCfg = Debug|Any CPU
		{BCF60E61-E53F-4543-9E7E-93888936191F}.Debug|x86.Build.0 = Debug|Any CPU
		{BCF60E61-E53F-4543-9E7E-93888936191F}.Release|Any CPU.ActiveCfg = Release|Any CPU
		{BCF60E61-E53F-4543-9E7E-93888936191F}.Release|Any CPU.Build.0 = Release|Any CPU
		{BCF60E61-E53F-4543-9E7E-93888936191F}.Release|x64.ActiveCfg = Release|Any CPU
		{BCF60E61-E53F-4543-9E7E-93888936191F}.Release|x64.Build.0 = Release|Any CPU
		{BCF60E61-E53F-4543-9E7E-93888936191F}.Release|x86.ActiveCfg = Release|Any CPU
		{BCF60E61-E53F-4543-9E7E-93888936191F}.Release|x86.Build.0 = Release|Any CPU
		{7540A582-B5B9-4805-A7A6-09F853FBB0D4}.Debug|Any CPU.ActiveCfg = Debug|Any CPU
		{7540A582-B5B9-4805-A7A6-09F853FBB0D4}.Debug|Any CPU.Build.0 = Debug|Any CPU
		{7540A582-B5B9-4805-A7A6-09F853FBB0D4}.Debug|x64.ActiveCfg = Debug|Any CPU
		{7540A582-B5B9-4805-A7A6-09F853FBB0D4}.Debug|x64.Build.0 = Debug|Any CPU
		{7540A582-B5B9-4805-A7A6-09F853FBB0D4}.Debug|x86.ActiveCfg = Debug|Any CPU
		{7540A582-B5B9-4805-A7A6-09F853FBB0D4}.Debug|x86.Build.0 = Debug|Any CPU
		{7540A582-B5B9-4805-A7A6-09F853FBB0D4}.Release|Any CPU.ActiveCfg = Release|Any CPU
		{7540A582-B5B9-4805-A7A6-09F853FBB0D4}.Release|Any CPU.Build.0 = Release|Any CPU
		{7540A582-B5B9-4805-A7A6-09F853FBB0D4}.Release|x64.ActiveCfg = Release|Any CPU
		{7540A582-B5B9-4805-A7A6-09F853FBB0D4}.Release|x64.Build.0 = Release|Any CPU
		{7540A582-B5B9-4805-A7A6-09F853FBB0D4}.Release|x86.ActiveCfg = Release|Any CPU
		{7540A582-B5B9-4805-A7A6-09F853FBB0D4}.Release|x86.Build.0 = Release|Any CPU
		{EFFCB26F-2A6B-40A2-8389-425FC27D489E}.Debug|Any CPU.ActiveCfg = Debug|Any CPU
		{EFFCB26F-2A6B-40A2-8389-425FC27D489E}.Debug|Any CPU.Build.0 = Debug|Any CPU
		{EFFCB26F-2A6B-40A2-8389-425FC27D489E}.Debug|x64.ActiveCfg = Debug|Any CPU
		{EFFCB26F-2A6B-40A2-8389-425FC27D489E}.Debug|x64.Build.0 = Debug|Any CPU
		{EFFCB26F-2A6B-40A2-8389-425FC27D489E}.Debug|x86.ActiveCfg = Debug|Any CPU
		{EFFCB26F-2A6B-40A2-8389-425FC27D489E}.Debug|x86.Build.0 = Debug|Any CPU
		{EFFCB26F-2A6B-40A2-8389-425FC27D489E}.Release|Any CPU.ActiveCfg = Release|Any CPU
		{EFFCB26F-2A6B-40A2-8389-425FC27D489E}.Release|Any CPU.Build.0 = Release|Any CPU
		{EFFCB26F-2A6B-40A2-8389-425FC27D489E}.Release|x64.ActiveCfg = Release|Any CPU
		{EFFCB26F-2A6B-40A2-8389-425FC27D489E}.Release|x64.Build.0 = Release|Any CPU
		{EFFCB26F-2A6B-40A2-8389-425FC27D489E}.Release|x86.ActiveCfg = Release|Any CPU
		{EFFCB26F-2A6B-40A2-8389-425FC27D489E}.Release|x86.Build.0 = Release|Any CPU
		{F083455D-F921-48A8-BA2C-F010D4E5F2AE}.Debug|Any CPU.ActiveCfg = Debug|Any CPU
		{F083455D-F921-48A8-BA2C-F010D4E5F2AE}.Debug|Any CPU.Build.0 = Debug|Any CPU
		{F083455D-F921-48A8-BA2C-F010D4E5F2AE}.Debug|x64.ActiveCfg = Debug|Any CPU
		{F083455D-F921-48A8-BA2C-F010D4E5F2AE}.Debug|x64.Build.0 = Debug|Any CPU
		{F083455D-F921-48A8-BA2C-F010D4E5F2AE}.Debug|x86.ActiveCfg = Debug|Any CPU
		{F083455D-F921-48A8-BA2C-F010D4E5F2AE}.Debug|x86.Build.0 = Debug|Any CPU
		{F083455D-F921-48A8-BA2C-F010D4E5F2AE}.Release|Any CPU.ActiveCfg = Release|Any CPU
		{F083455D-F921-48A8-BA2C-F010D4E5F2AE}.Release|Any CPU.Build.0 = Release|Any CPU
		{F083455D-F921-48A8-BA2C-F010D4E5F2AE}.Release|x64.ActiveCfg = Release|Any CPU
		{F083455D-F921-48A8-BA2C-F010D4E5F2AE}.Release|x64.Build.0 = Release|Any CPU
		{F083455D-F921-48A8-BA2C-F010D4E5F2AE}.Release|x86.ActiveCfg = Release|Any CPU
		{F083455D-F921-48A8-BA2C-F010D4E5F2AE}.Release|x86.Build.0 = Release|Any CPU
		{A44B6882-B7A3-43D0-961A-DBD608A799FA}.Debug|Any CPU.ActiveCfg = Debug|Any CPU
		{A44B6882-B7A3-43D0-961A-DBD608A799FA}.Debug|Any CPU.Build.0 = Debug|Any CPU
		{A44B6882-B7A3-43D0-961A-DBD608A799FA}.Debug|x64.ActiveCfg = Debug|Any CPU
		{A44B6882-B7A3-43D0-961A-DBD608A799FA}.Debug|x64.Build.0 = Debug|Any CPU
		{A44B6882-B7A3-43D0-961A-DBD608A799FA}.Debug|x86.ActiveCfg = Debug|Any CPU
		{A44B6882-B7A3-43D0-961A-DBD608A799FA}.Debug|x86.Build.0 = Debug|Any CPU
		{A44B6882-B7A3-43D0-961A-DBD608A799FA}.Release|Any CPU.ActiveCfg = Release|Any CPU
		{A44B6882-B7A3-43D0-961A-DBD608A799FA}.Release|Any CPU.Build.0 = Release|Any CPU
		{A44B6882-B7A3-43D0-961A-DBD608A799FA}.Release|x64.ActiveCfg = Release|Any CPU
		{A44B6882-B7A3-43D0-961A-DBD608A799FA}.Release|x64.Build.0 = Release|Any CPU
		{A44B6882-B7A3-43D0-961A-DBD608A799FA}.Release|x86.ActiveCfg = Release|Any CPU
		{A44B6882-B7A3-43D0-961A-DBD608A799FA}.Release|x86.Build.0 = Release|Any CPU
		{87B29A6A-5D70-4BE6-BD3C-DC0C7E868F48}.Debug|Any CPU.ActiveCfg = Debug|Any CPU
		{87B29A6A-5D70-4BE6-BD3C-DC0C7E868F48}.Debug|Any CPU.Build.0 = Debug|Any CPU
		{87B29A6A-5D70-4BE6-BD3C-DC0C7E868F48}.Debug|x64.ActiveCfg = Debug|Any CPU
		{87B29A6A-5D70-4BE6-BD3C-DC0C7E868F48}.Debug|x64.Build.0 = Debug|Any CPU
		{87B29A6A-5D70-4BE6-BD3C-DC0C7E868F48}.Debug|x86.ActiveCfg = Debug|Any CPU
		{87B29A6A-5D70-4BE6-BD3C-DC0C7E868F48}.Debug|x86.Build.0 = Debug|Any CPU
		{87B29A6A-5D70-4BE6-BD3C-DC0C7E868F48}.Release|Any CPU.ActiveCfg = Release|Any CPU
		{87B29A6A-5D70-4BE6-BD3C-DC0C7E868F48}.Release|Any CPU.Build.0 = Release|Any CPU
		{87B29A6A-5D70-4BE6-BD3C-DC0C7E868F48}.Release|x64.ActiveCfg = Release|Any CPU
		{87B29A6A-5D70-4BE6-BD3C-DC0C7E868F48}.Release|x64.Build.0 = Release|Any CPU
		{87B29A6A-5D70-4BE6-BD3C-DC0C7E868F48}.Release|x86.ActiveCfg = Release|Any CPU
		{87B29A6A-5D70-4BE6-BD3C-DC0C7E868F48}.Release|x86.Build.0 = Release|Any CPU
		{8A476A7E-E5A8-4A23-ADCC-A76F8980DCB2}.Debug|Any CPU.ActiveCfg = Debug|Any CPU
		{8A476A7E-E5A8-4A23-ADCC-A76F8980DCB2}.Debug|Any CPU.Build.0 = Debug|Any CPU
		{8A476A7E-E5A8-4A23-ADCC-A76F8980DCB2}.Debug|x64.ActiveCfg = Debug|Any CPU
		{8A476A7E-E5A8-4A23-ADCC-A76F8980DCB2}.Debug|x64.Build.0 = Debug|Any CPU
		{8A476A7E-E5A8-4A23-ADCC-A76F8980DCB2}.Debug|x86.ActiveCfg = Debug|Any CPU
		{8A476A7E-E5A8-4A23-ADCC-A76F8980DCB2}.Debug|x86.Build.0 = Debug|Any CPU
		{8A476A7E-E5A8-4A23-ADCC-A76F8980DCB2}.Release|Any CPU.ActiveCfg = Release|Any CPU
		{8A476A7E-E5A8-4A23-ADCC-A76F8980DCB2}.Release|Any CPU.Build.0 = Release|Any CPU
		{8A476A7E-E5A8-4A23-ADCC-A76F8980DCB2}.Release|x64.ActiveCfg = Release|Any CPU
		{8A476A7E-E5A8-4A23-ADCC-A76F8980DCB2}.Release|x64.Build.0 = Release|Any CPU
		{8A476A7E-E5A8-4A23-ADCC-A76F8980DCB2}.Release|x86.ActiveCfg = Release|Any CPU
		{8A476A7E-E5A8-4A23-ADCC-A76F8980DCB2}.Release|x86.Build.0 = Release|Any CPU
		{74014C56-3B09-425A-BA12-5D6B833D86F4}.Debug|Any CPU.ActiveCfg = Debug|Any CPU
		{74014C56-3B09-425A-BA12-5D6B833D86F4}.Debug|Any CPU.Build.0 = Debug|Any CPU
		{74014C56-3B09-425A-BA12-5D6B833D86F4}.Debug|x64.ActiveCfg = Debug|Any CPU
		{74014C56-3B09-425A-BA12-5D6B833D86F4}.Debug|x64.Build.0 = Debug|Any CPU
		{74014C56-3B09-425A-BA12-5D6B833D86F4}.Debug|x86.ActiveCfg = Debug|Any CPU
		{74014C56-3B09-425A-BA12-5D6B833D86F4}.Debug|x86.Build.0 = Debug|Any CPU
		{74014C56-3B09-425A-BA12-5D6B833D86F4}.Release|Any CPU.ActiveCfg = Release|Any CPU
		{74014C56-3B09-425A-BA12-5D6B833D86F4}.Release|Any CPU.Build.0 = Release|Any CPU
		{74014C56-3B09-425A-BA12-5D6B833D86F4}.Release|x64.ActiveCfg = Release|Any CPU
		{74014C56-3B09-425A-BA12-5D6B833D86F4}.Release|x64.Build.0 = Release|Any CPU
		{74014C56-3B09-425A-BA12-5D6B833D86F4}.Release|x86.ActiveCfg = Release|Any CPU
		{74014C56-3B09-425A-BA12-5D6B833D86F4}.Release|x86.Build.0 = Release|Any CPU
		{0E83BDF3-A34B-4AE7-AFC2-1DB5A86E5532}.Debug|Any CPU.ActiveCfg = Debug|Any CPU
		{0E83BDF3-A34B-4AE7-AFC2-1DB5A86E5532}.Debug|Any CPU.Build.0 = Debug|Any CPU
		{0E83BDF3-A34B-4AE7-AFC2-1DB5A86E5532}.Debug|x64.ActiveCfg = Debug|Any CPU
		{0E83BDF3-A34B-4AE7-AFC2-1DB5A86E5532}.Debug|x64.Build.0 = Debug|Any CPU
		{0E83BDF3-A34B-4AE7-AFC2-1DB5A86E5532}.Debug|x86.ActiveCfg = Debug|Any CPU
		{0E83BDF3-A34B-4AE7-AFC2-1DB5A86E5532}.Debug|x86.Build.0 = Debug|Any CPU
		{0E83BDF3-A34B-4AE7-AFC2-1DB5A86E5532}.Release|Any CPU.ActiveCfg = Release|Any CPU
		{0E83BDF3-A34B-4AE7-AFC2-1DB5A86E5532}.Release|Any CPU.Build.0 = Release|Any CPU
		{0E83BDF3-A34B-4AE7-AFC2-1DB5A86E5532}.Release|x64.ActiveCfg = Release|Any CPU
		{0E83BDF3-A34B-4AE7-AFC2-1DB5A86E5532}.Release|x64.Build.0 = Release|Any CPU
		{0E83BDF3-A34B-4AE7-AFC2-1DB5A86E5532}.Release|x86.ActiveCfg = Release|Any CPU
		{0E83BDF3-A34B-4AE7-AFC2-1DB5A86E5532}.Release|x86.Build.0 = Release|Any CPU
		{729B8811-7130-40D5-B65A-F52ED2130F30}.Debug|Any CPU.ActiveCfg = Debug|Any CPU
		{729B8811-7130-40D5-B65A-F52ED2130F30}.Debug|Any CPU.Build.0 = Debug|Any CPU
		{729B8811-7130-40D5-B65A-F52ED2130F30}.Debug|x64.ActiveCfg = Debug|Any CPU
		{729B8811-7130-40D5-B65A-F52ED2130F30}.Debug|x64.Build.0 = Debug|Any CPU
		{729B8811-7130-40D5-B65A-F52ED2130F30}.Debug|x86.ActiveCfg = Debug|Any CPU
		{729B8811-7130-40D5-B65A-F52ED2130F30}.Debug|x86.Build.0 = Debug|Any CPU
		{729B8811-7130-40D5-B65A-F52ED2130F30}.Release|Any CPU.ActiveCfg = Release|Any CPU
		{729B8811-7130-40D5-B65A-F52ED2130F30}.Release|Any CPU.Build.0 = Release|Any CPU
		{729B8811-7130-40D5-B65A-F52ED2130F30}.Release|x64.ActiveCfg = Release|Any CPU
		{729B8811-7130-40D5-B65A-F52ED2130F30}.Release|x64.Build.0 = Release|Any CPU
		{729B8811-7130-40D5-B65A-F52ED2130F30}.Release|x86.ActiveCfg = Release|Any CPU
		{729B8811-7130-40D5-B65A-F52ED2130F30}.Release|x86.Build.0 = Release|Any CPU
		{77557622-8557-4C70-BB70-D12B69D8F005}.Debug|Any CPU.ActiveCfg = Debug|Any CPU
		{77557622-8557-4C70-BB70-D12B69D8F005}.Debug|Any CPU.Build.0 = Debug|Any CPU
		{77557622-8557-4C70-BB70-D12B69D8F005}.Debug|x64.ActiveCfg = Debug|Any CPU
		{77557622-8557-4C70-BB70-D12B69D8F005}.Debug|x64.Build.0 = Debug|Any CPU
		{77557622-8557-4C70-BB70-D12B69D8F005}.Debug|x86.ActiveCfg = Debug|Any CPU
		{77557622-8557-4C70-BB70-D12B69D8F005}.Debug|x86.Build.0 = Debug|Any CPU
		{77557622-8557-4C70-BB70-D12B69D8F005}.Release|Any CPU.ActiveCfg = Release|Any CPU
		{77557622-8557-4C70-BB70-D12B69D8F005}.Release|Any CPU.Build.0 = Release|Any CPU
		{77557622-8557-4C70-BB70-D12B69D8F005}.Release|x64.ActiveCfg = Release|Any CPU
		{77557622-8557-4C70-BB70-D12B69D8F005}.Release|x64.Build.0 = Release|Any CPU
		{77557622-8557-4C70-BB70-D12B69D8F005}.Release|x86.ActiveCfg = Release|Any CPU
		{77557622-8557-4C70-BB70-D12B69D8F005}.Release|x86.Build.0 = Release|Any CPU
		{2FE61A0A-B9B2-4382-82C8-EAE52935FBBE}.Debug|Any CPU.ActiveCfg = Debug|Any CPU
		{2FE61A0A-B9B2-4382-82C8-EAE52935FBBE}.Debug|Any CPU.Build.0 = Debug|Any CPU
		{2FE61A0A-B9B2-4382-82C8-EAE52935FBBE}.Debug|x64.ActiveCfg = Debug|Any CPU
		{2FE61A0A-B9B2-4382-82C8-EAE52935FBBE}.Debug|x64.Build.0 = Debug|Any CPU
		{2FE61A0A-B9B2-4382-82C8-EAE52935FBBE}.Debug|x86.ActiveCfg = Debug|Any CPU
		{2FE61A0A-B9B2-4382-82C8-EAE52935FBBE}.Debug|x86.Build.0 = Debug|Any CPU
		{2FE61A0A-B9B2-4382-82C8-EAE52935FBBE}.Release|Any CPU.ActiveCfg = Release|Any CPU
		{2FE61A0A-B9B2-4382-82C8-EAE52935FBBE}.Release|Any CPU.Build.0 = Release|Any CPU
		{2FE61A0A-B9B2-4382-82C8-EAE52935FBBE}.Release|x64.ActiveCfg = Release|Any CPU
		{2FE61A0A-B9B2-4382-82C8-EAE52935FBBE}.Release|x64.Build.0 = Release|Any CPU
		{2FE61A0A-B9B2-4382-82C8-EAE52935FBBE}.Release|x86.ActiveCfg = Release|Any CPU
		{2FE61A0A-B9B2-4382-82C8-EAE52935FBBE}.Release|x86.Build.0 = Release|Any CPU
		{F59A353C-CB38-46E1-A7B7-2FD4B996FC3A}.Debug|Any CPU.ActiveCfg = Debug|Any CPU
		{F59A353C-CB38-46E1-A7B7-2FD4B996FC3A}.Debug|Any CPU.Build.0 = Debug|Any CPU
		{F59A353C-CB38-46E1-A7B7-2FD4B996FC3A}.Debug|x64.ActiveCfg = Debug|Any CPU
		{F59A353C-CB38-46E1-A7B7-2FD4B996FC3A}.Debug|x64.Build.0 = Debug|Any CPU
		{F59A353C-CB38-46E1-A7B7-2FD4B996FC3A}.Debug|x86.ActiveCfg = Debug|Any CPU
		{F59A353C-CB38-46E1-A7B7-2FD4B996FC3A}.Debug|x86.Build.0 = Debug|Any CPU
		{F59A353C-CB38-46E1-A7B7-2FD4B996FC3A}.Release|Any CPU.ActiveCfg = Release|Any CPU
		{F59A353C-CB38-46E1-A7B7-2FD4B996FC3A}.Release|Any CPU.Build.0 = Release|Any CPU
		{F59A353C-CB38-46E1-A7B7-2FD4B996FC3A}.Release|x64.ActiveCfg = Release|Any CPU
		{F59A353C-CB38-46E1-A7B7-2FD4B996FC3A}.Release|x64.Build.0 = Release|Any CPU
		{F59A353C-CB38-46E1-A7B7-2FD4B996FC3A}.Release|x86.ActiveCfg = Release|Any CPU
		{F59A353C-CB38-46E1-A7B7-2FD4B996FC3A}.Release|x86.Build.0 = Release|Any CPU
		{7300AA6F-AC0F-4EF6-AA44-54757BFC425D}.Debug|Any CPU.ActiveCfg = Debug|Any CPU
		{7300AA6F-AC0F-4EF6-AA44-54757BFC425D}.Debug|Any CPU.Build.0 = Debug|Any CPU
		{7300AA6F-AC0F-4EF6-AA44-54757BFC425D}.Debug|x64.ActiveCfg = Debug|Any CPU
		{7300AA6F-AC0F-4EF6-AA44-54757BFC425D}.Debug|x64.Build.0 = Debug|Any CPU
		{7300AA6F-AC0F-4EF6-AA44-54757BFC425D}.Debug|x86.ActiveCfg = Debug|Any CPU
		{7300AA6F-AC0F-4EF6-AA44-54757BFC425D}.Debug|x86.Build.0 = Debug|Any CPU
		{7300AA6F-AC0F-4EF6-AA44-54757BFC425D}.Release|Any CPU.ActiveCfg = Release|Any CPU
		{7300AA6F-AC0F-4EF6-AA44-54757BFC425D}.Release|Any CPU.Build.0 = Release|Any CPU
		{7300AA6F-AC0F-4EF6-AA44-54757BFC425D}.Release|x64.ActiveCfg = Release|Any CPU
		{7300AA6F-AC0F-4EF6-AA44-54757BFC425D}.Release|x64.Build.0 = Release|Any CPU
		{7300AA6F-AC0F-4EF6-AA44-54757BFC425D}.Release|x86.ActiveCfg = Release|Any CPU
		{7300AA6F-AC0F-4EF6-AA44-54757BFC425D}.Release|x86.Build.0 = Release|Any CPU
		{56CF1753-227E-4A74-BBF7-3FA3FCC2B570}.Debug|Any CPU.ActiveCfg = Debug|Any CPU
		{56CF1753-227E-4A74-BBF7-3FA3FCC2B570}.Debug|Any CPU.Build.0 = Debug|Any CPU
		{56CF1753-227E-4A74-BBF7-3FA3FCC2B570}.Debug|x64.ActiveCfg = Debug|Any CPU
		{56CF1753-227E-4A74-BBF7-3FA3FCC2B570}.Debug|x64.Build.0 = Debug|Any CPU
		{56CF1753-227E-4A74-BBF7-3FA3FCC2B570}.Debug|x86.ActiveCfg = Debug|Any CPU
		{56CF1753-227E-4A74-BBF7-3FA3FCC2B570}.Debug|x86.Build.0 = Debug|Any CPU
		{56CF1753-227E-4A74-BBF7-3FA3FCC2B570}.Release|Any CPU.ActiveCfg = Release|Any CPU
		{56CF1753-227E-4A74-BBF7-3FA3FCC2B570}.Release|Any CPU.Build.0 = Release|Any CPU
		{56CF1753-227E-4A74-BBF7-3FA3FCC2B570}.Release|x64.ActiveCfg = Release|Any CPU
		{56CF1753-227E-4A74-BBF7-3FA3FCC2B570}.Release|x64.Build.0 = Release|Any CPU
		{56CF1753-227E-4A74-BBF7-3FA3FCC2B570}.Release|x86.ActiveCfg = Release|Any CPU
		{56CF1753-227E-4A74-BBF7-3FA3FCC2B570}.Release|x86.Build.0 = Release|Any CPU
		{84C8675D-02DF-4B3D-AD36-CDC244E04C08}.Debug|Any CPU.ActiveCfg = Debug|Any CPU
		{84C8675D-02DF-4B3D-AD36-CDC244E04C08}.Debug|Any CPU.Build.0 = Debug|Any CPU
		{84C8675D-02DF-4B3D-AD36-CDC244E04C08}.Debug|x64.ActiveCfg = Debug|Any CPU
		{84C8675D-02DF-4B3D-AD36-CDC244E04C08}.Debug|x64.Build.0 = Debug|Any CPU
		{84C8675D-02DF-4B3D-AD36-CDC244E04C08}.Debug|x86.ActiveCfg = Debug|Any CPU
		{84C8675D-02DF-4B3D-AD36-CDC244E04C08}.Debug|x86.Build.0 = Debug|Any CPU
		{84C8675D-02DF-4B3D-AD36-CDC244E04C08}.Release|Any CPU.ActiveCfg = Release|Any CPU
		{84C8675D-02DF-4B3D-AD36-CDC244E04C08}.Release|Any CPU.Build.0 = Release|Any CPU
		{84C8675D-02DF-4B3D-AD36-CDC244E04C08}.Release|x64.ActiveCfg = Release|Any CPU
		{84C8675D-02DF-4B3D-AD36-CDC244E04C08}.Release|x64.Build.0 = Release|Any CPU
		{84C8675D-02DF-4B3D-AD36-CDC244E04C08}.Release|x86.ActiveCfg = Release|Any CPU
		{84C8675D-02DF-4B3D-AD36-CDC244E04C08}.Release|x86.Build.0 = Release|Any CPU
		{EAAC3E30-7122-4BD0-B44A-298250995F8B}.Debug|Any CPU.ActiveCfg = Debug|Any CPU
		{EAAC3E30-7122-4BD0-B44A-298250995F8B}.Debug|Any CPU.Build.0 = Debug|Any CPU
		{EAAC3E30-7122-4BD0-B44A-298250995F8B}.Debug|x64.ActiveCfg = Debug|Any CPU
		{EAAC3E30-7122-4BD0-B44A-298250995F8B}.Debug|x64.Build.0 = Debug|Any CPU
		{EAAC3E30-7122-4BD0-B44A-298250995F8B}.Debug|x86.ActiveCfg = Debug|Any CPU
		{EAAC3E30-7122-4BD0-B44A-298250995F8B}.Debug|x86.Build.0 = Debug|Any CPU
		{EAAC3E30-7122-4BD0-B44A-298250995F8B}.Release|Any CPU.ActiveCfg = Release|Any CPU
		{EAAC3E30-7122-4BD0-B44A-298250995F8B}.Release|Any CPU.Build.0 = Release|Any CPU
		{EAAC3E30-7122-4BD0-B44A-298250995F8B}.Release|x64.ActiveCfg = Release|Any CPU
		{EAAC3E30-7122-4BD0-B44A-298250995F8B}.Release|x64.Build.0 = Release|Any CPU
		{EAAC3E30-7122-4BD0-B44A-298250995F8B}.Release|x86.ActiveCfg = Release|Any CPU
		{EAAC3E30-7122-4BD0-B44A-298250995F8B}.Release|x86.Build.0 = Release|Any CPU
		{4BEC57DE-2A73-49FB-8E8B-414ACCBC554E}.Debug|Any CPU.ActiveCfg = Debug|Any CPU
		{4BEC57DE-2A73-49FB-8E8B-414ACCBC554E}.Debug|Any CPU.Build.0 = Debug|Any CPU
		{4BEC57DE-2A73-49FB-8E8B-414ACCBC554E}.Debug|x64.ActiveCfg = Debug|Any CPU
		{4BEC57DE-2A73-49FB-8E8B-414ACCBC554E}.Debug|x64.Build.0 = Debug|Any CPU
		{4BEC57DE-2A73-49FB-8E8B-414ACCBC554E}.Debug|x86.ActiveCfg = Debug|Any CPU
		{4BEC57DE-2A73-49FB-8E8B-414ACCBC554E}.Debug|x86.Build.0 = Debug|Any CPU
		{4BEC57DE-2A73-49FB-8E8B-414ACCBC554E}.Release|Any CPU.ActiveCfg = Release|Any CPU
		{4BEC57DE-2A73-49FB-8E8B-414ACCBC554E}.Release|Any CPU.Build.0 = Release|Any CPU
		{4BEC57DE-2A73-49FB-8E8B-414ACCBC554E}.Release|x64.ActiveCfg = Release|Any CPU
		{4BEC57DE-2A73-49FB-8E8B-414ACCBC554E}.Release|x64.Build.0 = Release|Any CPU
		{4BEC57DE-2A73-49FB-8E8B-414ACCBC554E}.Release|x86.ActiveCfg = Release|Any CPU
		{4BEC57DE-2A73-49FB-8E8B-414ACCBC554E}.Release|x86.Build.0 = Release|Any CPU
	EndGlobalSection
	GlobalSection(SolutionProperties) = preSolution
		HideSolutionNode = FALSE
	EndGlobalSection
	GlobalSection(NestedProjects) = preSolution
		{AF96BF83-A43F-4465-ACBB-F380C24789A7} = {96E0D343-BD45-4C1B-95DB-1292DD2DFF9E}
		{60A34A19-2B12-46B0-9D1E-3D1FD0F05953} = {96E0D343-BD45-4C1B-95DB-1292DD2DFF9E}
		{69357177-E120-45A0-BB35-A6AE1C9A0A9A} = {96E0D343-BD45-4C1B-95DB-1292DD2DFF9E}
		{AF0C6934-3F18-4474-ABD0-2CFF5E8A0BF8} = {96E0D343-BD45-4C1B-95DB-1292DD2DFF9E}
		{7D0C8609-55FA-4EC6-8AB6-5560B19BDF73} = {96E0D343-BD45-4C1B-95DB-1292DD2DFF9E}
		{7A809F86-42BC-491D-9233-96C7D9783F1E} = {96E0D343-BD45-4C1B-95DB-1292DD2DFF9E}
		{EE36AF6E-0DDB-44E8-8164-F0AAB803F533} = {96E0D343-BD45-4C1B-95DB-1292DD2DFF9E}
		{AF4124E7-7607-4C51-9132-23FB4CB4508A} = {96E0D343-BD45-4C1B-95DB-1292DD2DFF9E}
		{4CBA2DE2-648E-4F63-9D6C-5EBEDD705D90} = {96E0D343-BD45-4C1B-95DB-1292DD2DFF9E}
		{F1C60762-E7F4-4E9B-BBCB-4C604376E79D} = {96E0D343-BD45-4C1B-95DB-1292DD2DFF9E}
		{563A6D76-4C46-4485-ABF4-C8B381FDA705} = {96E0D343-BD45-4C1B-95DB-1292DD2DFF9E}
		{E62A3953-76E1-485F-8125-23D129B90954} = {96E0D343-BD45-4C1B-95DB-1292DD2DFF9E}
		{006C064B-8540-4F05-8C23-6FC1CAC7B127} = {96E0D343-BD45-4C1B-95DB-1292DD2DFF9E}
		{D22230BF-6568-44FD-8C99-D32943971E06} = {96E0D343-BD45-4C1B-95DB-1292DD2DFF9E}
		{F5D752E3-7516-4EE0-81B9-8119CEA20691} = {96E0D343-BD45-4C1B-95DB-1292DD2DFF9E}
		{6B26989E-7144-493D-BC36-2C693FAB2813} = {96E0D343-BD45-4C1B-95DB-1292DD2DFF9E}
		{FCA10C1B-E747-4843-9665-82E3D84807A4} = {96E0D343-BD45-4C1B-95DB-1292DD2DFF9E}
		{0836AC3E-E506-4270-AB28-2E70096352BE} = {96E0D343-BD45-4C1B-95DB-1292DD2DFF9E}
		{3193BE44-D3A0-4295-B5CD-8FC0E6C3AB89} = {7482DD51-0079-4E07-A895-87ACFD1307CA}
		{1B672C9E-C885-4416-9556-2A5A24DE5BDE} = {B5946578-8BB0-45C5-9D64-028ED687B3D4}
		{DF937D83-E9DA-4D51-8A82-68B1270517DB} = {B5946578-8BB0-45C5-9D64-028ED687B3D4}
		{75A5A99C-FD8B-4F92-AA1C-AAD27F06D197} = {B5946578-8BB0-45C5-9D64-028ED687B3D4}
		{B77A9AF9-3C1F-4250-8B18-6136309C16DF} = {1B672C9E-C885-4416-9556-2A5A24DE5BDE}
		{DA797D3F-D489-41A4-B221-0FD4EF5B72A0} = {1B672C9E-C885-4416-9556-2A5A24DE5BDE}
		{BCF60E61-E53F-4543-9E7E-93888936191F} = {1B672C9E-C885-4416-9556-2A5A24DE5BDE}
		{7540A582-B5B9-4805-A7A6-09F853FBB0D4} = {1B672C9E-C885-4416-9556-2A5A24DE5BDE}
		{EFFCB26F-2A6B-40A2-8389-425FC27D489E} = {DF937D83-E9DA-4D51-8A82-68B1270517DB}
		{F083455D-F921-48A8-BA2C-F010D4E5F2AE} = {DF937D83-E9DA-4D51-8A82-68B1270517DB}
		{A44B6882-B7A3-43D0-961A-DBD608A799FA} = {DF937D83-E9DA-4D51-8A82-68B1270517DB}
		{87B29A6A-5D70-4BE6-BD3C-DC0C7E868F48} = {DF937D83-E9DA-4D51-8A82-68B1270517DB}
		{8A476A7E-E5A8-4A23-ADCC-A76F8980DCB2} = {DF937D83-E9DA-4D51-8A82-68B1270517DB}
		{74014C56-3B09-425A-BA12-5D6B833D86F4} = {DF937D83-E9DA-4D51-8A82-68B1270517DB}
		{0E83BDF3-A34B-4AE7-AFC2-1DB5A86E5532} = {DF937D83-E9DA-4D51-8A82-68B1270517DB}
		{729B8811-7130-40D5-B65A-F52ED2130F30} = {DF937D83-E9DA-4D51-8A82-68B1270517DB}
		{77557622-8557-4C70-BB70-D12B69D8F005} = {75A5A99C-FD8B-4F92-AA1C-AAD27F06D197}
		{2FE61A0A-B9B2-4382-82C8-EAE52935FBBE} = {75A5A99C-FD8B-4F92-AA1C-AAD27F06D197}
		{F59A353C-CB38-46E1-A7B7-2FD4B996FC3A} = {75A5A99C-FD8B-4F92-AA1C-AAD27F06D197}
		{7300AA6F-AC0F-4EF6-AA44-54757BFC425D} = {75A5A99C-FD8B-4F92-AA1C-AAD27F06D197}
		{56CF1753-227E-4A74-BBF7-3FA3FCC2B570} = {9FAE7928-DF65-4445-AC0D-A8453260250F}
		{84C8675D-02DF-4B3D-AD36-CDC244E04C08} = {7482DD51-0079-4E07-A895-87ACFD1307CA}
		{EAAC3E30-7122-4BD0-B44A-298250995F8B} = {7482DD51-0079-4E07-A895-87ACFD1307CA}
		{4BEC57DE-2A73-49FB-8E8B-414ACCBC554E} = {141EA517-A534-48B4-80BB-50341B965F92}
	EndGlobalSection
	GlobalSection(ExtensibilityGlobals) = postSolution
		SolutionGuid = {DC77E4DB-C72E-4A6C-9CAA-90C9C2CD983F}
	EndGlobalSection
EndGlobal
