Microsoft Visual Studio Solution File, Format Version 12.00
# Visual Studio Version 16
VisualStudioVersion = 16.0.30804.86
MinimumVisualStudioVersion = 10.0.40219.1
Project("{9A19103F-16F7-4668-BE54-9A1E7A4F7556}") = "RegressionTest1", "test\RegressionTest1\RegressionTest1.csproj", "{AF96BF83-A43F-4465-ACBB-F380C24789A7}"
EndProject
Project("{9A19103F-16F7-4668-BE54-9A1E7A4F7556}") = "Models", "src\Models\Models.csproj", "{60A34A19-2B12-46B0-9D1E-3D1FD0F05953}"
EndProject
Project("{9A19103F-16F7-4668-BE54-9A1E7A4F7556}") = "TransModels", "src\TransModels\TransModels.csproj", "{69357177-E120-45A0-BB35-A6AE1C9A0A9A}"
EndProject
Project("{9A19103F-16F7-4668-BE54-9A1E7A4F7556}") = "Api", "src\API\Api.csproj", "{AF0C6934-3F18-4474-ABD0-2CFF5E8A0BF8}"
EndProject
Project("{9A19103F-16F7-4668-BE54-9A1E7A4F7556}") = "Clear3Service", "src\Clear3Service\Clear3Service.csproj", "{7D0C8609-55FA-4EC6-8AB6-5560B19BDF73}"
EndProject
Project("{9A19103F-16F7-4668-BE54-9A1E7A4F7556}") = "RegressionTest3", "test\RegressionTest3\RegressionTest3.csproj", "{7A809F86-42BC-491D-9233-96C7D9783F1E}"
EndProject
Project("{9A19103F-16F7-4668-BE54-9A1E7A4F7556}") = "Impl.AutoAlign", "src\Impl.AutoAlign\Impl.AutoAlign.csproj", "{EE36AF6E-0DDB-44E8-8164-F0AAB803F533}"
EndProject
Project("{9A19103F-16F7-4668-BE54-9A1E7A4F7556}") = "Impl.TreeService", "src\Impl.TreeService\Impl.TreeService.csproj", "{AF4124E7-7607-4C51-9132-23FB4CB4508A}"
EndProject
Project("{9A19103F-16F7-4668-BE54-9A1E7A4F7556}") = "Impl.ResourceService", "src\Impl.ResourceService\Impl.ResourceService.csproj", "{4CBA2DE2-648E-4F63-9D6C-5EBEDD705D90}"
EndProject
Project("{9A19103F-16F7-4668-BE54-9A1E7A4F7556}") = "SubTasks", "src\SubTasks\SubTasks.csproj", "{F1C60762-E7F4-4E9B-BBCB-4C604376E79D}"
EndProject
Project("{9A19103F-16F7-4668-BE54-9A1E7A4F7556}") = "Impl.ImportExportService", "src\Impl.ImportExportService\Impl.ImportExportService.csproj", "{563A6D76-4C46-4485-ABF4-C8B381FDA705}"
EndProject
Project("{9A19103F-16F7-4668-BE54-9A1E7A4F7556}") = "Impl.Segmenter", "src\Impl.Segmenter\Impl.Segmenter.csproj", "{E62A3953-76E1-485F-8125-23D129B90954}"
EndProject
Project("{9A19103F-16F7-4668-BE54-9A1E7A4F7556}") = "Impl.SMTService", "src\Impl.SMTService\Impl.SMTService.csproj", "{006C064B-8540-4F05-8C23-6FC1CAC7B127}"
EndProject
Project("{9A19103F-16F7-4668-BE54-9A1E7A4F7556}") = "Impl.Miscellaneous", "src\Impl.Miscellaneous\Impl.Miscellaneous.csproj", "{D22230BF-6568-44FD-8C99-D32943971E06}"
EndProject
Project("{9A19103F-16F7-4668-BE54-9A1E7A4F7556}") = "Impl.Utility", "src\Impl.Utility\Impl.Utility.csproj", "{F5D752E3-7516-4EE0-81B9-8119CEA20691}"
EndProject
Project("{9A19103F-16F7-4668-BE54-9A1E7A4F7556}") = "Impl.Persistence", "src\Impl.Persistence\Impl.Persistence.csproj", "{6B26989E-7144-493D-BC36-2C693FAB2813}"
EndProject
Project("{9A19103F-16F7-4668-BE54-9A1E7A4F7556}") = "UnitTest.Impl.AutoAlign", "test\UnitTest.Impl.AutoAlign\UnitTest.Impl.AutoAlign.csproj", "{FCA10C1B-E747-4843-9665-82E3D84807A4}"
EndProject
Project("{9A19103F-16F7-4668-BE54-9A1E7A4F7556}") = "Clear2", "Clear2\Clear2.csproj", "{71A6F70F-A1AB-4489-8F80-389567C46AED}"
EndProject
Global
	GlobalSection(SolutionConfigurationPlatforms) = preSolution
		Debug|Any CPU = Debug|Any CPU
		Debug|x64 = Debug|x64
		Debug|x86 = Debug|x86
		Release|Any CPU = Release|Any CPU
		Release|x64 = Release|x64
		Release|x86 = Release|x86
	EndGlobalSection
	GlobalSection(ProjectConfigurationPlatforms) = postSolution
		{AF96BF83-A43F-4465-ACBB-F380C24789A7}.Debug|Any CPU.ActiveCfg = Debug|Any CPU
		{AF96BF83-A43F-4465-ACBB-F380C24789A7}.Debug|Any CPU.Build.0 = Debug|Any CPU
		{AF96BF83-A43F-4465-ACBB-F380C24789A7}.Debug|x64.ActiveCfg = Debug|Any CPU
		{AF96BF83-A43F-4465-ACBB-F380C24789A7}.Debug|x64.Build.0 = Debug|Any CPU
		{AF96BF83-A43F-4465-ACBB-F380C24789A7}.Debug|x86.ActiveCfg = Debug|Any CPU
		{AF96BF83-A43F-4465-ACBB-F380C24789A7}.Debug|x86.Build.0 = Debug|Any CPU
		{AF96BF83-A43F-4465-ACBB-F380C24789A7}.Release|Any CPU.ActiveCfg = Release|Any CPU
		{AF96BF83-A43F-4465-ACBB-F380C24789A7}.Release|Any CPU.Build.0 = Release|Any CPU
		{AF96BF83-A43F-4465-ACBB-F380C24789A7}.Release|x64.ActiveCfg = Release|Any CPU
		{AF96BF83-A43F-4465-ACBB-F380C24789A7}.Release|x64.Build.0 = Release|Any CPU
		{AF96BF83-A43F-4465-ACBB-F380C24789A7}.Release|x86.ActiveCfg = Release|Any CPU
		{AF96BF83-A43F-4465-ACBB-F380C24789A7}.Release|x86.Build.0 = Release|Any CPU
		{60A34A19-2B12-46B0-9D1E-3D1FD0F05953}.Debug|Any CPU.ActiveCfg = Debug|Any CPU
		{60A34A19-2B12-46B0-9D1E-3D1FD0F05953}.Debug|Any CPU.Build.0 = Debug|Any CPU
		{60A34A19-2B12-46B0-9D1E-3D1FD0F05953}.Debug|x64.ActiveCfg = Debug|Any CPU
		{60A34A19-2B12-46B0-9D1E-3D1FD0F05953}.Debug|x64.Build.0 = Debug|Any CPU
		{60A34A19-2B12-46B0-9D1E-3D1FD0F05953}.Debug|x86.ActiveCfg = Debug|Any CPU
		{60A34A19-2B12-46B0-9D1E-3D1FD0F05953}.Debug|x86.Build.0 = Debug|Any CPU
		{60A34A19-2B12-46B0-9D1E-3D1FD0F05953}.Release|Any CPU.ActiveCfg = Release|Any CPU
		{60A34A19-2B12-46B0-9D1E-3D1FD0F05953}.Release|Any CPU.Build.0 = Release|Any CPU
		{60A34A19-2B12-46B0-9D1E-3D1FD0F05953}.Release|x64.ActiveCfg = Release|Any CPU
		{60A34A19-2B12-46B0-9D1E-3D1FD0F05953}.Release|x64.Build.0 = Release|Any CPU
		{60A34A19-2B12-46B0-9D1E-3D1FD0F05953}.Release|x86.ActiveCfg = Release|Any CPU
		{60A34A19-2B12-46B0-9D1E-3D1FD0F05953}.Release|x86.Build.0 = Release|Any CPU
		{69357177-E120-45A0-BB35-A6AE1C9A0A9A}.Debug|Any CPU.ActiveCfg = Debug|Any CPU
		{69357177-E120-45A0-BB35-A6AE1C9A0A9A}.Debug|Any CPU.Build.0 = Debug|Any CPU
		{69357177-E120-45A0-BB35-A6AE1C9A0A9A}.Debug|x64.ActiveCfg = Debug|Any CPU
		{69357177-E120-45A0-BB35-A6AE1C9A0A9A}.Debug|x64.Build.0 = Debug|Any CPU
		{69357177-E120-45A0-BB35-A6AE1C9A0A9A}.Debug|x86.ActiveCfg = Debug|Any CPU
		{69357177-E120-45A0-BB35-A6AE1C9A0A9A}.Debug|x86.Build.0 = Debug|Any CPU
		{69357177-E120-45A0-BB35-A6AE1C9A0A9A}.Release|Any CPU.ActiveCfg = Release|Any CPU
		{69357177-E120-45A0-BB35-A6AE1C9A0A9A}.Release|Any CPU.Build.0 = Release|Any CPU
		{69357177-E120-45A0-BB35-A6AE1C9A0A9A}.Release|x64.ActiveCfg = Release|Any CPU
		{69357177-E120-45A0-BB35-A6AE1C9A0A9A}.Release|x64.Build.0 = Release|Any CPU
		{69357177-E120-45A0-BB35-A6AE1C9A0A9A}.Release|x86.ActiveCfg = Release|Any CPU
		{69357177-E120-45A0-BB35-A6AE1C9A0A9A}.Release|x86.Build.0 = Release|Any CPU
		{AF0C6934-3F18-4474-ABD0-2CFF5E8A0BF8}.Debug|Any CPU.ActiveCfg = Debug|Any CPU
		{AF0C6934-3F18-4474-ABD0-2CFF5E8A0BF8}.Debug|Any CPU.Build.0 = Debug|Any CPU
		{AF0C6934-3F18-4474-ABD0-2CFF5E8A0BF8}.Debug|x64.ActiveCfg = Debug|Any CPU
		{AF0C6934-3F18-4474-ABD0-2CFF5E8A0BF8}.Debug|x64.Build.0 = Debug|Any CPU
		{AF0C6934-3F18-4474-ABD0-2CFF5E8A0BF8}.Debug|x86.ActiveCfg = Debug|Any CPU
		{AF0C6934-3F18-4474-ABD0-2CFF5E8A0BF8}.Debug|x86.Build.0 = Debug|Any CPU
		{AF0C6934-3F18-4474-ABD0-2CFF5E8A0BF8}.Release|Any CPU.ActiveCfg = Release|Any CPU
		{AF0C6934-3F18-4474-ABD0-2CFF5E8A0BF8}.Release|Any CPU.Build.0 = Release|Any CPU
		{AF0C6934-3F18-4474-ABD0-2CFF5E8A0BF8}.Release|x64.ActiveCfg = Release|Any CPU
		{AF0C6934-3F18-4474-ABD0-2CFF5E8A0BF8}.Release|x64.Build.0 = Release|Any CPU
		{AF0C6934-3F18-4474-ABD0-2CFF5E8A0BF8}.Release|x86.ActiveCfg = Release|Any CPU
		{AF0C6934-3F18-4474-ABD0-2CFF5E8A0BF8}.Release|x86.Build.0 = Release|Any CPU
		{7D0C8609-55FA-4EC6-8AB6-5560B19BDF73}.Debug|Any CPU.ActiveCfg = Debug|Any CPU
		{7D0C8609-55FA-4EC6-8AB6-5560B19BDF73}.Debug|Any CPU.Build.0 = Debug|Any CPU
		{7D0C8609-55FA-4EC6-8AB6-5560B19BDF73}.Debug|x64.ActiveCfg = Debug|Any CPU
		{7D0C8609-55FA-4EC6-8AB6-5560B19BDF73}.Debug|x64.Build.0 = Debug|Any CPU
		{7D0C8609-55FA-4EC6-8AB6-5560B19BDF73}.Debug|x86.ActiveCfg = Debug|Any CPU
		{7D0C8609-55FA-4EC6-8AB6-5560B19BDF73}.Debug|x86.Build.0 = Debug|Any CPU
		{7D0C8609-55FA-4EC6-8AB6-5560B19BDF73}.Release|Any CPU.ActiveCfg = Release|Any CPU
		{7D0C8609-55FA-4EC6-8AB6-5560B19BDF73}.Release|Any CPU.Build.0 = Release|Any CPU
		{7D0C8609-55FA-4EC6-8AB6-5560B19BDF73}.Release|x64.ActiveCfg = Release|Any CPU
		{7D0C8609-55FA-4EC6-8AB6-5560B19BDF73}.Release|x64.Build.0 = Release|Any CPU
		{7D0C8609-55FA-4EC6-8AB6-5560B19BDF73}.Release|x86.ActiveCfg = Release|Any CPU
		{7D0C8609-55FA-4EC6-8AB6-5560B19BDF73}.Release|x86.Build.0 = Release|Any CPU
		{7A809F86-42BC-491D-9233-96C7D9783F1E}.Debug|Any CPU.ActiveCfg = Debug|Any CPU
		{7A809F86-42BC-491D-9233-96C7D9783F1E}.Debug|Any CPU.Build.0 = Debug|Any CPU
		{7A809F86-42BC-491D-9233-96C7D9783F1E}.Debug|x64.ActiveCfg = Debug|Any CPU
		{7A809F86-42BC-491D-9233-96C7D9783F1E}.Debug|x64.Build.0 = Debug|Any CPU
		{7A809F86-42BC-491D-9233-96C7D9783F1E}.Debug|x86.ActiveCfg = Debug|Any CPU
		{7A809F86-42BC-491D-9233-96C7D9783F1E}.Debug|x86.Build.0 = Debug|Any CPU
		{7A809F86-42BC-491D-9233-96C7D9783F1E}.Release|Any CPU.ActiveCfg = Release|Any CPU
		{7A809F86-42BC-491D-9233-96C7D9783F1E}.Release|Any CPU.Build.0 = Release|Any CPU
		{7A809F86-42BC-491D-9233-96C7D9783F1E}.Release|x64.ActiveCfg = Release|Any CPU
		{7A809F86-42BC-491D-9233-96C7D9783F1E}.Release|x64.Build.0 = Release|Any CPU
		{7A809F86-42BC-491D-9233-96C7D9783F1E}.Release|x86.ActiveCfg = Release|Any CPU
		{7A809F86-42BC-491D-9233-96C7D9783F1E}.Release|x86.Build.0 = Release|Any CPU
		{EE36AF6E-0DDB-44E8-8164-F0AAB803F533}.Debug|Any CPU.ActiveCfg = Debug|Any CPU
		{EE36AF6E-0DDB-44E8-8164-F0AAB803F533}.Debug|Any CPU.Build.0 = Debug|Any CPU
		{EE36AF6E-0DDB-44E8-8164-F0AAB803F533}.Debug|x64.ActiveCfg = Debug|Any CPU
		{EE36AF6E-0DDB-44E8-8164-F0AAB803F533}.Debug|x64.Build.0 = Debug|Any CPU
		{EE36AF6E-0DDB-44E8-8164-F0AAB803F533}.Debug|x86.ActiveCfg = Debug|Any CPU
		{EE36AF6E-0DDB-44E8-8164-F0AAB803F533}.Debug|x86.Build.0 = Debug|Any CPU
		{EE36AF6E-0DDB-44E8-8164-F0AAB803F533}.Release|Any CPU.ActiveCfg = Release|Any CPU
		{EE36AF6E-0DDB-44E8-8164-F0AAB803F533}.Release|Any CPU.Build.0 = Release|Any CPU
		{EE36AF6E-0DDB-44E8-8164-F0AAB803F533}.Release|x64.ActiveCfg = Release|Any CPU
		{EE36AF6E-0DDB-44E8-8164-F0AAB803F533}.Release|x64.Build.0 = Release|Any CPU
		{EE36AF6E-0DDB-44E8-8164-F0AAB803F533}.Release|x86.ActiveCfg = Release|Any CPU
		{EE36AF6E-0DDB-44E8-8164-F0AAB803F533}.Release|x86.Build.0 = Release|Any CPU
		{AF4124E7-7607-4C51-9132-23FB4CB4508A}.Debug|Any CPU.ActiveCfg = Debug|Any CPU
		{AF4124E7-7607-4C51-9132-23FB4CB4508A}.Debug|Any CPU.Build.0 = Debug|Any CPU
		{AF4124E7-7607-4C51-9132-23FB4CB4508A}.Debug|x64.ActiveCfg = Debug|Any CPU
		{AF4124E7-7607-4C51-9132-23FB4CB4508A}.Debug|x64.Build.0 = Debug|Any CPU
		{AF4124E7-7607-4C51-9132-23FB4CB4508A}.Debug|x86.ActiveCfg = Debug|Any CPU
		{AF4124E7-7607-4C51-9132-23FB4CB4508A}.Debug|x86.Build.0 = Debug|Any CPU
		{AF4124E7-7607-4C51-9132-23FB4CB4508A}.Release|Any CPU.ActiveCfg = Release|Any CPU
		{AF4124E7-7607-4C51-9132-23FB4CB4508A}.Release|Any CPU.Build.0 = Release|Any CPU
		{AF4124E7-7607-4C51-9132-23FB4CB4508A}.Release|x64.ActiveCfg = Release|Any CPU
		{AF4124E7-7607-4C51-9132-23FB4CB4508A}.Release|x64.Build.0 = Release|Any CPU
		{AF4124E7-7607-4C51-9132-23FB4CB4508A}.Release|x86.ActiveCfg = Release|Any CPU
		{AF4124E7-7607-4C51-9132-23FB4CB4508A}.Release|x86.Build.0 = Release|Any CPU
		{4CBA2DE2-648E-4F63-9D6C-5EBEDD705D90}.Debug|Any CPU.ActiveCfg = Debug|Any CPU
		{4CBA2DE2-648E-4F63-9D6C-5EBEDD705D90}.Debug|Any CPU.Build.0 = Debug|Any CPU
		{4CBA2DE2-648E-4F63-9D6C-5EBEDD705D90}.Debug|x64.ActiveCfg = Debug|Any CPU
		{4CBA2DE2-648E-4F63-9D6C-5EBEDD705D90}.Debug|x64.Build.0 = Debug|Any CPU
		{4CBA2DE2-648E-4F63-9D6C-5EBEDD705D90}.Debug|x86.ActiveCfg = Debug|Any CPU
		{4CBA2DE2-648E-4F63-9D6C-5EBEDD705D90}.Debug|x86.Build.0 = Debug|Any CPU
		{4CBA2DE2-648E-4F63-9D6C-5EBEDD705D90}.Release|Any CPU.ActiveCfg = Release|Any CPU
		{4CBA2DE2-648E-4F63-9D6C-5EBEDD705D90}.Release|Any CPU.Build.0 = Release|Any CPU
		{4CBA2DE2-648E-4F63-9D6C-5EBEDD705D90}.Release|x64.ActiveCfg = Release|Any CPU
		{4CBA2DE2-648E-4F63-9D6C-5EBEDD705D90}.Release|x64.Build.0 = Release|Any CPU
		{4CBA2DE2-648E-4F63-9D6C-5EBEDD705D90}.Release|x86.ActiveCfg = Release|Any CPU
		{4CBA2DE2-648E-4F63-9D6C-5EBEDD705D90}.Release|x86.Build.0 = Release|Any CPU
		{F1C60762-E7F4-4E9B-BBCB-4C604376E79D}.Debug|Any CPU.ActiveCfg = Debug|Any CPU
		{F1C60762-E7F4-4E9B-BBCB-4C604376E79D}.Debug|Any CPU.Build.0 = Debug|Any CPU
		{F1C60762-E7F4-4E9B-BBCB-4C604376E79D}.Debug|x64.ActiveCfg = Debug|Any CPU
		{F1C60762-E7F4-4E9B-BBCB-4C604376E79D}.Debug|x64.Build.0 = Debug|Any CPU
		{F1C60762-E7F4-4E9B-BBCB-4C604376E79D}.Debug|x86.ActiveCfg = Debug|Any CPU
		{F1C60762-E7F4-4E9B-BBCB-4C604376E79D}.Debug|x86.Build.0 = Debug|Any CPU
		{F1C60762-E7F4-4E9B-BBCB-4C604376E79D}.Release|Any CPU.ActiveCfg = Release|Any CPU
		{F1C60762-E7F4-4E9B-BBCB-4C604376E79D}.Release|Any CPU.Build.0 = Release|Any CPU
		{F1C60762-E7F4-4E9B-BBCB-4C604376E79D}.Release|x64.ActiveCfg = Release|Any CPU
		{F1C60762-E7F4-4E9B-BBCB-4C604376E79D}.Release|x64.Build.0 = Release|Any CPU
		{F1C60762-E7F4-4E9B-BBCB-4C604376E79D}.Release|x86.ActiveCfg = Release|Any CPU
		{F1C60762-E7F4-4E9B-BBCB-4C604376E79D}.Release|x86.Build.0 = Release|Any CPU
		{563A6D76-4C46-4485-ABF4-C8B381FDA705}.Debug|Any CPU.ActiveCfg = Debug|Any CPU
		{563A6D76-4C46-4485-ABF4-C8B381FDA705}.Debug|Any CPU.Build.0 = Debug|Any CPU
		{563A6D76-4C46-4485-ABF4-C8B381FDA705}.Debug|x64.ActiveCfg = Debug|Any CPU
		{563A6D76-4C46-4485-ABF4-C8B381FDA705}.Debug|x64.Build.0 = Debug|Any CPU
		{563A6D76-4C46-4485-ABF4-C8B381FDA705}.Debug|x86.ActiveCfg = Debug|Any CPU
		{563A6D76-4C46-4485-ABF4-C8B381FDA705}.Debug|x86.Build.0 = Debug|Any CPU
		{563A6D76-4C46-4485-ABF4-C8B381FDA705}.Release|Any CPU.ActiveCfg = Release|Any CPU
		{563A6D76-4C46-4485-ABF4-C8B381FDA705}.Release|Any CPU.Build.0 = Release|Any CPU
		{563A6D76-4C46-4485-ABF4-C8B381FDA705}.Release|x64.ActiveCfg = Release|Any CPU
		{563A6D76-4C46-4485-ABF4-C8B381FDA705}.Release|x64.Build.0 = Release|Any CPU
		{563A6D76-4C46-4485-ABF4-C8B381FDA705}.Release|x86.ActiveCfg = Release|Any CPU
		{563A6D76-4C46-4485-ABF4-C8B381FDA705}.Release|x86.Build.0 = Release|Any CPU
		{E62A3953-76E1-485F-8125-23D129B90954}.Debug|Any CPU.ActiveCfg = Debug|Any CPU
		{E62A3953-76E1-485F-8125-23D129B90954}.Debug|Any CPU.Build.0 = Debug|Any CPU
		{E62A3953-76E1-485F-8125-23D129B90954}.Debug|x64.ActiveCfg = Debug|Any CPU
		{E62A3953-76E1-485F-8125-23D129B90954}.Debug|x64.Build.0 = Debug|Any CPU
		{E62A3953-76E1-485F-8125-23D129B90954}.Debug|x86.ActiveCfg = Debug|Any CPU
		{E62A3953-76E1-485F-8125-23D129B90954}.Debug|x86.Build.0 = Debug|Any CPU
		{E62A3953-76E1-485F-8125-23D129B90954}.Release|Any CPU.ActiveCfg = Release|Any CPU
		{E62A3953-76E1-485F-8125-23D129B90954}.Release|Any CPU.Build.0 = Release|Any CPU
		{E62A3953-76E1-485F-8125-23D129B90954}.Release|x64.ActiveCfg = Release|Any CPU
		{E62A3953-76E1-485F-8125-23D129B90954}.Release|x64.Build.0 = Release|Any CPU
		{E62A3953-76E1-485F-8125-23D129B90954}.Release|x86.ActiveCfg = Release|Any CPU
		{E62A3953-76E1-485F-8125-23D129B90954}.Release|x86.Build.0 = Release|Any CPU
		{006C064B-8540-4F05-8C23-6FC1CAC7B127}.Debug|Any CPU.ActiveCfg = Debug|Any CPU
		{006C064B-8540-4F05-8C23-6FC1CAC7B127}.Debug|Any CPU.Build.0 = Debug|Any CPU
		{006C064B-8540-4F05-8C23-6FC1CAC7B127}.Debug|x64.ActiveCfg = Debug|Any CPU
		{006C064B-8540-4F05-8C23-6FC1CAC7B127}.Debug|x64.Build.0 = Debug|Any CPU
		{006C064B-8540-4F05-8C23-6FC1CAC7B127}.Debug|x86.ActiveCfg = Debug|Any CPU
		{006C064B-8540-4F05-8C23-6FC1CAC7B127}.Debug|x86.Build.0 = Debug|Any CPU
		{006C064B-8540-4F05-8C23-6FC1CAC7B127}.Release|Any CPU.ActiveCfg = Release|Any CPU
		{006C064B-8540-4F05-8C23-6FC1CAC7B127}.Release|Any CPU.Build.0 = Release|Any CPU
		{006C064B-8540-4F05-8C23-6FC1CAC7B127}.Release|x64.ActiveCfg = Release|Any CPU
		{006C064B-8540-4F05-8C23-6FC1CAC7B127}.Release|x64.Build.0 = Release|Any CPU
		{006C064B-8540-4F05-8C23-6FC1CAC7B127}.Release|x86.ActiveCfg = Release|Any CPU
		{006C064B-8540-4F05-8C23-6FC1CAC7B127}.Release|x86.Build.0 = Release|Any CPU
		{D22230BF-6568-44FD-8C99-D32943971E06}.Debug|Any CPU.ActiveCfg = Debug|Any CPU
		{D22230BF-6568-44FD-8C99-D32943971E06}.Debug|Any CPU.Build.0 = Debug|Any CPU
		{D22230BF-6568-44FD-8C99-D32943971E06}.Debug|x64.ActiveCfg = Debug|Any CPU
		{D22230BF-6568-44FD-8C99-D32943971E06}.Debug|x64.Build.0 = Debug|Any CPU
		{D22230BF-6568-44FD-8C99-D32943971E06}.Debug|x86.ActiveCfg = Debug|Any CPU
		{D22230BF-6568-44FD-8C99-D32943971E06}.Debug|x86.Build.0 = Debug|Any CPU
		{D22230BF-6568-44FD-8C99-D32943971E06}.Release|Any CPU.ActiveCfg = Release|Any CPU
		{D22230BF-6568-44FD-8C99-D32943971E06}.Release|Any CPU.Build.0 = Release|Any CPU
		{D22230BF-6568-44FD-8C99-D32943971E06}.Release|x64.ActiveCfg = Release|Any CPU
		{D22230BF-6568-44FD-8C99-D32943971E06}.Release|x64.Build.0 = Release|Any CPU
		{D22230BF-6568-44FD-8C99-D32943971E06}.Release|x86.ActiveCfg = Release|Any CPU
		{D22230BF-6568-44FD-8C99-D32943971E06}.Release|x86.Build.0 = Release|Any CPU
		{F5D752E3-7516-4EE0-81B9-8119CEA20691}.Debug|Any CPU.ActiveCfg = Debug|Any CPU
		{F5D752E3-7516-4EE0-81B9-8119CEA20691}.Debug|Any CPU.Build.0 = Debug|Any CPU
		{F5D752E3-7516-4EE0-81B9-8119CEA20691}.Debug|x64.ActiveCfg = Debug|Any CPU
		{F5D752E3-7516-4EE0-81B9-8119CEA20691}.Debug|x64.Build.0 = Debug|Any CPU
		{F5D752E3-7516-4EE0-81B9-8119CEA20691}.Debug|x86.ActiveCfg = Debug|Any CPU
		{F5D752E3-7516-4EE0-81B9-8119CEA20691}.Debug|x86.Build.0 = Debug|Any CPU
		{F5D752E3-7516-4EE0-81B9-8119CEA20691}.Release|Any CPU.ActiveCfg = Release|Any CPU
		{F5D752E3-7516-4EE0-81B9-8119CEA20691}.Release|Any CPU.Build.0 = Release|Any CPU
		{F5D752E3-7516-4EE0-81B9-8119CEA20691}.Release|x64.ActiveCfg = Release|Any CPU
		{F5D752E3-7516-4EE0-81B9-8119CEA20691}.Release|x64.Build.0 = Release|Any CPU
		{F5D752E3-7516-4EE0-81B9-8119CEA20691}.Release|x86.ActiveCfg = Release|Any CPU
		{F5D752E3-7516-4EE0-81B9-8119CEA20691}.Release|x86.Build.0 = Release|Any CPU
		{6B26989E-7144-493D-BC36-2C693FAB2813}.Debug|Any CPU.ActiveCfg = Debug|Any CPU
		{6B26989E-7144-493D-BC36-2C693FAB2813}.Debug|Any CPU.Build.0 = Debug|Any CPU
		{6B26989E-7144-493D-BC36-2C693FAB2813}.Debug|x64.ActiveCfg = Debug|Any CPU
		{6B26989E-7144-493D-BC36-2C693FAB2813}.Debug|x64.Build.0 = Debug|Any CPU
		{6B26989E-7144-493D-BC36-2C693FAB2813}.Debug|x86.ActiveCfg = Debug|Any CPU
		{6B26989E-7144-493D-BC36-2C693FAB2813}.Debug|x86.Build.0 = Debug|Any CPU
		{6B26989E-7144-493D-BC36-2C693FAB2813}.Release|Any CPU.ActiveCfg = Release|Any CPU
		{6B26989E-7144-493D-BC36-2C693FAB2813}.Release|Any CPU.Build.0 = Release|Any CPU
		{6B26989E-7144-493D-BC36-2C693FAB2813}.Release|x64.ActiveCfg = Release|Any CPU
		{6B26989E-7144-493D-BC36-2C693FAB2813}.Release|x64.Build.0 = Release|Any CPU
		{6B26989E-7144-493D-BC36-2C693FAB2813}.Release|x86.ActiveCfg = Release|Any CPU
		{6B26989E-7144-493D-BC36-2C693FAB2813}.Release|x86.Build.0 = Release|Any CPU
		{FCA10C1B-E747-4843-9665-82E3D84807A4}.Debug|Any CPU.ActiveCfg = Debug|Any CPU
		{FCA10C1B-E747-4843-9665-82E3D84807A4}.Debug|Any CPU.Build.0 = Debug|Any CPU
		{FCA10C1B-E747-4843-9665-82E3D84807A4}.Debug|x64.ActiveCfg = Debug|Any CPU
		{FCA10C1B-E747-4843-9665-82E3D84807A4}.Debug|x64.Build.0 = Debug|Any CPU
		{FCA10C1B-E747-4843-9665-82E3D84807A4}.Debug|x86.ActiveCfg = Debug|Any CPU
		{FCA10C1B-E747-4843-9665-82E3D84807A4}.Debug|x86.Build.0 = Debug|Any CPU
		{FCA10C1B-E747-4843-9665-82E3D84807A4}.Release|Any CPU.ActiveCfg = Release|Any CPU
		{FCA10C1B-E747-4843-9665-82E3D84807A4}.Release|Any CPU.Build.0 = Release|Any CPU
		{FCA10C1B-E747-4843-9665-82E3D84807A4}.Release|x64.ActiveCfg = Release|Any CPU
		{FCA10C1B-E747-4843-9665-82E3D84807A4}.Release|x64.Build.0 = Release|Any CPU
		{FCA10C1B-E747-4843-9665-82E3D84807A4}.Release|x86.ActiveCfg = Release|Any CPU
		{FCA10C1B-E747-4843-9665-82E3D84807A4}.Release|x86.Build.0 = Release|Any CPU
		{71A6F70F-A1AB-4489-8F80-389567C46AED}.Debug|Any CPU.ActiveCfg = Debug|Any CPU
		{71A6F70F-A1AB-4489-8F80-389567C46AED}.Debug|Any CPU.Build.0 = Debug|Any CPU
		{71A6F70F-A1AB-4489-8F80-389567C46AED}.Debug|x64.ActiveCfg = Debug|Any CPU
		{71A6F70F-A1AB-4489-8F80-389567C46AED}.Debug|x64.Build.0 = Debug|Any CPU
		{71A6F70F-A1AB-4489-8F80-389567C46AED}.Debug|x86.ActiveCfg = Debug|Any CPU
		{71A6F70F-A1AB-4489-8F80-389567C46AED}.Debug|x86.Build.0 = Debug|Any CPU
		{71A6F70F-A1AB-4489-8F80-389567C46AED}.Release|Any CPU.ActiveCfg = Release|Any CPU
		{71A6F70F-A1AB-4489-8F80-389567C46AED}.Release|Any CPU.Build.0 = Release|Any CPU
		{71A6F70F-A1AB-4489-8F80-389567C46AED}.Release|x64.ActiveCfg = Release|Any CPU
		{71A6F70F-A1AB-4489-8F80-389567C46AED}.Release|x64.Build.0 = Release|Any CPU
		{71A6F70F-A1AB-4489-8F80-389567C46AED}.Release|x86.ActiveCfg = Release|Any CPU
		{71A6F70F-A1AB-4489-8F80-389567C46AED}.Release|x86.Build.0 = Release|Any CPU
	EndGlobalSection
	GlobalSection(SolutionProperties) = preSolution
		HideSolutionNode = FALSE
	EndGlobalSection
	GlobalSection(ExtensibilityGlobals) = postSolution
		SolutionGuid = {DC77E4DB-C72E-4A6C-9CAA-90C9C2CD983F}
	EndGlobalSection
EndGlobal
