
Microsoft Visual Studio Solution File, Format Version 12.00
# Visual Studio 15
Project("{FAE04EC0-301F-11D3-BF4B-00C04F79EFBC}") = "RegressionTest1", "test\RegressionTest1\RegressionTest1.csproj", "{AF96BF83-A43F-4465-ACBB-F380C24789A7}"
EndProject
Project("{FAE04EC0-301F-11D3-BF4B-00C04F79EFBC}") = "Utilities", "src\Utilities\Utilities.csproj", "{9E6599FA-6999-4AD8-8B84-DF04135CFD38}"
EndProject
Project("{FAE04EC0-301F-11D3-BF4B-00C04F79EFBC}") = "Models", "src\Models\Models.csproj", "{60A34A19-2B12-46B0-9D1E-3D1FD0F05953}"
EndProject
Project("{FAE04EC0-301F-11D3-BF4B-00C04F79EFBC}") = "Tokenizer", "src\Tokenizer\Tokenizer.csproj", "{5D74AA9A-21C3-453F-A884-C764EBABBD2A}"
EndProject
Project("{FAE04EC0-301F-11D3-BF4B-00C04F79EFBC}") = "TransModels", "src\TransModels\TransModels.csproj", "{69357177-E120-45A0-BB35-A6AE1C9A0A9A}"
EndProject
Project("{FAE04EC0-301F-11D3-BF4B-00C04F79EFBC}") = "Trees", "src\Trees\Trees.csproj", "{A018D6EF-0506-414F-BA48-4B6228C903EE}"
EndProject
Project("{FAE04EC0-301F-11D3-BF4B-00C04F79EFBC}") = "ParallelFiles", "src\ParallelFiles\ParallelFiles.csproj", "{2E6C24A0-1416-4448-96C1-7A4312A5225E}"
EndProject
Project("{FAE04EC0-301F-11D3-BF4B-00C04F79EFBC}") = "GBI_Aligner", "src\GBI_Aligner\GBI_Aligner.csproj", "{E00526EA-1037-4560-8FB8-34EE1DEFAA05}"
EndProject
Project("{FAE04EC0-301F-11D3-BF4B-00C04F79EFBC}") = "AlignmentTool", "src\AlignmentTool\AlignmentTool.csproj", "{C209F8BA-58B3-4544-9D3D-B51F25B846D4}"
EndProject
Project("{FAE04EC0-301F-11D3-BF4B-00C04F79EFBC}") = "Api", "src\API\Api.csproj", "{AF0C6934-3F18-4474-ABD0-2CFF5E8A0BF8}"
EndProject
Project("{FAE04EC0-301F-11D3-BF4B-00C04F79EFBC}") = "Clear3Service", "src\Clear3Service\Clear3Service.csproj", "{7D0C8609-55FA-4EC6-8AB6-5560B19BDF73}"
EndProject
Project("{FAE04EC0-301F-11D3-BF4B-00C04F79EFBC}") = "RegressionTest2", "test\RegressionTest2\RegressionTest2.csproj", "{455A6441-4067-4A01-89A1-2977929B6983}"
EndProject
Project("{FAE04EC0-301F-11D3-BF4B-00C04F79EFBC}") = "RegressionTest3", "test\RegressionTest3\RegressionTest3.csproj", "{7A809F86-42BC-491D-9233-96C7D9783F1E}"
EndProject
Project("{FAE04EC0-301F-11D3-BF4B-00C04F79EFBC}") = "ApiImportExport", "src\ApiImportExport\ApiImportExport.csproj", "{9BC6E211-A261-42F2-9185-136BE2799C26}"
EndProject
Project("{FAE04EC0-301F-11D3-BF4B-00C04F79EFBC}") = "Clear3ServiceImportExport", "src\Clear3ServiceImportExport\Clear3ServiceImportExport.csproj", "{C698FF3C-06EE-4BE2-9B70-FF7F25A07472}"
EndProject
Project("{FAE04EC0-301F-11D3-BF4B-00C04F79EFBC}") = "Impl.Data", "src\Impl_Data\Impl.Data.csproj", "{8CE62C20-3EE7-46F0-9187-D03485A5C9F3}"
EndProject
Project("{FAE04EC0-301F-11D3-BF4B-00C04F79EFBC}") = "Impl.AutoAlign", "src\Impl.AutoAlign\Impl.AutoAlign.csproj", "{EE36AF6E-0DDB-44E8-8164-F0AAB803F533}"
EndProject
Project("{FAE04EC0-301F-11D3-BF4B-00C04F79EFBC}") = "Impl.TreeService", "src\Impl.TreeService\Impl.TreeService.csproj", "{AF4124E7-7607-4C51-9132-23FB4CB4508A}"
EndProject
Project("{FAE04EC0-301F-11D3-BF4B-00C04F79EFBC}") = "Impl.ResourceService", "src\Impl.ResourceService\Impl.ResourceService.csproj", "{4CBA2DE2-648E-4F63-9D6C-5EBEDD705D90}"
EndProject
Project("{FAE04EC0-301F-11D3-BF4B-00C04F79EFBC}") = "Miscellaneous", "src\Miscellaneous\Miscellaneous.csproj", "{D8F763D9-BC32-41BE-85F1-D00865D33319}"
EndProject
Global
	GlobalSection(SolutionConfigurationPlatforms) = preSolution
		Debug|Any CPU = Debug|Any CPU
		Release|Any CPU = Release|Any CPU
		Debug|x86 = Debug|x86
		Release|x86 = Release|x86
		Debug|x64 = Debug|x64
		Release|x64 = Release|x64
	EndGlobalSection
	GlobalSection(ProjectConfigurationPlatforms) = postSolution
		{AF96BF83-A43F-4465-ACBB-F380C24789A7}.Debug|Any CPU.ActiveCfg = Debug|Any CPU
		{AF96BF83-A43F-4465-ACBB-F380C24789A7}.Debug|Any CPU.Build.0 = Debug|Any CPU
		{AF96BF83-A43F-4465-ACBB-F380C24789A7}.Release|Any CPU.ActiveCfg = Release|Any CPU
		{AF96BF83-A43F-4465-ACBB-F380C24789A7}.Release|Any CPU.Build.0 = Release|Any CPU
		{AF96BF83-A43F-4465-ACBB-F380C24789A7}.Debug|x86.ActiveCfg = Debug|Any CPU
		{AF96BF83-A43F-4465-ACBB-F380C24789A7}.Debug|x86.Build.0 = Debug|Any CPU
		{AF96BF83-A43F-4465-ACBB-F380C24789A7}.Release|x86.ActiveCfg = Release|Any CPU
		{AF96BF83-A43F-4465-ACBB-F380C24789A7}.Release|x86.Build.0 = Release|Any CPU
		{AF96BF83-A43F-4465-ACBB-F380C24789A7}.Debug|x64.ActiveCfg = Debug|Any CPU
		{AF96BF83-A43F-4465-ACBB-F380C24789A7}.Debug|x64.Build.0 = Debug|Any CPU
		{AF96BF83-A43F-4465-ACBB-F380C24789A7}.Release|x64.ActiveCfg = Release|Any CPU
		{AF96BF83-A43F-4465-ACBB-F380C24789A7}.Release|x64.Build.0 = Release|Any CPU
		{9E6599FA-6999-4AD8-8B84-DF04135CFD38}.Debug|Any CPU.ActiveCfg = Debug|Any CPU
		{9E6599FA-6999-4AD8-8B84-DF04135CFD38}.Debug|Any CPU.Build.0 = Debug|Any CPU
		{9E6599FA-6999-4AD8-8B84-DF04135CFD38}.Release|Any CPU.ActiveCfg = Release|Any CPU
		{9E6599FA-6999-4AD8-8B84-DF04135CFD38}.Release|Any CPU.Build.0 = Release|Any CPU
		{9E6599FA-6999-4AD8-8B84-DF04135CFD38}.Debug|x86.ActiveCfg = Debug|x86
		{9E6599FA-6999-4AD8-8B84-DF04135CFD38}.Debug|x86.Build.0 = Debug|x86
		{9E6599FA-6999-4AD8-8B84-DF04135CFD38}.Release|x86.ActiveCfg = Release|x86
		{9E6599FA-6999-4AD8-8B84-DF04135CFD38}.Release|x86.Build.0 = Release|x86
		{9E6599FA-6999-4AD8-8B84-DF04135CFD38}.Debug|x64.ActiveCfg = Debug|Any CPU
		{9E6599FA-6999-4AD8-8B84-DF04135CFD38}.Debug|x64.Build.0 = Debug|Any CPU
		{9E6599FA-6999-4AD8-8B84-DF04135CFD38}.Release|x64.ActiveCfg = Release|Any CPU
		{9E6599FA-6999-4AD8-8B84-DF04135CFD38}.Release|x64.Build.0 = Release|Any CPU
		{60A34A19-2B12-46B0-9D1E-3D1FD0F05953}.Debug|Any CPU.ActiveCfg = Debug|Any CPU
		{60A34A19-2B12-46B0-9D1E-3D1FD0F05953}.Debug|Any CPU.Build.0 = Debug|Any CPU
		{60A34A19-2B12-46B0-9D1E-3D1FD0F05953}.Release|Any CPU.ActiveCfg = Release|Any CPU
		{60A34A19-2B12-46B0-9D1E-3D1FD0F05953}.Release|Any CPU.Build.0 = Release|Any CPU
		{60A34A19-2B12-46B0-9D1E-3D1FD0F05953}.Debug|x86.ActiveCfg = Debug|Any CPU
		{60A34A19-2B12-46B0-9D1E-3D1FD0F05953}.Debug|x86.Build.0 = Debug|Any CPU
		{60A34A19-2B12-46B0-9D1E-3D1FD0F05953}.Release|x86.ActiveCfg = Release|Any CPU
		{60A34A19-2B12-46B0-9D1E-3D1FD0F05953}.Release|x86.Build.0 = Release|Any CPU
		{60A34A19-2B12-46B0-9D1E-3D1FD0F05953}.Debug|x64.ActiveCfg = Debug|Any CPU
		{60A34A19-2B12-46B0-9D1E-3D1FD0F05953}.Debug|x64.Build.0 = Debug|Any CPU
		{60A34A19-2B12-46B0-9D1E-3D1FD0F05953}.Release|x64.ActiveCfg = Release|Any CPU
		{60A34A19-2B12-46B0-9D1E-3D1FD0F05953}.Release|x64.Build.0 = Release|Any CPU
		{5D74AA9A-21C3-453F-A884-C764EBABBD2A}.Debug|Any CPU.ActiveCfg = Debug|Any CPU
		{5D74AA9A-21C3-453F-A884-C764EBABBD2A}.Debug|Any CPU.Build.0 = Debug|Any CPU
		{5D74AA9A-21C3-453F-A884-C764EBABBD2A}.Release|Any CPU.ActiveCfg = Release|Any CPU
		{5D74AA9A-21C3-453F-A884-C764EBABBD2A}.Release|Any CPU.Build.0 = Release|Any CPU
		{5D74AA9A-21C3-453F-A884-C764EBABBD2A}.Debug|x86.ActiveCfg = Debug|Any CPU
		{5D74AA9A-21C3-453F-A884-C764EBABBD2A}.Debug|x86.Build.0 = Debug|Any CPU
		{5D74AA9A-21C3-453F-A884-C764EBABBD2A}.Release|x86.ActiveCfg = Release|Any CPU
		{5D74AA9A-21C3-453F-A884-C764EBABBD2A}.Release|x86.Build.0 = Release|Any CPU
		{5D74AA9A-21C3-453F-A884-C764EBABBD2A}.Debug|x64.ActiveCfg = Debug|Any CPU
		{5D74AA9A-21C3-453F-A884-C764EBABBD2A}.Debug|x64.Build.0 = Debug|Any CPU
		{5D74AA9A-21C3-453F-A884-C764EBABBD2A}.Release|x64.ActiveCfg = Release|Any CPU
		{5D74AA9A-21C3-453F-A884-C764EBABBD2A}.Release|x64.Build.0 = Release|Any CPU
		{69357177-E120-45A0-BB35-A6AE1C9A0A9A}.Debug|Any CPU.ActiveCfg = Debug|Any CPU
		{69357177-E120-45A0-BB35-A6AE1C9A0A9A}.Debug|Any CPU.Build.0 = Debug|Any CPU
		{69357177-E120-45A0-BB35-A6AE1C9A0A9A}.Release|Any CPU.ActiveCfg = Release|Any CPU
		{69357177-E120-45A0-BB35-A6AE1C9A0A9A}.Release|Any CPU.Build.0 = Release|Any CPU
		{69357177-E120-45A0-BB35-A6AE1C9A0A9A}.Debug|x86.ActiveCfg = Debug|Any CPU
		{69357177-E120-45A0-BB35-A6AE1C9A0A9A}.Debug|x86.Build.0 = Debug|Any CPU
		{69357177-E120-45A0-BB35-A6AE1C9A0A9A}.Release|x86.ActiveCfg = Release|Any CPU
		{69357177-E120-45A0-BB35-A6AE1C9A0A9A}.Release|x86.Build.0 = Release|Any CPU
		{69357177-E120-45A0-BB35-A6AE1C9A0A9A}.Debug|x64.ActiveCfg = Debug|Any CPU
		{69357177-E120-45A0-BB35-A6AE1C9A0A9A}.Debug|x64.Build.0 = Debug|Any CPU
		{69357177-E120-45A0-BB35-A6AE1C9A0A9A}.Release|x64.ActiveCfg = Release|Any CPU
		{69357177-E120-45A0-BB35-A6AE1C9A0A9A}.Release|x64.Build.0 = Release|Any CPU
		{A018D6EF-0506-414F-BA48-4B6228C903EE}.Debug|Any CPU.ActiveCfg = Debug|Any CPU
		{A018D6EF-0506-414F-BA48-4B6228C903EE}.Debug|Any CPU.Build.0 = Debug|Any CPU
		{A018D6EF-0506-414F-BA48-4B6228C903EE}.Release|Any CPU.ActiveCfg = Release|Any CPU
		{A018D6EF-0506-414F-BA48-4B6228C903EE}.Release|Any CPU.Build.0 = Release|Any CPU
		{A018D6EF-0506-414F-BA48-4B6228C903EE}.Debug|x86.ActiveCfg = Debug|x86
		{A018D6EF-0506-414F-BA48-4B6228C903EE}.Debug|x86.Build.0 = Debug|x86
		{A018D6EF-0506-414F-BA48-4B6228C903EE}.Release|x86.ActiveCfg = Release|x86
		{A018D6EF-0506-414F-BA48-4B6228C903EE}.Release|x86.Build.0 = Release|x86
		{A018D6EF-0506-414F-BA48-4B6228C903EE}.Debug|x64.ActiveCfg = Debug|Any CPU
		{A018D6EF-0506-414F-BA48-4B6228C903EE}.Debug|x64.Build.0 = Debug|Any CPU
		{A018D6EF-0506-414F-BA48-4B6228C903EE}.Release|x64.ActiveCfg = Release|Any CPU
		{A018D6EF-0506-414F-BA48-4B6228C903EE}.Release|x64.Build.0 = Release|Any CPU
		{2E6C24A0-1416-4448-96C1-7A4312A5225E}.Debug|Any CPU.ActiveCfg = Debug|Any CPU
		{2E6C24A0-1416-4448-96C1-7A4312A5225E}.Debug|Any CPU.Build.0 = Debug|Any CPU
		{2E6C24A0-1416-4448-96C1-7A4312A5225E}.Release|Any CPU.ActiveCfg = Release|Any CPU
		{2E6C24A0-1416-4448-96C1-7A4312A5225E}.Release|Any CPU.Build.0 = Release|Any CPU
		{2E6C24A0-1416-4448-96C1-7A4312A5225E}.Debug|x86.ActiveCfg = Debug|Any CPU
		{2E6C24A0-1416-4448-96C1-7A4312A5225E}.Debug|x86.Build.0 = Debug|Any CPU
		{2E6C24A0-1416-4448-96C1-7A4312A5225E}.Release|x86.ActiveCfg = Release|Any CPU
		{2E6C24A0-1416-4448-96C1-7A4312A5225E}.Release|x86.Build.0 = Release|Any CPU
		{2E6C24A0-1416-4448-96C1-7A4312A5225E}.Debug|x64.ActiveCfg = Debug|Any CPU
		{2E6C24A0-1416-4448-96C1-7A4312A5225E}.Debug|x64.Build.0 = Debug|Any CPU
		{2E6C24A0-1416-4448-96C1-7A4312A5225E}.Release|x64.ActiveCfg = Release|Any CPU
		{2E6C24A0-1416-4448-96C1-7A4312A5225E}.Release|x64.Build.0 = Release|Any CPU
		{E00526EA-1037-4560-8FB8-34EE1DEFAA05}.Debug|Any CPU.ActiveCfg = Debug|Any CPU
		{E00526EA-1037-4560-8FB8-34EE1DEFAA05}.Debug|Any CPU.Build.0 = Debug|Any CPU
		{E00526EA-1037-4560-8FB8-34EE1DEFAA05}.Release|Any CPU.ActiveCfg = Release|Any CPU
		{E00526EA-1037-4560-8FB8-34EE1DEFAA05}.Release|Any CPU.Build.0 = Release|Any CPU
		{E00526EA-1037-4560-8FB8-34EE1DEFAA05}.Debug|x86.ActiveCfg = Debug|x86
		{E00526EA-1037-4560-8FB8-34EE1DEFAA05}.Debug|x86.Build.0 = Debug|x86
		{E00526EA-1037-4560-8FB8-34EE1DEFAA05}.Release|x86.ActiveCfg = Release|x86
		{E00526EA-1037-4560-8FB8-34EE1DEFAA05}.Release|x86.Build.0 = Release|x86
		{E00526EA-1037-4560-8FB8-34EE1DEFAA05}.Debug|x64.ActiveCfg = Debug|x64
		{E00526EA-1037-4560-8FB8-34EE1DEFAA05}.Debug|x64.Build.0 = Debug|x64
		{E00526EA-1037-4560-8FB8-34EE1DEFAA05}.Release|x64.ActiveCfg = Release|x64
		{E00526EA-1037-4560-8FB8-34EE1DEFAA05}.Release|x64.Build.0 = Release|x64
		{C209F8BA-58B3-4544-9D3D-B51F25B846D4}.Debug|Any CPU.ActiveCfg = Debug|Any CPU
		{C209F8BA-58B3-4544-9D3D-B51F25B846D4}.Debug|Any CPU.Build.0 = Debug|Any CPU
		{C209F8BA-58B3-4544-9D3D-B51F25B846D4}.Release|Any CPU.ActiveCfg = Release|Any CPU
		{C209F8BA-58B3-4544-9D3D-B51F25B846D4}.Release|Any CPU.Build.0 = Release|Any CPU
		{C209F8BA-58B3-4544-9D3D-B51F25B846D4}.Debug|x86.ActiveCfg = Debug|Any CPU
		{C209F8BA-58B3-4544-9D3D-B51F25B846D4}.Debug|x86.Build.0 = Debug|Any CPU
		{C209F8BA-58B3-4544-9D3D-B51F25B846D4}.Release|x86.ActiveCfg = Release|Any CPU
		{C209F8BA-58B3-4544-9D3D-B51F25B846D4}.Release|x86.Build.0 = Release|Any CPU
		{C209F8BA-58B3-4544-9D3D-B51F25B846D4}.Debug|x64.ActiveCfg = Debug|x64
		{C209F8BA-58B3-4544-9D3D-B51F25B846D4}.Debug|x64.Build.0 = Debug|x64
		{C209F8BA-58B3-4544-9D3D-B51F25B846D4}.Release|x64.ActiveCfg = Release|x64
		{C209F8BA-58B3-4544-9D3D-B51F25B846D4}.Release|x64.Build.0 = Release|x64
		{AF0C6934-3F18-4474-ABD0-2CFF5E8A0BF8}.Debug|Any CPU.ActiveCfg = Debug|Any CPU
		{AF0C6934-3F18-4474-ABD0-2CFF5E8A0BF8}.Debug|Any CPU.Build.0 = Debug|Any CPU
		{AF0C6934-3F18-4474-ABD0-2CFF5E8A0BF8}.Release|Any CPU.ActiveCfg = Release|Any CPU
		{AF0C6934-3F18-4474-ABD0-2CFF5E8A0BF8}.Release|Any CPU.Build.0 = Release|Any CPU
		{AF0C6934-3F18-4474-ABD0-2CFF5E8A0BF8}.Debug|x86.ActiveCfg = Debug|Any CPU
		{AF0C6934-3F18-4474-ABD0-2CFF5E8A0BF8}.Debug|x86.Build.0 = Debug|Any CPU
		{AF0C6934-3F18-4474-ABD0-2CFF5E8A0BF8}.Release|x86.ActiveCfg = Release|Any CPU
		{AF0C6934-3F18-4474-ABD0-2CFF5E8A0BF8}.Release|x86.Build.0 = Release|Any CPU
		{AF0C6934-3F18-4474-ABD0-2CFF5E8A0BF8}.Debug|x64.ActiveCfg = Debug|Any CPU
		{AF0C6934-3F18-4474-ABD0-2CFF5E8A0BF8}.Debug|x64.Build.0 = Debug|Any CPU
		{AF0C6934-3F18-4474-ABD0-2CFF5E8A0BF8}.Release|x64.ActiveCfg = Release|Any CPU
		{AF0C6934-3F18-4474-ABD0-2CFF5E8A0BF8}.Release|x64.Build.0 = Release|Any CPU
		{7D0C8609-55FA-4EC6-8AB6-5560B19BDF73}.Debug|Any CPU.ActiveCfg = Debug|Any CPU
		{7D0C8609-55FA-4EC6-8AB6-5560B19BDF73}.Debug|Any CPU.Build.0 = Debug|Any CPU
		{7D0C8609-55FA-4EC6-8AB6-5560B19BDF73}.Release|Any CPU.ActiveCfg = Release|Any CPU
		{7D0C8609-55FA-4EC6-8AB6-5560B19BDF73}.Release|Any CPU.Build.0 = Release|Any CPU
		{7D0C8609-55FA-4EC6-8AB6-5560B19BDF73}.Debug|x86.ActiveCfg = Debug|Any CPU
		{7D0C8609-55FA-4EC6-8AB6-5560B19BDF73}.Debug|x86.Build.0 = Debug|Any CPU
		{7D0C8609-55FA-4EC6-8AB6-5560B19BDF73}.Release|x86.ActiveCfg = Release|Any CPU
		{7D0C8609-55FA-4EC6-8AB6-5560B19BDF73}.Release|x86.Build.0 = Release|Any CPU
		{7D0C8609-55FA-4EC6-8AB6-5560B19BDF73}.Debug|x64.ActiveCfg = Debug|Any CPU
		{7D0C8609-55FA-4EC6-8AB6-5560B19BDF73}.Debug|x64.Build.0 = Debug|Any CPU
		{7D0C8609-55FA-4EC6-8AB6-5560B19BDF73}.Release|x64.ActiveCfg = Release|Any CPU
		{7D0C8609-55FA-4EC6-8AB6-5560B19BDF73}.Release|x64.Build.0 = Release|Any CPU
		{455A6441-4067-4A01-89A1-2977929B6983}.Debug|Any CPU.ActiveCfg = Debug|Any CPU
		{455A6441-4067-4A01-89A1-2977929B6983}.Debug|Any CPU.Build.0 = Debug|Any CPU
		{455A6441-4067-4A01-89A1-2977929B6983}.Release|Any CPU.ActiveCfg = Release|Any CPU
		{455A6441-4067-4A01-89A1-2977929B6983}.Release|Any CPU.Build.0 = Release|Any CPU
		{455A6441-4067-4A01-89A1-2977929B6983}.Debug|x86.ActiveCfg = Debug|Any CPU
		{455A6441-4067-4A01-89A1-2977929B6983}.Debug|x86.Build.0 = Debug|Any CPU
		{455A6441-4067-4A01-89A1-2977929B6983}.Release|x86.ActiveCfg = Release|Any CPU
		{455A6441-4067-4A01-89A1-2977929B6983}.Release|x86.Build.0 = Release|Any CPU
		{455A6441-4067-4A01-89A1-2977929B6983}.Debug|x64.ActiveCfg = Debug|Any CPU
		{455A6441-4067-4A01-89A1-2977929B6983}.Debug|x64.Build.0 = Debug|Any CPU
		{455A6441-4067-4A01-89A1-2977929B6983}.Release|x64.ActiveCfg = Release|Any CPU
		{455A6441-4067-4A01-89A1-2977929B6983}.Release|x64.Build.0 = Release|Any CPU
		{7A809F86-42BC-491D-9233-96C7D9783F1E}.Debug|Any CPU.ActiveCfg = Debug|Any CPU
		{7A809F86-42BC-491D-9233-96C7D9783F1E}.Debug|Any CPU.Build.0 = Debug|Any CPU
		{7A809F86-42BC-491D-9233-96C7D9783F1E}.Release|Any CPU.ActiveCfg = Release|Any CPU
		{7A809F86-42BC-491D-9233-96C7D9783F1E}.Release|Any CPU.Build.0 = Release|Any CPU
		{7A809F86-42BC-491D-9233-96C7D9783F1E}.Debug|x86.ActiveCfg = Debug|Any CPU
		{7A809F86-42BC-491D-9233-96C7D9783F1E}.Debug|x86.Build.0 = Debug|Any CPU
		{7A809F86-42BC-491D-9233-96C7D9783F1E}.Release|x86.ActiveCfg = Release|Any CPU
		{7A809F86-42BC-491D-9233-96C7D9783F1E}.Release|x86.Build.0 = Release|Any CPU
		{7A809F86-42BC-491D-9233-96C7D9783F1E}.Debug|x64.ActiveCfg = Debug|Any CPU
		{7A809F86-42BC-491D-9233-96C7D9783F1E}.Debug|x64.Build.0 = Debug|Any CPU
		{7A809F86-42BC-491D-9233-96C7D9783F1E}.Release|x64.ActiveCfg = Release|Any CPU
		{7A809F86-42BC-491D-9233-96C7D9783F1E}.Release|x64.Build.0 = Release|Any CPU
		{9BC6E211-A261-42F2-9185-136BE2799C26}.Debug|Any CPU.ActiveCfg = Debug|Any CPU
		{9BC6E211-A261-42F2-9185-136BE2799C26}.Debug|Any CPU.Build.0 = Debug|Any CPU
		{9BC6E211-A261-42F2-9185-136BE2799C26}.Release|Any CPU.ActiveCfg = Release|Any CPU
		{9BC6E211-A261-42F2-9185-136BE2799C26}.Release|Any CPU.Build.0 = Release|Any CPU
		{9BC6E211-A261-42F2-9185-136BE2799C26}.Debug|x86.ActiveCfg = Debug|Any CPU
		{9BC6E211-A261-42F2-9185-136BE2799C26}.Debug|x86.Build.0 = Debug|Any CPU
		{9BC6E211-A261-42F2-9185-136BE2799C26}.Release|x86.ActiveCfg = Release|Any CPU
		{9BC6E211-A261-42F2-9185-136BE2799C26}.Release|x86.Build.0 = Release|Any CPU
		{9BC6E211-A261-42F2-9185-136BE2799C26}.Debug|x64.ActiveCfg = Debug|Any CPU
		{9BC6E211-A261-42F2-9185-136BE2799C26}.Debug|x64.Build.0 = Debug|Any CPU
		{9BC6E211-A261-42F2-9185-136BE2799C26}.Release|x64.ActiveCfg = Release|Any CPU
		{9BC6E211-A261-42F2-9185-136BE2799C26}.Release|x64.Build.0 = Release|Any CPU
		{C698FF3C-06EE-4BE2-9B70-FF7F25A07472}.Debug|Any CPU.ActiveCfg = Debug|Any CPU
		{C698FF3C-06EE-4BE2-9B70-FF7F25A07472}.Debug|Any CPU.Build.0 = Debug|Any CPU
		{C698FF3C-06EE-4BE2-9B70-FF7F25A07472}.Release|Any CPU.ActiveCfg = Release|Any CPU
		{C698FF3C-06EE-4BE2-9B70-FF7F25A07472}.Release|Any CPU.Build.0 = Release|Any CPU
		{C698FF3C-06EE-4BE2-9B70-FF7F25A07472}.Debug|x86.ActiveCfg = Debug|Any CPU
		{C698FF3C-06EE-4BE2-9B70-FF7F25A07472}.Debug|x86.Build.0 = Debug|Any CPU
		{C698FF3C-06EE-4BE2-9B70-FF7F25A07472}.Release|x86.ActiveCfg = Release|Any CPU
		{C698FF3C-06EE-4BE2-9B70-FF7F25A07472}.Release|x86.Build.0 = Release|Any CPU
		{C698FF3C-06EE-4BE2-9B70-FF7F25A07472}.Debug|x64.ActiveCfg = Debug|Any CPU
		{C698FF3C-06EE-4BE2-9B70-FF7F25A07472}.Debug|x64.Build.0 = Debug|Any CPU
		{C698FF3C-06EE-4BE2-9B70-FF7F25A07472}.Release|x64.ActiveCfg = Release|Any CPU
		{C698FF3C-06EE-4BE2-9B70-FF7F25A07472}.Release|x64.Build.0 = Release|Any CPU
		{8CE62C20-3EE7-46F0-9187-D03485A5C9F3}.Debug|Any CPU.ActiveCfg = Debug|Any CPU
		{8CE62C20-3EE7-46F0-9187-D03485A5C9F3}.Debug|Any CPU.Build.0 = Debug|Any CPU
		{8CE62C20-3EE7-46F0-9187-D03485A5C9F3}.Release|Any CPU.ActiveCfg = Release|Any CPU
		{8CE62C20-3EE7-46F0-9187-D03485A5C9F3}.Release|Any CPU.Build.0 = Release|Any CPU
		{8CE62C20-3EE7-46F0-9187-D03485A5C9F3}.Debug|x86.ActiveCfg = Debug|Any CPU
		{8CE62C20-3EE7-46F0-9187-D03485A5C9F3}.Debug|x86.Build.0 = Debug|Any CPU
		{8CE62C20-3EE7-46F0-9187-D03485A5C9F3}.Release|x86.ActiveCfg = Release|Any CPU
		{8CE62C20-3EE7-46F0-9187-D03485A5C9F3}.Release|x86.Build.0 = Release|Any CPU
		{8CE62C20-3EE7-46F0-9187-D03485A5C9F3}.Debug|x64.ActiveCfg = Debug|Any CPU
		{8CE62C20-3EE7-46F0-9187-D03485A5C9F3}.Debug|x64.Build.0 = Debug|Any CPU
		{8CE62C20-3EE7-46F0-9187-D03485A5C9F3}.Release|x64.ActiveCfg = Release|Any CPU
		{8CE62C20-3EE7-46F0-9187-D03485A5C9F3}.Release|x64.Build.0 = Release|Any CPU
		{EE36AF6E-0DDB-44E8-8164-F0AAB803F533}.Debug|Any CPU.ActiveCfg = Debug|Any CPU
		{EE36AF6E-0DDB-44E8-8164-F0AAB803F533}.Debug|Any CPU.Build.0 = Debug|Any CPU
		{EE36AF6E-0DDB-44E8-8164-F0AAB803F533}.Release|Any CPU.ActiveCfg = Release|Any CPU
		{EE36AF6E-0DDB-44E8-8164-F0AAB803F533}.Release|Any CPU.Build.0 = Release|Any CPU
		{EE36AF6E-0DDB-44E8-8164-F0AAB803F533}.Debug|x86.ActiveCfg = Debug|Any CPU
		{EE36AF6E-0DDB-44E8-8164-F0AAB803F533}.Debug|x86.Build.0 = Debug|Any CPU
		{EE36AF6E-0DDB-44E8-8164-F0AAB803F533}.Release|x86.ActiveCfg = Release|Any CPU
		{EE36AF6E-0DDB-44E8-8164-F0AAB803F533}.Release|x86.Build.0 = Release|Any CPU
		{EE36AF6E-0DDB-44E8-8164-F0AAB803F533}.Debug|x64.ActiveCfg = Debug|Any CPU
		{EE36AF6E-0DDB-44E8-8164-F0AAB803F533}.Debug|x64.Build.0 = Debug|Any CPU
		{EE36AF6E-0DDB-44E8-8164-F0AAB803F533}.Release|x64.ActiveCfg = Release|Any CPU
		{EE36AF6E-0DDB-44E8-8164-F0AAB803F533}.Release|x64.Build.0 = Release|Any CPU
		{AF4124E7-7607-4C51-9132-23FB4CB4508A}.Debug|Any CPU.ActiveCfg = Debug|Any CPU
		{AF4124E7-7607-4C51-9132-23FB4CB4508A}.Debug|Any CPU.Build.0 = Debug|Any CPU
		{AF4124E7-7607-4C51-9132-23FB4CB4508A}.Release|Any CPU.ActiveCfg = Release|Any CPU
		{AF4124E7-7607-4C51-9132-23FB4CB4508A}.Release|Any CPU.Build.0 = Release|Any CPU
		{AF4124E7-7607-4C51-9132-23FB4CB4508A}.Debug|x86.ActiveCfg = Debug|Any CPU
		{AF4124E7-7607-4C51-9132-23FB4CB4508A}.Debug|x86.Build.0 = Debug|Any CPU
		{AF4124E7-7607-4C51-9132-23FB4CB4508A}.Release|x86.ActiveCfg = Release|Any CPU
		{AF4124E7-7607-4C51-9132-23FB4CB4508A}.Release|x86.Build.0 = Release|Any CPU
		{AF4124E7-7607-4C51-9132-23FB4CB4508A}.Debug|x64.ActiveCfg = Debug|Any CPU
		{AF4124E7-7607-4C51-9132-23FB4CB4508A}.Debug|x64.Build.0 = Debug|Any CPU
		{AF4124E7-7607-4C51-9132-23FB4CB4508A}.Release|x64.ActiveCfg = Release|Any CPU
		{AF4124E7-7607-4C51-9132-23FB4CB4508A}.Release|x64.Build.0 = Release|Any CPU
		{4CBA2DE2-648E-4F63-9D6C-5EBEDD705D90}.Debug|Any CPU.ActiveCfg = Debug|Any CPU
		{4CBA2DE2-648E-4F63-9D6C-5EBEDD705D90}.Debug|Any CPU.Build.0 = Debug|Any CPU
		{4CBA2DE2-648E-4F63-9D6C-5EBEDD705D90}.Release|Any CPU.ActiveCfg = Release|Any CPU
		{4CBA2DE2-648E-4F63-9D6C-5EBEDD705D90}.Release|Any CPU.Build.0 = Release|Any CPU
		{4CBA2DE2-648E-4F63-9D6C-5EBEDD705D90}.Debug|x86.ActiveCfg = Debug|Any CPU
		{4CBA2DE2-648E-4F63-9D6C-5EBEDD705D90}.Debug|x86.Build.0 = Debug|Any CPU
		{4CBA2DE2-648E-4F63-9D6C-5EBEDD705D90}.Release|x86.ActiveCfg = Release|Any CPU
		{4CBA2DE2-648E-4F63-9D6C-5EBEDD705D90}.Release|x86.Build.0 = Release|Any CPU
		{4CBA2DE2-648E-4F63-9D6C-5EBEDD705D90}.Debug|x64.ActiveCfg = Debug|Any CPU
		{4CBA2DE2-648E-4F63-9D6C-5EBEDD705D90}.Debug|x64.Build.0 = Debug|Any CPU
		{4CBA2DE2-648E-4F63-9D6C-5EBEDD705D90}.Release|x64.ActiveCfg = Release|Any CPU
		{4CBA2DE2-648E-4F63-9D6C-5EBEDD705D90}.Release|x64.Build.0 = Release|Any CPU
		{D8F763D9-BC32-41BE-85F1-D00865D33319}.Debug|Any CPU.ActiveCfg = Debug|Any CPU
		{D8F763D9-BC32-41BE-85F1-D00865D33319}.Debug|Any CPU.Build.0 = Debug|Any CPU
		{D8F763D9-BC32-41BE-85F1-D00865D33319}.Release|Any CPU.ActiveCfg = Release|Any CPU
		{D8F763D9-BC32-41BE-85F1-D00865D33319}.Release|Any CPU.Build.0 = Release|Any CPU
		{D8F763D9-BC32-41BE-85F1-D00865D33319}.Debug|x86.ActiveCfg = Debug|Any CPU
		{D8F763D9-BC32-41BE-85F1-D00865D33319}.Debug|x86.Build.0 = Debug|Any CPU
		{D8F763D9-BC32-41BE-85F1-D00865D33319}.Release|x86.ActiveCfg = Release|Any CPU
		{D8F763D9-BC32-41BE-85F1-D00865D33319}.Release|x86.Build.0 = Release|Any CPU
		{D8F763D9-BC32-41BE-85F1-D00865D33319}.Debug|x64.ActiveCfg = Debug|Any CPU
		{D8F763D9-BC32-41BE-85F1-D00865D33319}.Debug|x64.Build.0 = Debug|Any CPU
		{D8F763D9-BC32-41BE-85F1-D00865D33319}.Release|x64.ActiveCfg = Release|Any CPU
		{D8F763D9-BC32-41BE-85F1-D00865D33319}.Release|x64.Build.0 = Release|Any CPU
	EndGlobalSection
EndGlobal
