Microsoft Visual Studio Solution File, Format Version 12.00
# Visual Studio Version 17
VisualStudioVersion = 17.0.32014.148
MinimumVisualStudioVersion = 10.0.40219.1
Project("{2150E333-8FDC-42A3-9474-1A3956D46DE8}") = "Solution Items", "Solution Items", "{5D9A140A-627B-4C02-A52A-AE37DA08CA1D}"
	ProjectSection(SolutionItems) = preProject
		.editorconfig = .editorconfig
		nuget.config = nuget.config
		ClearBible.Engine.nuspec = ClearBible.Engine.nuspec
		nuget.md = nuget.md
		README.md = README.md
	EndProjectSection
EndProject
Project("{9A19103F-16F7-4668-BE54-9A1E7A4F7556}") = "ClearBible.Engine", "src\ClearBible.Engine\ClearBible.Engine.csproj", "{3193BE44-D3A0-4295-B5CD-8FC0E6C3AB89}"
EndProject
Project("{2150E333-8FDC-42A3-9474-1A3956D46DE8}") = "src", "src", "{7482DD51-0079-4E07-A895-87ACFD1307CA}"
EndProject
Project("{2150E333-8FDC-42A3-9474-1A3956D46DE8}") = "tests", "tests", "{141EA517-A534-48B4-80BB-50341B965F92}"
EndProject
Project("{2150E333-8FDC-42A3-9474-1A3956D46DE8}") = "machine", "machine", "{B5946578-8BB0-45C5-9D64-028ED687B3D4}"
EndProject
Project("{2150E333-8FDC-42A3-9474-1A3956D46DE8}") = "samples", "samples", "{1B672C9E-C885-4416-9556-2A5A24DE5BDE}"
EndProject
Project("{2150E333-8FDC-42A3-9474-1A3956D46DE8}") = "src", "src", "{DF937D83-E9DA-4D51-8A82-68B1270517DB}"
EndProject
Project("{2150E333-8FDC-42A3-9474-1A3956D46DE8}") = "tests", "tests", "{75A5A99C-FD8B-4F92-AA1C-AAD27F06D197}"
EndProject
Project("{9A19103F-16F7-4668-BE54-9A1E7A4F7556}") = "SIL.Machine.Translation.TestApp", "..\machine\samples\SIL.Machine.Translation.TestApp\SIL.Machine.Translation.TestApp.csproj", "{B77A9AF9-3C1F-4250-8B18-6136309C16DF}"
EndProject
Project("{9A19103F-16F7-4668-BE54-9A1E7A4F7556}") = "SIL.Machine.Translation.TestApp.Gtk", "..\machine\samples\SIL.Machine.Translation.TestApp.Gtk\SIL.Machine.Translation.TestApp.Gtk.csproj", "{DA797D3F-D489-41A4-B221-0FD4EF5B72A0}"
EndProject
Project("{9A19103F-16F7-4668-BE54-9A1E7A4F7556}") = "SIL.Machine.Translation.TestApp.Mac", "..\machine\samples\SIL.Machine.Translation.TestApp.Mac\SIL.Machine.Translation.TestApp.Mac.csproj", "{BCF60E61-E53F-4543-9E7E-93888936191F}"
EndProject
Project("{9A19103F-16F7-4668-BE54-9A1E7A4F7556}") = "SIL.Machine.Translation.TestApp.Wpf", "..\machine\samples\SIL.Machine.Translation.TestApp.Wpf\SIL.Machine.Translation.TestApp.Wpf.csproj", "{7540A582-B5B9-4805-A7A6-09F853FBB0D4}"
EndProject
Project("{9A19103F-16F7-4668-BE54-9A1E7A4F7556}") = "SIL.Machine", "..\machine\src\SIL.Machine\SIL.Machine.csproj", "{EFFCB26F-2A6B-40A2-8389-425FC27D489E}"
EndProject
Project("{9A19103F-16F7-4668-BE54-9A1E7A4F7556}") = "SIL.Machine.Morphology.HermitCrab", "..\machine\src\SIL.Machine.Morphology.HermitCrab\SIL.Machine.Morphology.HermitCrab.csproj", "{F083455D-F921-48A8-BA2C-F010D4E5F2AE}"
EndProject
Project("{9A19103F-16F7-4668-BE54-9A1E7A4F7556}") = "SIL.Machine.Morphology.HermitCrab.Tool", "..\machine\src\SIL.Machine.Morphology.HermitCrab.Tool\SIL.Machine.Morphology.HermitCrab.Tool.csproj", "{A44B6882-B7A3-43D0-961A-DBD608A799FA}"
EndProject
Project("{9A19103F-16F7-4668-BE54-9A1E7A4F7556}") = "SIL.Machine.Plugin", "..\machine\src\SIL.Machine.Plugin\SIL.Machine.Plugin.csproj", "{87B29A6A-5D70-4BE6-BD3C-DC0C7E868F48}"
EndProject
Project("{9A19103F-16F7-4668-BE54-9A1E7A4F7556}") = "SIL.Machine.Tool", "..\machine\src\SIL.Machine.Tool\SIL.Machine.Tool.csproj", "{8A476A7E-E5A8-4A23-ADCC-A76F8980DCB2}"
EndProject
Project("{9A19103F-16F7-4668-BE54-9A1E7A4F7556}") = "SIL.Machine.Translation.TensorFlow", "..\machine\src\SIL.Machine.Translation.TensorFlow\SIL.Machine.Translation.TensorFlow.csproj", "{74014C56-3B09-425A-BA12-5D6B833D86F4}"
EndProject
Project("{9A19103F-16F7-4668-BE54-9A1E7A4F7556}") = "SIL.Machine.Translation.Thot", "..\machine\src\SIL.Machine.Translation.Thot\SIL.Machine.Translation.Thot.csproj", "{0E83BDF3-A34B-4AE7-AFC2-1DB5A86E5532}"
EndProject
Project("{9A19103F-16F7-4668-BE54-9A1E7A4F7556}") = "SIL.Machine.WebApi", "..\machine\src\SIL.Machine.WebApi\SIL.Machine.WebApi.csproj", "{729B8811-7130-40D5-B65A-F52ED2130F30}"
EndProject
Project("{9A19103F-16F7-4668-BE54-9A1E7A4F7556}") = "SIL.Machine.Morphology.HermitCrab.Tests", "..\machine\tests\SIL.Machine.Morphology.HermitCrab.Tests\SIL.Machine.Morphology.HermitCrab.Tests.csproj", "{77557622-8557-4C70-BB70-D12B69D8F005}"
EndProject
Project("{9A19103F-16F7-4668-BE54-9A1E7A4F7556}") = "SIL.Machine.Tests", "..\machine\tests\SIL.Machine.Tests\SIL.Machine.Tests.csproj", "{2FE61A0A-B9B2-4382-82C8-EAE52935FBBE}"
EndProject
Project("{9A19103F-16F7-4668-BE54-9A1E7A4F7556}") = "SIL.Machine.Translation.Thot.Tests", "..\machine\tests\SIL.Machine.Translation.Thot.Tests\SIL.Machine.Translation.Thot.Tests.csproj", "{F59A353C-CB38-46E1-A7B7-2FD4B996FC3A}"
EndProject
Project("{9A19103F-16F7-4668-BE54-9A1E7A4F7556}") = "SIL.Machine.WebApi.Tests", "..\machine\tests\SIL.Machine.WebApi.Tests\SIL.Machine.WebApi.Tests.csproj", "{7300AA6F-AC0F-4EF6-AA44-54757BFC425D}"
EndProject
Project("{9A19103F-16F7-4668-BE54-9A1E7A4F7556}") = "ClearBible.Engine.SyntaxTree", "src\ClearBible.Engine.SyntaxTree\ClearBible.Engine.SyntaxTree.csproj", "{634A61DF-C86C-46C0-801D-FF251A8CA00D}"
EndProject
Project("{9A19103F-16F7-4668-BE54-9A1E7A4F7556}") = "ClearBible.Engine.SyntaxTree.Aligner", "src\ClearBible.Engine.SyntaxTree.Aligner\ClearBible.Engine.SyntaxTree.Aligner.csproj", "{4D5C279E-C615-4F1A-AD0A-5FD5A925618B}"
EndProject
Project("{9A19103F-16F7-4668-BE54-9A1E7A4F7556}") = "ClearBible.Engine.Tests", "test\ClearBible.Engine.Tests\ClearBible.Engine.Tests.csproj", "{BB24A376-66A5-4B0A-9527-8812BE211929}"
EndProject
Project("{9A19103F-16F7-4668-BE54-9A1E7A4F7556}") = "ClearBible.Engine.SyntaxTree.Aligner.Tests", "test\ClearBible.Engine.SyntaxTree.Aligner.Tests\ClearBible.Engine.SyntaxTree.Aligner.Tests.csproj", "{613A1A9A-9A3B-4EC0-8530-A3ED4A685915}"
EndProject
Project("{9A19103F-16F7-4668-BE54-9A1E7A4F7556}") = "ClearBible.Engine.SyntaxTree.Tests", "test\ClearBible.Engine.SyntaxTree.Tests\ClearBible.Engine.SyntaxTree.Tests.csproj", "{8BE18BDC-D1CC-4DA1-A091-52E051BBE1C4}"
EndProject
Project("{9A19103F-16F7-4668-BE54-9A1E7A4F7556}") = "ClearBible.Macula.PropertiesSources", "src\ClearBible.Macula.PropertiesSources\ClearBible.Macula.PropertiesSources.csproj", "{78C06854-4B06-4C1E-A154-16326E6CF339}"
EndProject
Project("{9A19103F-16F7-4668-BE54-9A1E7A4F7556}") = "ClearBible.MaculaPropertiesSources.ETL", "src\ClearBible.MaculaPropertiesSources.ETL\ClearBible.MaculaPropertiesSources.ETL.csproj", "{C162B90F-C88A-4FF6-A1D7-1EA4EF468AC2}"
EndProject
Global
	GlobalSection(SolutionConfigurationPlatforms) = preSolution
		Debug|Any CPU = Debug|Any CPU
		Debug|x64 = Debug|x64
		Debug|x86 = Debug|x86
		Release|Any CPU = Release|Any CPU
		Release|x64 = Release|x64
		Release|x86 = Release|x86
	EndGlobalSection
	GlobalSection(ProjectConfigurationPlatforms) = postSolution
		{3193BE44-D3A0-4295-B5CD-8FC0E6C3AB89}.Debug|Any CPU.ActiveCfg = Debug|Any CPU
		{3193BE44-D3A0-4295-B5CD-8FC0E6C3AB89}.Debug|Any CPU.Build.0 = Debug|Any CPU
		{3193BE44-D3A0-4295-B5CD-8FC0E6C3AB89}.Debug|x64.ActiveCfg = Debug|Any CPU
		{3193BE44-D3A0-4295-B5CD-8FC0E6C3AB89}.Debug|x64.Build.0 = Debug|Any CPU
		{3193BE44-D3A0-4295-B5CD-8FC0E6C3AB89}.Debug|x86.ActiveCfg = Debug|Any CPU
		{3193BE44-D3A0-4295-B5CD-8FC0E6C3AB89}.Debug|x86.Build.0 = Debug|Any CPU
		{3193BE44-D3A0-4295-B5CD-8FC0E6C3AB89}.Release|Any CPU.ActiveCfg = Release|Any CPU
		{3193BE44-D3A0-4295-B5CD-8FC0E6C3AB89}.Release|Any CPU.Build.0 = Release|Any CPU
		{3193BE44-D3A0-4295-B5CD-8FC0E6C3AB89}.Release|x64.ActiveCfg = Release|Any CPU
		{3193BE44-D3A0-4295-B5CD-8FC0E6C3AB89}.Release|x64.Build.0 = Release|Any CPU
		{3193BE44-D3A0-4295-B5CD-8FC0E6C3AB89}.Release|x86.ActiveCfg = Release|Any CPU
		{3193BE44-D3A0-4295-B5CD-8FC0E6C3AB89}.Release|x86.Build.0 = Release|Any CPU
		{B77A9AF9-3C1F-4250-8B18-6136309C16DF}.Debug|Any CPU.ActiveCfg = Debug|Any CPU
		{B77A9AF9-3C1F-4250-8B18-6136309C16DF}.Debug|Any CPU.Build.0 = Debug|Any CPU
		{B77A9AF9-3C1F-4250-8B18-6136309C16DF}.Debug|x64.ActiveCfg = Debug|Any CPU
		{B77A9AF9-3C1F-4250-8B18-6136309C16DF}.Debug|x64.Build.0 = Debug|Any CPU
		{B77A9AF9-3C1F-4250-8B18-6136309C16DF}.Debug|x86.ActiveCfg = Debug|Any CPU
		{B77A9AF9-3C1F-4250-8B18-6136309C16DF}.Debug|x86.Build.0 = Debug|Any CPU
		{B77A9AF9-3C1F-4250-8B18-6136309C16DF}.Release|Any CPU.ActiveCfg = Release|Any CPU
		{B77A9AF9-3C1F-4250-8B18-6136309C16DF}.Release|Any CPU.Build.0 = Release|Any CPU
		{B77A9AF9-3C1F-4250-8B18-6136309C16DF}.Release|x64.ActiveCfg = Release|Any CPU
		{B77A9AF9-3C1F-4250-8B18-6136309C16DF}.Release|x64.Build.0 = Release|Any CPU
		{B77A9AF9-3C1F-4250-8B18-6136309C16DF}.Release|x86.ActiveCfg = Release|Any CPU
		{B77A9AF9-3C1F-4250-8B18-6136309C16DF}.Release|x86.Build.0 = Release|Any CPU
		{DA797D3F-D489-41A4-B221-0FD4EF5B72A0}.Debug|Any CPU.ActiveCfg = Debug|Any CPU
		{DA797D3F-D489-41A4-B221-0FD4EF5B72A0}.Debug|Any CPU.Build.0 = Debug|Any CPU
		{DA797D3F-D489-41A4-B221-0FD4EF5B72A0}.Debug|x64.ActiveCfg = Debug|Any CPU
		{DA797D3F-D489-41A4-B221-0FD4EF5B72A0}.Debug|x64.Build.0 = Debug|Any CPU
		{DA797D3F-D489-41A4-B221-0FD4EF5B72A0}.Debug|x86.ActiveCfg = Debug|Any CPU
		{DA797D3F-D489-41A4-B221-0FD4EF5B72A0}.Debug|x86.Build.0 = Debug|Any CPU
		{DA797D3F-D489-41A4-B221-0FD4EF5B72A0}.Release|Any CPU.ActiveCfg = Release|Any CPU
		{DA797D3F-D489-41A4-B221-0FD4EF5B72A0}.Release|Any CPU.Build.0 = Release|Any CPU
		{DA797D3F-D489-41A4-B221-0FD4EF5B72A0}.Release|x64.ActiveCfg = Release|Any CPU
		{DA797D3F-D489-41A4-B221-0FD4EF5B72A0}.Release|x64.Build.0 = Release|Any CPU
		{DA797D3F-D489-41A4-B221-0FD4EF5B72A0}.Release|x86.ActiveCfg = Release|Any CPU
		{DA797D3F-D489-41A4-B221-0FD4EF5B72A0}.Release|x86.Build.0 = Release|Any CPU
		{BCF60E61-E53F-4543-9E7E-93888936191F}.Debug|Any CPU.ActiveCfg = Debug|Any CPU
		{BCF60E61-E53F-4543-9E7E-93888936191F}.Debug|Any CPU.Build.0 = Debug|Any CPU
		{BCF60E61-E53F-4543-9E7E-93888936191F}.Debug|x64.ActiveCfg = Debug|Any CPU
		{BCF60E61-E53F-4543-9E7E-93888936191F}.Debug|x64.Build.0 = Debug|Any CPU
		{BCF60E61-E53F-4543-9E7E-93888936191F}.Debug|x86.ActiveCfg = Debug|Any CPU
		{BCF60E61-E53F-4543-9E7E-93888936191F}.Debug|x86.Build.0 = Debug|Any CPU
		{BCF60E61-E53F-4543-9E7E-93888936191F}.Release|Any CPU.ActiveCfg = Release|Any CPU
		{BCF60E61-E53F-4543-9E7E-93888936191F}.Release|Any CPU.Build.0 = Release|Any CPU
		{BCF60E61-E53F-4543-9E7E-93888936191F}.Release|x64.ActiveCfg = Release|Any CPU
		{BCF60E61-E53F-4543-9E7E-93888936191F}.Release|x64.Build.0 = Release|Any CPU
		{BCF60E61-E53F-4543-9E7E-93888936191F}.Release|x86.ActiveCfg = Release|Any CPU
		{BCF60E61-E53F-4543-9E7E-93888936191F}.Release|x86.Build.0 = Release|Any CPU
		{7540A582-B5B9-4805-A7A6-09F853FBB0D4}.Debug|Any CPU.ActiveCfg = Debug|Any CPU
		{7540A582-B5B9-4805-A7A6-09F853FBB0D4}.Debug|Any CPU.Build.0 = Debug|Any CPU
		{7540A582-B5B9-4805-A7A6-09F853FBB0D4}.Debug|x64.ActiveCfg = Debug|Any CPU
		{7540A582-B5B9-4805-A7A6-09F853FBB0D4}.Debug|x64.Build.0 = Debug|Any CPU
		{7540A582-B5B9-4805-A7A6-09F853FBB0D4}.Debug|x86.ActiveCfg = Debug|Any CPU
		{7540A582-B5B9-4805-A7A6-09F853FBB0D4}.Debug|x86.Build.0 = Debug|Any CPU
		{7540A582-B5B9-4805-A7A6-09F853FBB0D4}.Release|Any CPU.ActiveCfg = Release|Any CPU
		{7540A582-B5B9-4805-A7A6-09F853FBB0D4}.Release|Any CPU.Build.0 = Release|Any CPU
		{7540A582-B5B9-4805-A7A6-09F853FBB0D4}.Release|x64.ActiveCfg = Release|Any CPU
		{7540A582-B5B9-4805-A7A6-09F853FBB0D4}.Release|x64.Build.0 = Release|Any CPU
		{7540A582-B5B9-4805-A7A6-09F853FBB0D4}.Release|x86.ActiveCfg = Release|Any CPU
		{7540A582-B5B9-4805-A7A6-09F853FBB0D4}.Release|x86.Build.0 = Release|Any CPU
		{EFFCB26F-2A6B-40A2-8389-425FC27D489E}.Debug|Any CPU.ActiveCfg = Debug|Any CPU
		{EFFCB26F-2A6B-40A2-8389-425FC27D489E}.Debug|Any CPU.Build.0 = Debug|Any CPU
		{EFFCB26F-2A6B-40A2-8389-425FC27D489E}.Debug|x64.ActiveCfg = Debug|Any CPU
		{EFFCB26F-2A6B-40A2-8389-425FC27D489E}.Debug|x64.Build.0 = Debug|Any CPU
		{EFFCB26F-2A6B-40A2-8389-425FC27D489E}.Debug|x86.ActiveCfg = Debug|Any CPU
		{EFFCB26F-2A6B-40A2-8389-425FC27D489E}.Debug|x86.Build.0 = Debug|Any CPU
		{EFFCB26F-2A6B-40A2-8389-425FC27D489E}.Release|Any CPU.ActiveCfg = Release|Any CPU
		{EFFCB26F-2A6B-40A2-8389-425FC27D489E}.Release|Any CPU.Build.0 = Release|Any CPU
		{EFFCB26F-2A6B-40A2-8389-425FC27D489E}.Release|x64.ActiveCfg = Release|Any CPU
		{EFFCB26F-2A6B-40A2-8389-425FC27D489E}.Release|x64.Build.0 = Release|Any CPU
		{EFFCB26F-2A6B-40A2-8389-425FC27D489E}.Release|x86.ActiveCfg = Release|Any CPU
		{EFFCB26F-2A6B-40A2-8389-425FC27D489E}.Release|x86.Build.0 = Release|Any CPU
		{F083455D-F921-48A8-BA2C-F010D4E5F2AE}.Debug|Any CPU.ActiveCfg = Debug|Any CPU
		{F083455D-F921-48A8-BA2C-F010D4E5F2AE}.Debug|Any CPU.Build.0 = Debug|Any CPU
		{F083455D-F921-48A8-BA2C-F010D4E5F2AE}.Debug|x64.ActiveCfg = Debug|Any CPU
		{F083455D-F921-48A8-BA2C-F010D4E5F2AE}.Debug|x64.Build.0 = Debug|Any CPU
		{F083455D-F921-48A8-BA2C-F010D4E5F2AE}.Debug|x86.ActiveCfg = Debug|Any CPU
		{F083455D-F921-48A8-BA2C-F010D4E5F2AE}.Debug|x86.Build.0 = Debug|Any CPU
		{F083455D-F921-48A8-BA2C-F010D4E5F2AE}.Release|Any CPU.ActiveCfg = Release|Any CPU
		{F083455D-F921-48A8-BA2C-F010D4E5F2AE}.Release|Any CPU.Build.0 = Release|Any CPU
		{F083455D-F921-48A8-BA2C-F010D4E5F2AE}.Release|x64.ActiveCfg = Release|Any CPU
		{F083455D-F921-48A8-BA2C-F010D4E5F2AE}.Release|x64.Build.0 = Release|Any CPU
		{F083455D-F921-48A8-BA2C-F010D4E5F2AE}.Release|x86.ActiveCfg = Release|Any CPU
		{F083455D-F921-48A8-BA2C-F010D4E5F2AE}.Release|x86.Build.0 = Release|Any CPU
		{A44B6882-B7A3-43D0-961A-DBD608A799FA}.Debug|Any CPU.ActiveCfg = Debug|Any CPU
		{A44B6882-B7A3-43D0-961A-DBD608A799FA}.Debug|Any CPU.Build.0 = Debug|Any CPU
		{A44B6882-B7A3-43D0-961A-DBD608A799FA}.Debug|x64.ActiveCfg = Debug|Any CPU
		{A44B6882-B7A3-43D0-961A-DBD608A799FA}.Debug|x64.Build.0 = Debug|Any CPU
		{A44B6882-B7A3-43D0-961A-DBD608A799FA}.Debug|x86.ActiveCfg = Debug|Any CPU
		{A44B6882-B7A3-43D0-961A-DBD608A799FA}.Debug|x86.Build.0 = Debug|Any CPU
		{A44B6882-B7A3-43D0-961A-DBD608A799FA}.Release|Any CPU.ActiveCfg = Release|Any CPU
		{A44B6882-B7A3-43D0-961A-DBD608A799FA}.Release|Any CPU.Build.0 = Release|Any CPU
		{A44B6882-B7A3-43D0-961A-DBD608A799FA}.Release|x64.ActiveCfg = Release|Any CPU
		{A44B6882-B7A3-43D0-961A-DBD608A799FA}.Release|x64.Build.0 = Release|Any CPU
		{A44B6882-B7A3-43D0-961A-DBD608A799FA}.Release|x86.ActiveCfg = Release|Any CPU
		{A44B6882-B7A3-43D0-961A-DBD608A799FA}.Release|x86.Build.0 = Release|Any CPU
		{87B29A6A-5D70-4BE6-BD3C-DC0C7E868F48}.Debug|Any CPU.ActiveCfg = Debug|Any CPU
		{87B29A6A-5D70-4BE6-BD3C-DC0C7E868F48}.Debug|Any CPU.Build.0 = Debug|Any CPU
		{87B29A6A-5D70-4BE6-BD3C-DC0C7E868F48}.Debug|x64.ActiveCfg = Debug|Any CPU
		{87B29A6A-5D70-4BE6-BD3C-DC0C7E868F48}.Debug|x64.Build.0 = Debug|Any CPU
		{87B29A6A-5D70-4BE6-BD3C-DC0C7E868F48}.Debug|x86.ActiveCfg = Debug|Any CPU
		{87B29A6A-5D70-4BE6-BD3C-DC0C7E868F48}.Debug|x86.Build.0 = Debug|Any CPU
		{87B29A6A-5D70-4BE6-BD3C-DC0C7E868F48}.Release|Any CPU.ActiveCfg = Release|Any CPU
		{87B29A6A-5D70-4BE6-BD3C-DC0C7E868F48}.Release|Any CPU.Build.0 = Release|Any CPU
		{87B29A6A-5D70-4BE6-BD3C-DC0C7E868F48}.Release|x64.ActiveCfg = Release|Any CPU
		{87B29A6A-5D70-4BE6-BD3C-DC0C7E868F48}.Release|x64.Build.0 = Release|Any CPU
		{87B29A6A-5D70-4BE6-BD3C-DC0C7E868F48}.Release|x86.ActiveCfg = Release|Any CPU
		{87B29A6A-5D70-4BE6-BD3C-DC0C7E868F48}.Release|x86.Build.0 = Release|Any CPU
		{8A476A7E-E5A8-4A23-ADCC-A76F8980DCB2}.Debug|Any CPU.ActiveCfg = Debug|Any CPU
		{8A476A7E-E5A8-4A23-ADCC-A76F8980DCB2}.Debug|Any CPU.Build.0 = Debug|Any CPU
		{8A476A7E-E5A8-4A23-ADCC-A76F8980DCB2}.Debug|x64.ActiveCfg = Debug|Any CPU
		{8A476A7E-E5A8-4A23-ADCC-A76F8980DCB2}.Debug|x64.Build.0 = Debug|Any CPU
		{8A476A7E-E5A8-4A23-ADCC-A76F8980DCB2}.Debug|x86.ActiveCfg = Debug|Any CPU
		{8A476A7E-E5A8-4A23-ADCC-A76F8980DCB2}.Debug|x86.Build.0 = Debug|Any CPU
		{8A476A7E-E5A8-4A23-ADCC-A76F8980DCB2}.Release|Any CPU.ActiveCfg = Release|Any CPU
		{8A476A7E-E5A8-4A23-ADCC-A76F8980DCB2}.Release|Any CPU.Build.0 = Release|Any CPU
		{8A476A7E-E5A8-4A23-ADCC-A76F8980DCB2}.Release|x64.ActiveCfg = Release|Any CPU
		{8A476A7E-E5A8-4A23-ADCC-A76F8980DCB2}.Release|x64.Build.0 = Release|Any CPU
		{8A476A7E-E5A8-4A23-ADCC-A76F8980DCB2}.Release|x86.ActiveCfg = Release|Any CPU
		{8A476A7E-E5A8-4A23-ADCC-A76F8980DCB2}.Release|x86.Build.0 = Release|Any CPU
		{74014C56-3B09-425A-BA12-5D6B833D86F4}.Debug|Any CPU.ActiveCfg = Debug|Any CPU
		{74014C56-3B09-425A-BA12-5D6B833D86F4}.Debug|Any CPU.Build.0 = Debug|Any CPU
		{74014C56-3B09-425A-BA12-5D6B833D86F4}.Debug|x64.ActiveCfg = Debug|Any CPU
		{74014C56-3B09-425A-BA12-5D6B833D86F4}.Debug|x64.Build.0 = Debug|Any CPU
		{74014C56-3B09-425A-BA12-5D6B833D86F4}.Debug|x86.ActiveCfg = Debug|Any CPU
		{74014C56-3B09-425A-BA12-5D6B833D86F4}.Debug|x86.Build.0 = Debug|Any CPU
		{74014C56-3B09-425A-BA12-5D6B833D86F4}.Release|Any CPU.ActiveCfg = Release|Any CPU
		{74014C56-3B09-425A-BA12-5D6B833D86F4}.Release|Any CPU.Build.0 = Release|Any CPU
		{74014C56-3B09-425A-BA12-5D6B833D86F4}.Release|x64.ActiveCfg = Release|Any CPU
		{74014C56-3B09-425A-BA12-5D6B833D86F4}.Release|x64.Build.0 = Release|Any CPU
		{74014C56-3B09-425A-BA12-5D6B833D86F4}.Release|x86.ActiveCfg = Release|Any CPU
		{74014C56-3B09-425A-BA12-5D6B833D86F4}.Release|x86.Build.0 = Release|Any CPU
		{0E83BDF3-A34B-4AE7-AFC2-1DB5A86E5532}.Debug|Any CPU.ActiveCfg = Debug|Any CPU
		{0E83BDF3-A34B-4AE7-AFC2-1DB5A86E5532}.Debug|Any CPU.Build.0 = Debug|Any CPU
		{0E83BDF3-A34B-4AE7-AFC2-1DB5A86E5532}.Debug|x64.ActiveCfg = Debug|Any CPU
		{0E83BDF3-A34B-4AE7-AFC2-1DB5A86E5532}.Debug|x64.Build.0 = Debug|Any CPU
		{0E83BDF3-A34B-4AE7-AFC2-1DB5A86E5532}.Debug|x86.ActiveCfg = Debug|Any CPU
		{0E83BDF3-A34B-4AE7-AFC2-1DB5A86E5532}.Debug|x86.Build.0 = Debug|Any CPU
		{0E83BDF3-A34B-4AE7-AFC2-1DB5A86E5532}.Release|Any CPU.ActiveCfg = Release|Any CPU
		{0E83BDF3-A34B-4AE7-AFC2-1DB5A86E5532}.Release|Any CPU.Build.0 = Release|Any CPU
		{0E83BDF3-A34B-4AE7-AFC2-1DB5A86E5532}.Release|x64.ActiveCfg = Release|Any CPU
		{0E83BDF3-A34B-4AE7-AFC2-1DB5A86E5532}.Release|x64.Build.0 = Release|Any CPU
		{0E83BDF3-A34B-4AE7-AFC2-1DB5A86E5532}.Release|x86.ActiveCfg = Release|Any CPU
		{0E83BDF3-A34B-4AE7-AFC2-1DB5A86E5532}.Release|x86.Build.0 = Release|Any CPU
		{729B8811-7130-40D5-B65A-F52ED2130F30}.Debug|Any CPU.ActiveCfg = Debug|Any CPU
		{729B8811-7130-40D5-B65A-F52ED2130F30}.Debug|Any CPU.Build.0 = Debug|Any CPU
		{729B8811-7130-40D5-B65A-F52ED2130F30}.Debug|x64.ActiveCfg = Debug|Any CPU
		{729B8811-7130-40D5-B65A-F52ED2130F30}.Debug|x64.Build.0 = Debug|Any CPU
		{729B8811-7130-40D5-B65A-F52ED2130F30}.Debug|x86.ActiveCfg = Debug|Any CPU
		{729B8811-7130-40D5-B65A-F52ED2130F30}.Debug|x86.Build.0 = Debug|Any CPU
		{729B8811-7130-40D5-B65A-F52ED2130F30}.Release|Any CPU.ActiveCfg = Release|Any CPU
		{729B8811-7130-40D5-B65A-F52ED2130F30}.Release|Any CPU.Build.0 = Release|Any CPU
		{729B8811-7130-40D5-B65A-F52ED2130F30}.Release|x64.ActiveCfg = Release|Any CPU
		{729B8811-7130-40D5-B65A-F52ED2130F30}.Release|x64.Build.0 = Release|Any CPU
		{729B8811-7130-40D5-B65A-F52ED2130F30}.Release|x86.ActiveCfg = Release|Any CPU
		{729B8811-7130-40D5-B65A-F52ED2130F30}.Release|x86.Build.0 = Release|Any CPU
		{77557622-8557-4C70-BB70-D12B69D8F005}.Debug|Any CPU.ActiveCfg = Debug|Any CPU
		{77557622-8557-4C70-BB70-D12B69D8F005}.Debug|Any CPU.Build.0 = Debug|Any CPU
		{77557622-8557-4C70-BB70-D12B69D8F005}.Debug|x64.ActiveCfg = Debug|Any CPU
		{77557622-8557-4C70-BB70-D12B69D8F005}.Debug|x64.Build.0 = Debug|Any CPU
		{77557622-8557-4C70-BB70-D12B69D8F005}.Debug|x86.ActiveCfg = Debug|Any CPU
		{77557622-8557-4C70-BB70-D12B69D8F005}.Debug|x86.Build.0 = Debug|Any CPU
		{77557622-8557-4C70-BB70-D12B69D8F005}.Release|Any CPU.ActiveCfg = Release|Any CPU
		{77557622-8557-4C70-BB70-D12B69D8F005}.Release|Any CPU.Build.0 = Release|Any CPU
		{77557622-8557-4C70-BB70-D12B69D8F005}.Release|x64.ActiveCfg = Release|Any CPU
		{77557622-8557-4C70-BB70-D12B69D8F005}.Release|x64.Build.0 = Release|Any CPU
		{77557622-8557-4C70-BB70-D12B69D8F005}.Release|x86.ActiveCfg = Release|Any CPU
		{77557622-8557-4C70-BB70-D12B69D8F005}.Release|x86.Build.0 = Release|Any CPU
		{2FE61A0A-B9B2-4382-82C8-EAE52935FBBE}.Debug|Any CPU.ActiveCfg = Debug|Any CPU
		{2FE61A0A-B9B2-4382-82C8-EAE52935FBBE}.Debug|Any CPU.Build.0 = Debug|Any CPU
		{2FE61A0A-B9B2-4382-82C8-EAE52935FBBE}.Debug|x64.ActiveCfg = Debug|Any CPU
		{2FE61A0A-B9B2-4382-82C8-EAE52935FBBE}.Debug|x64.Build.0 = Debug|Any CPU
		{2FE61A0A-B9B2-4382-82C8-EAE52935FBBE}.Debug|x86.ActiveCfg = Debug|Any CPU
		{2FE61A0A-B9B2-4382-82C8-EAE52935FBBE}.Debug|x86.Build.0 = Debug|Any CPU
		{2FE61A0A-B9B2-4382-82C8-EAE52935FBBE}.Release|Any CPU.ActiveCfg = Release|Any CPU
		{2FE61A0A-B9B2-4382-82C8-EAE52935FBBE}.Release|Any CPU.Build.0 = Release|Any CPU
		{2FE61A0A-B9B2-4382-82C8-EAE52935FBBE}.Release|x64.ActiveCfg = Release|Any CPU
		{2FE61A0A-B9B2-4382-82C8-EAE52935FBBE}.Release|x64.Build.0 = Release|Any CPU
		{2FE61A0A-B9B2-4382-82C8-EAE52935FBBE}.Release|x86.ActiveCfg = Release|Any CPU
		{2FE61A0A-B9B2-4382-82C8-EAE52935FBBE}.Release|x86.Build.0 = Release|Any CPU
		{F59A353C-CB38-46E1-A7B7-2FD4B996FC3A}.Debug|Any CPU.ActiveCfg = Debug|Any CPU
		{F59A353C-CB38-46E1-A7B7-2FD4B996FC3A}.Debug|Any CPU.Build.0 = Debug|Any CPU
		{F59A353C-CB38-46E1-A7B7-2FD4B996FC3A}.Debug|x64.ActiveCfg = Debug|Any CPU
		{F59A353C-CB38-46E1-A7B7-2FD4B996FC3A}.Debug|x64.Build.0 = Debug|Any CPU
		{F59A353C-CB38-46E1-A7B7-2FD4B996FC3A}.Debug|x86.ActiveCfg = Debug|Any CPU
		{F59A353C-CB38-46E1-A7B7-2FD4B996FC3A}.Debug|x86.Build.0 = Debug|Any CPU
		{F59A353C-CB38-46E1-A7B7-2FD4B996FC3A}.Release|Any CPU.ActiveCfg = Release|Any CPU
		{F59A353C-CB38-46E1-A7B7-2FD4B996FC3A}.Release|Any CPU.Build.0 = Release|Any CPU
		{F59A353C-CB38-46E1-A7B7-2FD4B996FC3A}.Release|x64.ActiveCfg = Release|Any CPU
		{F59A353C-CB38-46E1-A7B7-2FD4B996FC3A}.Release|x64.Build.0 = Release|Any CPU
		{F59A353C-CB38-46E1-A7B7-2FD4B996FC3A}.Release|x86.ActiveCfg = Release|Any CPU
		{F59A353C-CB38-46E1-A7B7-2FD4B996FC3A}.Release|x86.Build.0 = Release|Any CPU
		{7300AA6F-AC0F-4EF6-AA44-54757BFC425D}.Debug|Any CPU.ActiveCfg = Debug|Any CPU
		{7300AA6F-AC0F-4EF6-AA44-54757BFC425D}.Debug|Any CPU.Build.0 = Debug|Any CPU
		{7300AA6F-AC0F-4EF6-AA44-54757BFC425D}.Debug|x64.ActiveCfg = Debug|Any CPU
		{7300AA6F-AC0F-4EF6-AA44-54757BFC425D}.Debug|x64.Build.0 = Debug|Any CPU
		{7300AA6F-AC0F-4EF6-AA44-54757BFC425D}.Debug|x86.ActiveCfg = Debug|Any CPU
		{7300AA6F-AC0F-4EF6-AA44-54757BFC425D}.Debug|x86.Build.0 = Debug|Any CPU
		{7300AA6F-AC0F-4EF6-AA44-54757BFC425D}.Release|Any CPU.ActiveCfg = Release|Any CPU
		{7300AA6F-AC0F-4EF6-AA44-54757BFC425D}.Release|Any CPU.Build.0 = Release|Any CPU
		{7300AA6F-AC0F-4EF6-AA44-54757BFC425D}.Release|x64.ActiveCfg = Release|Any CPU
		{7300AA6F-AC0F-4EF6-AA44-54757BFC425D}.Release|x64.Build.0 = Release|Any CPU
		{7300AA6F-AC0F-4EF6-AA44-54757BFC425D}.Release|x86.ActiveCfg = Release|Any CPU
		{7300AA6F-AC0F-4EF6-AA44-54757BFC425D}.Release|x86.Build.0 = Release|Any CPU
		{634A61DF-C86C-46C0-801D-FF251A8CA00D}.Debug|Any CPU.ActiveCfg = Debug|Any CPU
		{634A61DF-C86C-46C0-801D-FF251A8CA00D}.Debug|Any CPU.Build.0 = Debug|Any CPU
		{634A61DF-C86C-46C0-801D-FF251A8CA00D}.Debug|x64.ActiveCfg = Debug|Any CPU
		{634A61DF-C86C-46C0-801D-FF251A8CA00D}.Debug|x64.Build.0 = Debug|Any CPU
		{634A61DF-C86C-46C0-801D-FF251A8CA00D}.Debug|x86.ActiveCfg = Debug|Any CPU
		{634A61DF-C86C-46C0-801D-FF251A8CA00D}.Debug|x86.Build.0 = Debug|Any CPU
		{634A61DF-C86C-46C0-801D-FF251A8CA00D}.Release|Any CPU.ActiveCfg = Release|Any CPU
		{634A61DF-C86C-46C0-801D-FF251A8CA00D}.Release|Any CPU.Build.0 = Release|Any CPU
		{634A61DF-C86C-46C0-801D-FF251A8CA00D}.Release|x64.ActiveCfg = Release|Any CPU
		{634A61DF-C86C-46C0-801D-FF251A8CA00D}.Release|x64.Build.0 = Release|Any CPU
		{634A61DF-C86C-46C0-801D-FF251A8CA00D}.Release|x86.ActiveCfg = Release|Any CPU
		{634A61DF-C86C-46C0-801D-FF251A8CA00D}.Release|x86.Build.0 = Release|Any CPU
		{4D5C279E-C615-4F1A-AD0A-5FD5A925618B}.Debug|Any CPU.ActiveCfg = Debug|Any CPU
		{4D5C279E-C615-4F1A-AD0A-5FD5A925618B}.Debug|Any CPU.Build.0 = Debug|Any CPU
		{4D5C279E-C615-4F1A-AD0A-5FD5A925618B}.Debug|x64.ActiveCfg = Debug|Any CPU
		{4D5C279E-C615-4F1A-AD0A-5FD5A925618B}.Debug|x64.Build.0 = Debug|Any CPU
		{4D5C279E-C615-4F1A-AD0A-5FD5A925618B}.Debug|x86.ActiveCfg = Debug|Any CPU
		{4D5C279E-C615-4F1A-AD0A-5FD5A925618B}.Debug|x86.Build.0 = Debug|Any CPU
		{4D5C279E-C615-4F1A-AD0A-5FD5A925618B}.Release|Any CPU.ActiveCfg = Release|Any CPU
		{4D5C279E-C615-4F1A-AD0A-5FD5A925618B}.Release|Any CPU.Build.0 = Release|Any CPU
		{4D5C279E-C615-4F1A-AD0A-5FD5A925618B}.Release|x64.ActiveCfg = Release|Any CPU
		{4D5C279E-C615-4F1A-AD0A-5FD5A925618B}.Release|x64.Build.0 = Release|Any CPU
		{4D5C279E-C615-4F1A-AD0A-5FD5A925618B}.Release|x86.ActiveCfg = Release|Any CPU
		{4D5C279E-C615-4F1A-AD0A-5FD5A925618B}.Release|x86.Build.0 = Release|Any CPU
		{BB24A376-66A5-4B0A-9527-8812BE211929}.Debug|Any CPU.ActiveCfg = Debug|Any CPU
		{BB24A376-66A5-4B0A-9527-8812BE211929}.Debug|Any CPU.Build.0 = Debug|Any CPU
		{BB24A376-66A5-4B0A-9527-8812BE211929}.Debug|x64.ActiveCfg = Debug|Any CPU
		{BB24A376-66A5-4B0A-9527-8812BE211929}.Debug|x64.Build.0 = Debug|Any CPU
		{BB24A376-66A5-4B0A-9527-8812BE211929}.Debug|x86.ActiveCfg = Debug|Any CPU
		{BB24A376-66A5-4B0A-9527-8812BE211929}.Debug|x86.Build.0 = Debug|Any CPU
		{BB24A376-66A5-4B0A-9527-8812BE211929}.Release|Any CPU.ActiveCfg = Release|Any CPU
		{BB24A376-66A5-4B0A-9527-8812BE211929}.Release|Any CPU.Build.0 = Release|Any CPU
		{BB24A376-66A5-4B0A-9527-8812BE211929}.Release|x64.ActiveCfg = Release|Any CPU
		{BB24A376-66A5-4B0A-9527-8812BE211929}.Release|x64.Build.0 = Release|Any CPU
		{BB24A376-66A5-4B0A-9527-8812BE211929}.Release|x86.ActiveCfg = Release|Any CPU
		{BB24A376-66A5-4B0A-9527-8812BE211929}.Release|x86.Build.0 = Release|Any CPU
		{613A1A9A-9A3B-4EC0-8530-A3ED4A685915}.Debug|Any CPU.ActiveCfg = Debug|Any CPU
		{613A1A9A-9A3B-4EC0-8530-A3ED4A685915}.Debug|Any CPU.Build.0 = Debug|Any CPU
		{613A1A9A-9A3B-4EC0-8530-A3ED4A685915}.Debug|x64.ActiveCfg = Debug|Any CPU
		{613A1A9A-9A3B-4EC0-8530-A3ED4A685915}.Debug|x64.Build.0 = Debug|Any CPU
		{613A1A9A-9A3B-4EC0-8530-A3ED4A685915}.Debug|x86.ActiveCfg = Debug|Any CPU
		{613A1A9A-9A3B-4EC0-8530-A3ED4A685915}.Debug|x86.Build.0 = Debug|Any CPU
		{613A1A9A-9A3B-4EC0-8530-A3ED4A685915}.Release|Any CPU.ActiveCfg = Release|Any CPU
		{613A1A9A-9A3B-4EC0-8530-A3ED4A685915}.Release|Any CPU.Build.0 = Release|Any CPU
		{613A1A9A-9A3B-4EC0-8530-A3ED4A685915}.Release|x64.ActiveCfg = Release|Any CPU
		{613A1A9A-9A3B-4EC0-8530-A3ED4A685915}.Release|x64.Build.0 = Release|Any CPU
		{613A1A9A-9A3B-4EC0-8530-A3ED4A685915}.Release|x86.ActiveCfg = Release|Any CPU
		{613A1A9A-9A3B-4EC0-8530-A3ED4A685915}.Release|x86.Build.0 = Release|Any CPU
		{8BE18BDC-D1CC-4DA1-A091-52E051BBE1C4}.Debug|Any CPU.ActiveCfg = Debug|Any CPU
		{8BE18BDC-D1CC-4DA1-A091-52E051BBE1C4}.Debug|Any CPU.Build.0 = Debug|Any CPU
		{8BE18BDC-D1CC-4DA1-A091-52E051BBE1C4}.Debug|x64.ActiveCfg = Debug|Any CPU
		{8BE18BDC-D1CC-4DA1-A091-52E051BBE1C4}.Debug|x64.Build.0 = Debug|Any CPU
		{8BE18BDC-D1CC-4DA1-A091-52E051BBE1C4}.Debug|x86.ActiveCfg = Debug|Any CPU
		{8BE18BDC-D1CC-4DA1-A091-52E051BBE1C4}.Debug|x86.Build.0 = Debug|Any CPU
		{8BE18BDC-D1CC-4DA1-A091-52E051BBE1C4}.Release|Any CPU.ActiveCfg = Release|Any CPU
		{8BE18BDC-D1CC-4DA1-A091-52E051BBE1C4}.Release|Any CPU.Build.0 = Release|Any CPU
		{8BE18BDC-D1CC-4DA1-A091-52E051BBE1C4}.Release|x64.ActiveCfg = Release|Any CPU
		{8BE18BDC-D1CC-4DA1-A091-52E051BBE1C4}.Release|x64.Build.0 = Release|Any CPU
		{8BE18BDC-D1CC-4DA1-A091-52E051BBE1C4}.Release|x86.ActiveCfg = Release|Any CPU
		{8BE18BDC-D1CC-4DA1-A091-52E051BBE1C4}.Release|x86.Build.0 = Release|Any CPU
		{78C06854-4B06-4C1E-A154-16326E6CF339}.Debug|Any CPU.ActiveCfg = Debug|Any CPU
		{78C06854-4B06-4C1E-A154-16326E6CF339}.Debug|Any CPU.Build.0 = Debug|Any CPU
		{78C06854-4B06-4C1E-A154-16326E6CF339}.Debug|x64.ActiveCfg = Debug|Any CPU
		{78C06854-4B06-4C1E-A154-16326E6CF339}.Debug|x64.Build.0 = Debug|Any CPU
		{78C06854-4B06-4C1E-A154-16326E6CF339}.Debug|x86.ActiveCfg = Debug|Any CPU
		{78C06854-4B06-4C1E-A154-16326E6CF339}.Debug|x86.Build.0 = Debug|Any CPU
		{78C06854-4B06-4C1E-A154-16326E6CF339}.Release|Any CPU.ActiveCfg = Release|Any CPU
		{78C06854-4B06-4C1E-A154-16326E6CF339}.Release|Any CPU.Build.0 = Release|Any CPU
		{78C06854-4B06-4C1E-A154-16326E6CF339}.Release|x64.ActiveCfg = Release|Any CPU
		{78C06854-4B06-4C1E-A154-16326E6CF339}.Release|x64.Build.0 = Release|Any CPU
		{78C06854-4B06-4C1E-A154-16326E6CF339}.Release|x86.ActiveCfg = Release|Any CPU
		{78C06854-4B06-4C1E-A154-16326E6CF339}.Release|x86.Build.0 = Release|Any CPU
		{C162B90F-C88A-4FF6-A1D7-1EA4EF468AC2}.Debug|Any CPU.ActiveCfg = Debug|Any CPU
		{C162B90F-C88A-4FF6-A1D7-1EA4EF468AC2}.Debug|Any CPU.Build.0 = Debug|Any CPU
		{C162B90F-C88A-4FF6-A1D7-1EA4EF468AC2}.Debug|x64.ActiveCfg = Debug|Any CPU
		{C162B90F-C88A-4FF6-A1D7-1EA4EF468AC2}.Debug|x64.Build.0 = Debug|Any CPU
		{C162B90F-C88A-4FF6-A1D7-1EA4EF468AC2}.Debug|x86.ActiveCfg = Debug|Any CPU
		{C162B90F-C88A-4FF6-A1D7-1EA4EF468AC2}.Debug|x86.Build.0 = Debug|Any CPU
		{C162B90F-C88A-4FF6-A1D7-1EA4EF468AC2}.Release|Any CPU.ActiveCfg = Release|Any CPU
		{C162B90F-C88A-4FF6-A1D7-1EA4EF468AC2}.Release|Any CPU.Build.0 = Release|Any CPU
		{C162B90F-C88A-4FF6-A1D7-1EA4EF468AC2}.Release|x64.ActiveCfg = Release|Any CPU
		{C162B90F-C88A-4FF6-A1D7-1EA4EF468AC2}.Release|x64.Build.0 = Release|Any CPU
		{C162B90F-C88A-4FF6-A1D7-1EA4EF468AC2}.Release|x86.ActiveCfg = Release|Any CPU
		{C162B90F-C88A-4FF6-A1D7-1EA4EF468AC2}.Release|x86.Build.0 = Release|Any CPU
	EndGlobalSection
	GlobalSection(SolutionProperties) = preSolution
		HideSolutionNode = FALSE
	EndGlobalSection
	GlobalSection(NestedProjects) = preSolution
		{3193BE44-D3A0-4295-B5CD-8FC0E6C3AB89} = {7482DD51-0079-4E07-A895-87ACFD1307CA}
		{1B672C9E-C885-4416-9556-2A5A24DE5BDE} = {B5946578-8BB0-45C5-9D64-028ED687B3D4}
		{DF937D83-E9DA-4D51-8A82-68B1270517DB} = {B5946578-8BB0-45C5-9D64-028ED687B3D4}
		{75A5A99C-FD8B-4F92-AA1C-AAD27F06D197} = {B5946578-8BB0-45C5-9D64-028ED687B3D4}
		{B77A9AF9-3C1F-4250-8B18-6136309C16DF} = {1B672C9E-C885-4416-9556-2A5A24DE5BDE}
		{DA797D3F-D489-41A4-B221-0FD4EF5B72A0} = {1B672C9E-C885-4416-9556-2A5A24DE5BDE}
		{BCF60E61-E53F-4543-9E7E-93888936191F} = {1B672C9E-C885-4416-9556-2A5A24DE5BDE}
		{7540A582-B5B9-4805-A7A6-09F853FBB0D4} = {1B672C9E-C885-4416-9556-2A5A24DE5BDE}
		{EFFCB26F-2A6B-40A2-8389-425FC27D489E} = {DF937D83-E9DA-4D51-8A82-68B1270517DB}
		{F083455D-F921-48A8-BA2C-F010D4E5F2AE} = {DF937D83-E9DA-4D51-8A82-68B1270517DB}
		{A44B6882-B7A3-43D0-961A-DBD608A799FA} = {DF937D83-E9DA-4D51-8A82-68B1270517DB}
		{87B29A6A-5D70-4BE6-BD3C-DC0C7E868F48} = {DF937D83-E9DA-4D51-8A82-68B1270517DB}
		{8A476A7E-E5A8-4A23-ADCC-A76F8980DCB2} = {DF937D83-E9DA-4D51-8A82-68B1270517DB}
		{74014C56-3B09-425A-BA12-5D6B833D86F4} = {DF937D83-E9DA-4D51-8A82-68B1270517DB}
		{0E83BDF3-A34B-4AE7-AFC2-1DB5A86E5532} = {DF937D83-E9DA-4D51-8A82-68B1270517DB}
		{729B8811-7130-40D5-B65A-F52ED2130F30} = {DF937D83-E9DA-4D51-8A82-68B1270517DB}
		{77557622-8557-4C70-BB70-D12B69D8F005} = {75A5A99C-FD8B-4F92-AA1C-AAD27F06D197}
		{2FE61A0A-B9B2-4382-82C8-EAE52935FBBE} = {75A5A99C-FD8B-4F92-AA1C-AAD27F06D197}
		{F59A353C-CB38-46E1-A7B7-2FD4B996FC3A} = {75A5A99C-FD8B-4F92-AA1C-AAD27F06D197}
		{7300AA6F-AC0F-4EF6-AA44-54757BFC425D} = {75A5A99C-FD8B-4F92-AA1C-AAD27F06D197}
		{634A61DF-C86C-46C0-801D-FF251A8CA00D} = {7482DD51-0079-4E07-A895-87ACFD1307CA}
		{4D5C279E-C615-4F1A-AD0A-5FD5A925618B} = {7482DD51-0079-4E07-A895-87ACFD1307CA}
		{BB24A376-66A5-4B0A-9527-8812BE211929} = {141EA517-A534-48B4-80BB-50341B965F92}
		{613A1A9A-9A3B-4EC0-8530-A3ED4A685915} = {141EA517-A534-48B4-80BB-50341B965F92}
		{8BE18BDC-D1CC-4DA1-A091-52E051BBE1C4} = {141EA517-A534-48B4-80BB-50341B965F92}
		{78C06854-4B06-4C1E-A154-16326E6CF339} = {7482DD51-0079-4E07-A895-87ACFD1307CA}
		{C162B90F-C88A-4FF6-A1D7-1EA4EF468AC2} = {7482DD51-0079-4E07-A895-87ACFD1307CA}
	EndGlobalSection
	GlobalSection(ExtensibilityGlobals) = postSolution
		SolutionGuid = {DC77E4DB-C72E-4A6C-9CAA-90C9C2CD983F}
	EndGlobalSection
EndGlobal
